// !$*UTF8*$!
{
	archiveVersion = 1;
	classes = {
	};
	objectVersion = 46;
	objects = {

/* Begin PBXBuildFile section */
		003702CD504C8EBCE98081B2 /* AppPreferencesRepository.swift in Sources */ = {isa = PBXBuildFile; fileRef = FA0E4ECC3C8C8829CCB834CC /* AppPreferencesRepository.swift */; };
		0163702555F5D6EDC60325BA /* Foundation.framework in Frameworks */ = {isa = PBXBuildFile; fileRef = 4AFD3799E1CD2C2BA3DB2EB6 /* Foundation.framework */; };
		01C887532EA05FD16227B6B3 /* SubscriptionModels.swift in Sources */ = {isa = PBXBuildFile; fileRef = 3796E5C2982F4BE6BD9DDCAF /* SubscriptionModels.swift */; };
		022AE5F1A4A9CD536FF7F53C /* LayoutToken.swift in Sources */ = {isa = PBXBuildFile; fileRef = 9DC2600FFCB4985CAAF973B9 /* LayoutToken.swift */; };
		06A21A70E4FA6D10658C8BEC /* AppEnvironment.swift in Sources */ = {isa = PBXBuildFile; fileRef = 8BAFAC5EF68EE67282EB6AEE /* AppEnvironment.swift */; };
		0CE4D11B4C06DFC65CE2BA29 /* LoadSubscriptionPlanItemsUseCase.swift in Sources */ = {isa = PBXBuildFile; fileRef = 4B72E48144A03130C69C5145 /* LoadSubscriptionPlanItemsUseCase.swift */; };
		15DCA5CAF0883EB0C7E252C1 /* LoadAppPreferencesUseCase.swift in Sources */ = {isa = PBXBuildFile; fileRef = 28597E526229FB28EE838F38 /* LoadAppPreferencesUseCase.swift */; };
		18CF3DB5E66D7009498D2022 /* RequestDescriptor.swift in Sources */ = {isa = PBXBuildFile; fileRef = B6423A3EF69446A4DC72EED3 /* RequestDescriptor.swift */; };
		19CE3D61C257424FA5DDC277 /* PageStateContainer.swift in Sources */ = {isa = PBXBuildFile; fileRef = 46DB109CC00654C8B16260B8 /* PageStateContainer.swift */; };
		22C5CF1E2B5094ACD99002AF /* HomeDemoModels.swift in Sources */ = {isa = PBXBuildFile; fileRef = 1DEEDA02CB092EE89F591D20 /* HomeDemoModels.swift */; };
		26DB3E1A0742B059340BB59E /* SubscriptionViewModels.swift in Sources */ = {isa = PBXBuildFile; fileRef = F458EA87FF51D32459BF0C67 /* SubscriptionViewModels.swift */; };
		28390CB3325CE62313BA1A53 /* HTTPMethod.swift in Sources */ = {isa = PBXBuildFile; fileRef = 932D2E9D2E5B0108F9FECC71 /* HTTPMethod.swift */; };
		2890DD19855F026291366E2E /* LoadSettingsUseCase.swift in Sources */ = {isa = PBXBuildFile; fileRef = D893D8CB6B4FAE484B1404A1 /* LoadSettingsUseCase.swift */; };
		2DA612BBE6454C58F004D937 /* PageSecondaryState.swift in Sources */ = {isa = PBXBuildFile; fileRef = DE7095A0EBDCF3C31D9B56FD /* PageSecondaryState.swift */; };
		2F41E4E858B5FAD5D69432A7 /* SettingsModels.swift in Sources */ = {isa = PBXBuildFile; fileRef = BDFBD73E1CA1CB41828EB3EF /* SettingsModels.swift */; };
		37020C8029BC40A27CF56574 /* HUDSession.swift in Sources */ = {isa = PBXBuildFile; fileRef = 355EFF019EF0ED56999FB6B7 /* HUDSession.swift */; };
		3957263F6CC679D807E786E4 /* PrepareAppFeedbackRouteUseCase.swift in Sources */ = {isa = PBXBuildFile; fileRef = 4071982666A5320FDC77BDC7 /* PrepareAppFeedbackRouteUseCase.swift */; };
		3A83DE40EAEA39F90FD29491 /* NetworkError.swift in Sources */ = {isa = PBXBuildFile; fileRef = 79612640A416F9054906CB2F /* NetworkError.swift */; };
		3B617EBD3FCEA283DC4A67CA /* OverlayPresenterModel.swift in Sources */ = {isa = PBXBuildFile; fileRef = 2696B999B4579209DF1E598B /* OverlayPresenterModel.swift */; };
		3D35A6BFE0E5A4841417BA5C /* AppConfig.swift in Sources */ = {isa = PBXBuildFile; fileRef = B7EFDF74391FB52A422912AA /* AppConfig.swift */; };
		48137633B7664DBD9EBD9176 /* RefreshSubscriptionStatusUseCase.swift in Sources */ = {isa = PBXBuildFile; fileRef = A3BA17223310C33A62A014B0 /* RefreshSubscriptionStatusUseCase.swift */; };
		49836E3F2E54EC7A4DF7B0EA /* SubscriptionView.swift in Sources */ = {isa = PBXBuildFile; fileRef = 1F665EC6A9229FBBAA3DF2A5 /* SubscriptionView.swift */; };
		4B9CC7F8B22D50A841E4928E /* SettingsStore.swift in Sources */ = {isa = PBXBuildFile; fileRef = C57B2659B53ADE2847FD306F /* SettingsStore.swift */; };
		4CC619DCB6C8C8CC02B5C328 /* SettingsSheetDestination.swift in Sources */ = {isa = PBXBuildFile; fileRef = 667FE2456043BED51080BC1E /* SettingsSheetDestination.swift */; };
		4D284DA86258A801C3CCEEFE /* SupportActionRepositoryProtocol.swift in Sources */ = {isa = PBXBuildFile; fileRef = 9B28F6A278DEAE4773B64514 /* SupportActionRepositoryProtocol.swift */; };
		4F2D8C7A1444B2AA49063808 /* PurchaseSubscriptionPlanUseCase.swift in Sources */ = {isa = PBXBuildFile; fileRef = 0DA02B97CAA275B0CE8718AE /* PurchaseSubscriptionPlanUseCase.swift */; };
		4FAE7D5119703C6E881CA518 /* ResolveLegalDocumentUseCase.swift in Sources */ = {isa = PBXBuildFile; fileRef = 11BC593183E148E86397DDD8 /* ResolveLegalDocumentUseCase.swift */; };
		52F7D1D1889026371119F1F6 /* LegalDocumentWebView.swift in Sources */ = {isa = PBXBuildFile; fileRef = FA82C3975C36A3A8F10BEDEE /* LegalDocumentWebView.swift */; };
		568B2636E38378006CD2077A /* PrepareAppShareUseCase.swift in Sources */ = {isa = PBXBuildFile; fileRef = 9C42BD96A03852F2B4A997C0 /* PrepareAppShareUseCase.swift */; };
		5DA7B8415497EB5418B7405B /* ClearSettingsCacheUseCase.swift in Sources */ = {isa = PBXBuildFile; fileRef = 6C603E950DA0F7E8FE082ADE /* ClearSettingsCacheUseCase.swift */; };
		5F4618D0596CA7F710419D53 /* LegalDocumentStore.swift in Sources */ = {isa = PBXBuildFile; fileRef = A937AC0F5C5299A5F99ADF46 /* LegalDocumentStore.swift */; };
		5FB2509C20B0762A49ABF092 /* HomeStore.swift in Sources */ = {isa = PBXBuildFile; fileRef = EED02DDF100DB95859A50F9E /* HomeStore.swift */; };
		605A0D4DFD749E1B0AAACFC4 /* SettingsView.swift in Sources */ = {isa = PBXBuildFile; fileRef = BAE11537CCBF31D4BE84B1BA /* SettingsView.swift */; };
		637805DBB4E9196ACC36B4CF /* StoreKitSubscriptionRepository.swift in Sources */ = {isa = PBXBuildFile; fileRef = 36B0C98150EE7E4223278246 /* StoreKitSubscriptionRepository.swift */; };
		643FE1B94F2107DB0472C420 /* zh-Hans.lproj in Resources */ = {isa = PBXBuildFile; fileRef = 62604260EAF2720CD5EF4B14 /* zh-Hans.lproj */; };
		64759A2DB29E330B0CC40A7D /* RestoreSubscriptionPurchasesUseCase.swift in Sources */ = {isa = PBXBuildFile; fileRef = EAA8962E1DBAF8A0ED7F876C /* RestoreSubscriptionPurchasesUseCase.swift */; };
		69BE4F434B046E3970B621FD /* LegalConfig.swift in Sources */ = {isa = PBXBuildFile; fileRef = 7F4273FE7E0BCD6FDBA528A4 /* LegalConfig.swift */; };
		7A5B272DEC8BB55EC1A7EB94 /* SubscriptionConfig.swift in Sources */ = {isa = PBXBuildFile; fileRef = 5531D105D11BAE5F674DE076 /* SubscriptionConfig.swift */; };
		7AA985B2EEF92F3E56400898 /* UpdateSettingsLanguageUseCase.swift in Sources */ = {isa = PBXBuildFile; fileRef = 45BA30ACA7EEA2B4A76B2A15 /* UpdateSettingsLanguageUseCase.swift */; };
		7B78C92073A71207E40743E3 /* OverlayHUDCardView.swift in Sources */ = {isa = PBXBuildFile; fileRef = F6B8719A3B8FFB0ED8778CC9 /* OverlayHUDCardView.swift */; };
		7FBEEA695A9DAF2DD5F082E3 /* NoopSettingsCacheRepository.swift in Sources */ = {isa = PBXBuildFile; fileRef = 8F61A2F977CBF082D5B687AD /* NoopSettingsCacheRepository.swift */; };
		815BEC609E93067A1F237C2E /* SupportConfig.swift in Sources */ = {isa = PBXBuildFile; fileRef = 4647FEC6126900FCAB639436 /* SupportConfig.swift */; };
		83F46D13DAB2DBE49F606055 /* SubscriptionStateRepository.swift in Sources */ = {isa = PBXBuildFile; fileRef = DE2383746B3F91744002CDBC /* SubscriptionStateRepository.swift */; };
		9160F49A786927F94A3D9EE5 /* LegalDocumentView.swift in Sources */ = {isa = PBXBuildFile; fileRef = 2CFD41CCA6F994C31E35E0CF /* LegalDocumentView.swift */; };
		95E0BC9AB2E6EEE8536583E4 /* LoadSettingsCacheSummaryUseCase.swift in Sources */ = {isa = PBXBuildFile; fileRef = EE7BAB918C30290331A1B13A /* LoadSettingsCacheSummaryUseCase.swift */; };
		9831D09B5ECBFAF47BCA7B95 /* LegalDocumentModels.swift in Sources */ = {isa = PBXBuildFile; fileRef = 52D5FF57CA1381DAF940DA0C /* LegalDocumentModels.swift */; };
		992835F4EEC11A5483FF00A3 /* PagePrimaryState.swift in Sources */ = {isa = PBXBuildFile; fileRef = EC71CD3F2E931F88F5662739 /* PagePrimaryState.swift */; };
		9CFCFF65DED88ADA1CDFBFFA /* UpdateAppAppearanceUseCase.swift in Sources */ = {isa = PBXBuildFile; fileRef = D39A1F7D36F31D13D7AADCA3 /* UpdateAppAppearanceUseCase.swift */; };
		A884E8C595CD59DB9477925C /* SettingsCacheRepositoryProtocol.swift in Sources */ = {isa = PBXBuildFile; fileRef = CC9F2BD557B871073B6BFA83 /* SettingsCacheRepositoryProtocol.swift */; };
		AD931517CE8FDBE00F15F0EA /* OverlayPresenterView.swift in Sources */ = {isa = PBXBuildFile; fileRef = D02D8248ECCA80A7768BA0F5 /* OverlayPresenterView.swift */; };
		B8EF748233A54BE844788E39 /* OverlayStore.swift in Sources */ = {isa = PBXBuildFile; fileRef = B6C3ACA2D34D387C10CD06FE /* OverlayStore.swift */; };
		BC37C4F7CEB0BE53F866FDF9 /* AppRootView.swift in Sources */ = {isa = PBXBuildFile; fileRef = 91DED4C0BD1C2DDCE2D3DAED /* AppRootView.swift */; };
		C41DC31C7FF73F9E80A71CC4 /* SupportActionRepository.swift in Sources */ = {isa = PBXBuildFile; fileRef = 4E5A7F4CF0204CAA7A663E54 /* SupportActionRepository.swift */; };
		C545984E9FD4B458B3182925 /* AppContainer.swift in Sources */ = {isa = PBXBuildFile; fileRef = 70C3DD2CF3F7254D012FC064 /* AppContainer.swift */; };
		C653580C915ED3B9EDCE7093 /* URLSessionHTTPClient.swift in Sources */ = {isa = PBXBuildFile; fileRef = B3B8D13AD06FEF6F877EB436 /* URLSessionHTTPClient.swift */; };
		CA7C1D87EA170739B967A82F /* SubscriptionStore.swift in Sources */ = {isa = PBXBuildFile; fileRef = 6BD464D8EA3A58D81AC0033D /* SubscriptionStore.swift */; };
		CEC4AB4E8D05B2E60337A6A5 /* UpdateSettingsAppearanceUseCase.swift in Sources */ = {isa = PBXBuildFile; fileRef = 5A343DCB3FAFA70B17EFEEFD /* UpdateSettingsAppearanceUseCase.swift */; };
		CF7990B56E2EFA5738A190FA /* View+OverlaySurface.swift in Sources */ = {isa = PBXBuildFile; fileRef = EC86D1CA67EB1C0D9C220225 /* View+OverlaySurface.swift */; };
		D6F3ED9D646B982D6B61C841 /* UpdateAppLanguageUseCase.swift in Sources */ = {isa = PBXBuildFile; fileRef = B12CDDE0275D64F17629F704 /* UpdateAppLanguageUseCase.swift */; };
		DB95E2CA81C719031FE15866 /* URLRequestBuilder.swift in Sources */ = {isa = PBXBuildFile; fileRef = 589231C2E692FFE7725B74D4 /* URLRequestBuilder.swift */; };
		DF3674FD1BE18201A0D7FA41 /* LoadSubscriptionAccessUseCase.swift in Sources */ = {isa = PBXBuildFile; fileRef = 544E0513659A139031332EAD /* LoadSubscriptionAccessUseCase.swift */; };
		E2334195CA43E9F1EF69AD55 /* HomeView.swift in Sources */ = {isa = PBXBuildFile; fileRef = 57593F3A180F2D6CB02A46DC /* HomeView.swift */; };
		E4ACA12F5B131D5AB360BDAE /* HTTPClientProtocol.swift in Sources */ = {isa = PBXBuildFile; fileRef = BFC8200CF7AA5F16CC8E0563 /* HTTPClientProtocol.swift */; };
		EC0AE516ACEBEBD6ECCF1E88 /* AppPreferencesModels.swift in Sources */ = {isa = PBXBuildFile; fileRef = 4E5CE8E20390ED099209B283 /* AppPreferencesModels.swift */; };
		F2C2AFC0500F84FA6DB906C9 /* LoadSubscriptionViewStateUseCase.swift in Sources */ = {isa = PBXBuildFile; fileRef = 187FBC2914003F6E072845CF /* LoadSubscriptionViewStateUseCase.swift */; };
		F3B7B11BB7732F53CBC533B6 /* StarterApp.swift in Sources */ = {isa = PBXBuildFile; fileRef = 7169630F2F8B2497DA3E8800 /* StarterApp.swift */; };
		F7D11993A51F62544A14DECF /* PrepareAppReviewURLUseCase.swift in Sources */ = {isa = PBXBuildFile; fileRef = A43E1E1EB2E79F55E0C82D2B /* PrepareAppReviewURLUseCase.swift */; };
		FBA989EED7279155D1E8E4A1 /* en.lproj in Resources */ = {isa = PBXBuildFile; fileRef = 829ED3726D43DAB837E8C00A /* en.lproj */; };
		FFB5D934F9A1816717CCFDC9 /* JSONDecoderFactory.swift in Sources */ = {isa = PBXBuildFile; fileRef = 269141B68A0EFC1643CCDDA4 /* JSONDecoderFactory.swift */; };
/* End PBXBuildFile section */

/* Begin PBXFileReference section */
		019F7D5FB7A8F25FF7D8C72F /* README.md */ = {isa = PBXFileReference; includeInIndex = 1; name = README.md; path = PageTemplate/README.md; sourceTree = "<group>"; };
		0BBA59DAA834E1418E2A1050 /* AGENTS.md */ = {isa = PBXFileReference; includeInIndex = 1; path = AGENTS.md; sourceTree = "<group>"; };
		0DA02B97CAA275B0CE8718AE /* PurchaseSubscriptionPlanUseCase.swift */ = {isa = PBXFileReference; includeInIndex = 1; lastKnownFileType = sourcecode.swift; name = PurchaseSubscriptionPlanUseCase.swift; path = Features/Subscription/Application/PurchaseSubscriptionPlanUseCase.swift; sourceTree = "<group>"; };
		11BC593183E148E86397DDD8 /* ResolveLegalDocumentUseCase.swift */ = {isa = PBXFileReference; includeInIndex = 1; lastKnownFileType = sourcecode.swift; name = ResolveLegalDocumentUseCase.swift; path = Core/Application/Legal/ResolveLegalDocumentUseCase.swift; sourceTree = "<group>"; };
		187FBC2914003F6E072845CF /* LoadSubscriptionViewStateUseCase.swift */ = {isa = PBXFileReference; includeInIndex = 1; lastKnownFileType = sourcecode.swift; name = LoadSubscriptionViewStateUseCase.swift; path = Features/Subscription/Application/LoadSubscriptionViewStateUseCase.swift; sourceTree = "<group>"; };
		1DEEDA02CB092EE89F591D20 /* HomeDemoModels.swift */ = {isa = PBXFileReference; includeInIndex = 1; lastKnownFileType = sourcecode.swift; name = HomeDemoModels.swift; path = Features/Home/Domain/HomeDemoModels.swift; sourceTree = "<group>"; };
		1F665EC6A9229FBBAA3DF2A5 /* SubscriptionView.swift */ = {isa = PBXFileReference; includeInIndex = 1; lastKnownFileType = sourcecode.swift; name = SubscriptionView.swift; path = Features/Subscription/Presentation/SubscriptionView.swift; sourceTree = "<group>"; };
		22C37CC35B04417E7CEA4105 /* README.md */ = {isa = PBXFileReference; includeInIndex = 1; name = README.md; path = PaywallTemplate/README.md; sourceTree = "<group>"; };
		269141B68A0EFC1643CCDDA4 /* JSONDecoderFactory.swift */ = {isa = PBXFileReference; includeInIndex = 1; lastKnownFileType = sourcecode.swift; name = JSONDecoderFactory.swift; path = Core/Infrastructure/Network/JSONDecoderFactory.swift; sourceTree = "<group>"; };
		2696B999B4579209DF1E598B /* OverlayPresenterModel.swift */ = {isa = PBXFileReference; includeInIndex = 1; lastKnownFileType = sourcecode.swift; name = OverlayPresenterModel.swift; path = Common/Foundation/Types/OverlayPresenterModel.swift; sourceTree = "<group>"; };
		28597E526229FB28EE838F38 /* LoadAppPreferencesUseCase.swift */ = {isa = PBXFileReference; includeInIndex = 1; lastKnownFileType = sourcecode.swift; name = LoadAppPreferencesUseCase.swift; path = Core/Application/Preferences/LoadAppPreferencesUseCase.swift; sourceTree = "<group>"; };
		2CFD41CCA6F994C31E35E0CF /* LegalDocumentView.swift */ = {isa = PBXFileReference; includeInIndex = 1; lastKnownFileType = sourcecode.swift; name = LegalDocumentView.swift; path = Features/LegalDocument/Presentation/LegalDocumentView.swift; sourceTree = "<group>"; };
		355EFF019EF0ED56999FB6B7 /* HUDSession.swift */ = {isa = PBXFileReference; includeInIndex = 1; lastKnownFileType = sourcecode.swift; name = HUDSession.swift; path = Common/Platform/Overlay/HUDSession.swift; sourceTree = "<group>"; };
		36B0C98150EE7E4223278246 /* StoreKitSubscriptionRepository.swift */ = {isa = PBXFileReference; includeInIndex = 1; lastKnownFileType = sourcecode.swift; name = StoreKitSubscriptionRepository.swift; path = Core/Integrations/Subscription/StoreKitSubscriptionRepository.swift; sourceTree = "<group>"; };
		3796E5C2982F4BE6BD9DDCAF /* SubscriptionModels.swift */ = {isa = PBXFileReference; includeInIndex = 1; lastKnownFileType = sourcecode.swift; name = SubscriptionModels.swift; path = Core/Domain/Subscription/SubscriptionModels.swift; sourceTree = "<group>"; };
		4071982666A5320FDC77BDC7 /* PrepareAppFeedbackRouteUseCase.swift */ = {isa = PBXFileReference; includeInIndex = 1; lastKnownFileType = sourcecode.swift; name = PrepareAppFeedbackRouteUseCase.swift; path = Features/Settings/Application/PrepareAppFeedbackRouteUseCase.swift; sourceTree = "<group>"; };
		45BA30ACA7EEA2B4A76B2A15 /* UpdateSettingsLanguageUseCase.swift */ = {isa = PBXFileReference; includeInIndex = 1; lastKnownFileType = sourcecode.swift; name = UpdateSettingsLanguageUseCase.swift; path = Features/Settings/Application/UpdateSettingsLanguageUseCase.swift; sourceTree = "<group>"; };
		4647FEC6126900FCAB639436 /* SupportConfig.swift */ = {isa = PBXFileReference; includeInIndex = 1; lastKnownFileType = sourcecode.swift; name = SupportConfig.swift; path = Config/SupportConfig.swift; sourceTree = "<group>"; };
		46DB109CC00654C8B16260B8 /* PageStateContainer.swift */ = {isa = PBXFileReference; includeInIndex = 1; lastKnownFileType = sourcecode.swift; name = PageStateContainer.swift; path = Common/UI/State/PageStateContainer.swift; sourceTree = "<group>"; };
		485DDBB0E7B33FE0395156B4 /* Info.plist */ = {isa = PBXFileReference; includeInIndex = 1; lastKnownFileType = text.plist.xml; path = Info.plist; sourceTree = "<group>"; };
		4AFD3799E1CD2C2BA3DB2EB6 /* Foundation.framework */ = {isa = PBXFileReference; lastKnownFileType = wrapper.framework; name = Foundation.framework; path = Platforms/iPhoneOS.platform/Developer/SDKs/iPhoneOS18.0.sdk/System/Library/Frameworks/Foundation.framework; sourceTree = DEVELOPER_DIR; };
		4B72E48144A03130C69C5145 /* LoadSubscriptionPlanItemsUseCase.swift */ = {isa = PBXFileReference; includeInIndex = 1; lastKnownFileType = sourcecode.swift; name = LoadSubscriptionPlanItemsUseCase.swift; path = Features/Subscription/Application/LoadSubscriptionPlanItemsUseCase.swift; sourceTree = "<group>"; };
		4DA9DAE759F1583570B5BCBF /* NETWORK-RULES.md */ = {isa = PBXFileReference; includeInIndex = 1; path = "NETWORK-RULES.md"; sourceTree = "<group>"; };
		4E5A7F4CF0204CAA7A663E54 /* SupportActionRepository.swift */ = {isa = PBXFileReference; includeInIndex = 1; lastKnownFileType = sourcecode.swift; name = SupportActionRepository.swift; path = Core/Infrastructure/Support/SupportActionRepository.swift; sourceTree = "<group>"; };
		4E5CE8E20390ED099209B283 /* AppPreferencesModels.swift */ = {isa = PBXFileReference; includeInIndex = 1; lastKnownFileType = sourcecode.swift; name = AppPreferencesModels.swift; path = Core/Domain/Preferences/AppPreferencesModels.swift; sourceTree = "<group>"; };
		52D5FF57CA1381DAF940DA0C /* LegalDocumentModels.swift */ = {isa = PBXFileReference; includeInIndex = 1; lastKnownFileType = sourcecode.swift; name = LegalDocumentModels.swift; path = Core/Domain/Legal/LegalDocumentModels.swift; sourceTree = "<group>"; };
		544E0513659A139031332EAD /* LoadSubscriptionAccessUseCase.swift */ = {isa = PBXFileReference; includeInIndex = 1; lastKnownFileType = sourcecode.swift; name = LoadSubscriptionAccessUseCase.swift; path = Core/Application/Subscription/LoadSubscriptionAccessUseCase.swift; sourceTree = "<group>"; };
		5531D105D11BAE5F674DE076 /* SubscriptionConfig.swift */ = {isa = PBXFileReference; includeInIndex = 1; lastKnownFileType = sourcecode.swift; name = SubscriptionConfig.swift; path = Config/SubscriptionConfig.swift; sourceTree = "<group>"; };
		57593F3A180F2D6CB02A46DC /* HomeView.swift */ = {isa = PBXFileReference; includeInIndex = 1; lastKnownFileType = sourcecode.swift; name = HomeView.swift; path = Features/Home/Presentation/HomeView.swift; sourceTree = "<group>"; };
		589231C2E692FFE7725B74D4 /* URLRequestBuilder.swift */ = {isa = PBXFileReference; includeInIndex = 1; lastKnownFileType = sourcecode.swift; name = URLRequestBuilder.swift; path = Core/Infrastructure/Network/URLRequestBuilder.swift; sourceTree = "<group>"; };
		5A343DCB3FAFA70B17EFEEFD /* UpdateSettingsAppearanceUseCase.swift */ = {isa = PBXFileReference; includeInIndex = 1; lastKnownFileType = sourcecode.swift; name = UpdateSettingsAppearanceUseCase.swift; path = Features/Settings/Application/UpdateSettingsAppearanceUseCase.swift; sourceTree = "<group>"; };
		62604260EAF2720CD5EF4B14 /* zh-Hans.lproj */ = {isa = PBXFileReference; includeInIndex = 1; name = "zh-Hans.lproj"; path = "Resources/Localization/zh-Hans.lproj"; sourceTree = "<group>"; };
		667FE2456043BED51080BC1E /* SettingsSheetDestination.swift */ = {isa = PBXFileReference; includeInIndex = 1; lastKnownFileType = sourcecode.swift; name = SettingsSheetDestination.swift; path = Features/Settings/Presentation/SettingsSheetDestination.swift; sourceTree = "<group>"; };
		6834C09FCC3A3A927853755E /* StarterApp.app */ = {isa = PBXFileReference; explicitFileType = wrapper.application; includeInIndex = 0; path = StarterApp.app; sourceTree = BUILT_PRODUCTS_DIR; };
		6BD464D8EA3A58D81AC0033D /* SubscriptionStore.swift */ = {isa = PBXFileReference; includeInIndex = 1; lastKnownFileType = sourcecode.swift; name = SubscriptionStore.swift; path = Features/Subscription/Presentation/SubscriptionStore.swift; sourceTree = "<group>"; };
		6C603E950DA0F7E8FE082ADE /* ClearSettingsCacheUseCase.swift */ = {isa = PBXFileReference; includeInIndex = 1; lastKnownFileType = sourcecode.swift; name = ClearSettingsCacheUseCase.swift; path = Features/Settings/Application/ClearSettingsCacheUseCase.swift; sourceTree = "<group>"; };
		70C3DD2CF3F7254D012FC064 /* AppContainer.swift */ = {isa = PBXFileReference; includeInIndex = 1; lastKnownFileType = sourcecode.swift; name = AppContainer.swift; path = App/AppContainer.swift; sourceTree = "<group>"; };
		7169630F2F8B2497DA3E8800 /* StarterApp.swift */ = {isa = PBXFileReference; includeInIndex = 1; lastKnownFileType = sourcecode.swift; name = StarterApp.swift; path = App/StarterApp.swift; sourceTree = "<group>"; };
		78203967BBBB7B01F0F75E2F /* README.md */ = {isa = PBXFileReference; includeInIndex = 1; name = README.md; path = FeatureTemplate/README.md; sourceTree = "<group>"; };
		79612640A416F9054906CB2F /* NetworkError.swift */ = {isa = PBXFileReference; includeInIndex = 1; lastKnownFileType = sourcecode.swift; name = NetworkError.swift; path = Core/Infrastructure/Network/NetworkError.swift; sourceTree = "<group>"; };
		7F4273FE7E0BCD6FDBA528A4 /* LegalConfig.swift */ = {isa = PBXFileReference; includeInIndex = 1; lastKnownFileType = sourcecode.swift; name = LegalConfig.swift; path = Config/LegalConfig.swift; sourceTree = "<group>"; };
		829ED3726D43DAB837E8C00A /* en.lproj */ = {isa = PBXFileReference; includeInIndex = 1; name = en.lproj; path = Resources/Localization/en.lproj; sourceTree = "<group>"; };
		85FED80D5822DDD02B2B09CA /* APP-BOOTSTRAP-RULES.md */ = {isa = PBXFileReference; includeInIndex = 1; path = "APP-BOOTSTRAP-RULES.md"; sourceTree = "<group>"; };
		8BAFAC5EF68EE67282EB6AEE /* AppEnvironment.swift */ = {isa = PBXFileReference; includeInIndex = 1; lastKnownFileType = sourcecode.swift; name = AppEnvironment.swift; path = App/AppEnvironment.swift; sourceTree = "<group>"; };
		8BD18418F45742994D8ED3F2 /* ARCHITECTURE.md */ = {isa = PBXFileReference; includeInIndex = 1; path = ARCHITECTURE.md; sourceTree = "<group>"; };
		8ED55DA2DC48762A76DB004F /* ARCHITECTURE-RULES.md */ = {isa = PBXFileReference; includeInIndex = 1; path = "ARCHITECTURE-RULES.md"; sourceTree = "<group>"; };
		8F61A2F977CBF082D5B687AD /* NoopSettingsCacheRepository.swift */ = {isa = PBXFileReference; includeInIndex = 1; lastKnownFileType = sourcecode.swift; name = NoopSettingsCacheRepository.swift; path = Features/Settings/Infrastructure/NoopSettingsCacheRepository.swift; sourceTree = "<group>"; };
		91DED4C0BD1C2DDCE2D3DAED /* AppRootView.swift */ = {isa = PBXFileReference; includeInIndex = 1; lastKnownFileType = sourcecode.swift; name = AppRootView.swift; path = App/AppRootView.swift; sourceTree = "<group>"; };
		932D2E9D2E5B0108F9FECC71 /* HTTPMethod.swift */ = {isa = PBXFileReference; includeInIndex = 1; lastKnownFileType = sourcecode.swift; name = HTTPMethod.swift; path = Core/Infrastructure/Network/HTTPMethod.swift; sourceTree = "<group>"; };
		9B28F6A278DEAE4773B64514 /* SupportActionRepositoryProtocol.swift */ = {isa = PBXFileReference; includeInIndex = 1; lastKnownFileType = sourcecode.swift; name = SupportActionRepositoryProtocol.swift; path = Core/Domain/Support/SupportActionRepositoryProtocol.swift; sourceTree = "<group>"; };
		9C42BD96A03852F2B4A997C0 /* PrepareAppShareUseCase.swift */ = {isa = PBXFileReference; includeInIndex = 1; lastKnownFileType = sourcecode.swift; name = PrepareAppShareUseCase.swift; path = Features/Settings/Application/PrepareAppShareUseCase.swift; sourceTree = "<group>"; };
		9DC2600FFCB4985CAAF973B9 /* LayoutToken.swift */ = {isa = PBXFileReference; includeInIndex = 1; lastKnownFileType = sourcecode.swift; name = LayoutToken.swift; path = Common/UI/Layout/LayoutToken.swift; sourceTree = "<group>"; };
		A3BA17223310C33A62A014B0 /* RefreshSubscriptionStatusUseCase.swift */ = {isa = PBXFileReference; includeInIndex = 1; lastKnownFileType = sourcecode.swift; name = RefreshSubscriptionStatusUseCase.swift; path = Core/Application/Subscription/RefreshSubscriptionStatusUseCase.swift; sourceTree = "<group>"; };
		A43E1E1EB2E79F55E0C82D2B /* PrepareAppReviewURLUseCase.swift */ = {isa = PBXFileReference; includeInIndex = 1; lastKnownFileType = sourcecode.swift; name = PrepareAppReviewURLUseCase.swift; path = Features/Settings/Application/PrepareAppReviewURLUseCase.swift; sourceTree = "<group>"; };
		A84DEC124876E3E5B2D4EE8D /* LOCALIZATION-RULES.md */ = {isa = PBXFileReference; includeInIndex = 1; path = "LOCALIZATION-RULES.md"; sourceTree = "<group>"; };
		A937AC0F5C5299A5F99ADF46 /* LegalDocumentStore.swift */ = {isa = PBXFileReference; includeInIndex = 1; lastKnownFileType = sourcecode.swift; name = LegalDocumentStore.swift; path = Features/LegalDocument/Presentation/LegalDocumentStore.swift; sourceTree = "<group>"; };
		AD09468D46F66B5670BD2BDE /* generate_project.rb */ = {isa = PBXFileReference; includeInIndex = 1; path = generate_project.rb; sourceTree = "<group>"; };
		B12CDDE0275D64F17629F704 /* UpdateAppLanguageUseCase.swift */ = {isa = PBXFileReference; includeInIndex = 1; lastKnownFileType = sourcecode.swift; name = UpdateAppLanguageUseCase.swift; path = Core/Application/Preferences/UpdateAppLanguageUseCase.swift; sourceTree = "<group>"; };
		B3B8D13AD06FEF6F877EB436 /* URLSessionHTTPClient.swift */ = {isa = PBXFileReference; includeInIndex = 1; lastKnownFileType = sourcecode.swift; name = URLSessionHTTPClient.swift; path = Core/Infrastructure/Network/URLSessionHTTPClient.swift; sourceTree = "<group>"; };
		B6423A3EF69446A4DC72EED3 /* RequestDescriptor.swift */ = {isa = PBXFileReference; includeInIndex = 1; lastKnownFileType = sourcecode.swift; name = RequestDescriptor.swift; path = Core/Infrastructure/Network/RequestDescriptor.swift; sourceTree = "<group>"; };
		B6C3ACA2D34D387C10CD06FE /* OverlayStore.swift */ = {isa = PBXFileReference; includeInIndex = 1; lastKnownFileType = sourcecode.swift; name = OverlayStore.swift; path = Common/Platform/Overlay/OverlayStore.swift; sourceTree = "<group>"; };
		B7EFDF74391FB52A422912AA /* AppConfig.swift */ = {isa = PBXFileReference; includeInIndex = 1; lastKnownFileType = sourcecode.swift; name = AppConfig.swift; path = Config/AppConfig.swift; sourceTree = "<group>"; };
		BAE11537CCBF31D4BE84B1BA /* SettingsView.swift */ = {isa = PBXFileReference; includeInIndex = 1; lastKnownFileType = sourcecode.swift; name = SettingsView.swift; path = Features/Settings/Presentation/SettingsView.swift; sourceTree = "<group>"; };
		BDFBD73E1CA1CB41828EB3EF /* SettingsModels.swift */ = {isa = PBXFileReference; includeInIndex = 1; lastKnownFileType = sourcecode.swift; name = SettingsModels.swift; path = Features/Settings/Domain/SettingsModels.swift; sourceTree = "<group>"; };
		BE90788D5427ED0E8DF7B9DF /* FEATURE-TEMPLATE-RULES.md */ = {isa = PBXFileReference; includeInIndex = 1; path = "FEATURE-TEMPLATE-RULES.md"; sourceTree = "<group>"; };
		BFC8200CF7AA5F16CC8E0563 /* HTTPClientProtocol.swift */ = {isa = PBXFileReference; includeInIndex = 1; lastKnownFileType = sourcecode.swift; name = HTTPClientProtocol.swift; path = Core/Domain/Network/HTTPClientProtocol.swift; sourceTree = "<group>"; };
		C57B2659B53ADE2847FD306F /* SettingsStore.swift */ = {isa = PBXFileReference; includeInIndex = 1; lastKnownFileType = sourcecode.swift; name = SettingsStore.swift; path = Features/Settings/Presentation/SettingsStore.swift; sourceTree = "<group>"; };
		CC9F2BD557B871073B6BFA83 /* SettingsCacheRepositoryProtocol.swift */ = {isa = PBXFileReference; includeInIndex = 1; lastKnownFileType = sourcecode.swift; name = SettingsCacheRepositoryProtocol.swift; path = Features/Settings/Domain/SettingsCacheRepositoryProtocol.swift; sourceTree = "<group>"; };
		D02D8248ECCA80A7768BA0F5 /* OverlayPresenterView.swift */ = {isa = PBXFileReference; includeInIndex = 1; lastKnownFileType = sourcecode.swift; name = OverlayPresenterView.swift; path = Common/UI/Overlay/OverlayPresenterView.swift; sourceTree = "<group>"; };
		D39A1F7D36F31D13D7AADCA3 /* UpdateAppAppearanceUseCase.swift */ = {isa = PBXFileReference; includeInIndex = 1; lastKnownFileType = sourcecode.swift; name = UpdateAppAppearanceUseCase.swift; path = Core/Application/Preferences/UpdateAppAppearanceUseCase.swift; sourceTree = "<group>"; };
		D893D8CB6B4FAE484B1404A1 /* LoadSettingsUseCase.swift */ = {isa = PBXFileReference; includeInIndex = 1; lastKnownFileType = sourcecode.swift; name = LoadSettingsUseCase.swift; path = Features/Settings/Application/LoadSettingsUseCase.swift; sourceTree = "<group>"; };
		DB8EAC2EE6EB77F85E928314 /* STATE-MODEL-RULES.md */ = {isa = PBXFileReference; includeInIndex = 1; path = "STATE-MODEL-RULES.md"; sourceTree = "<group>"; };
		DE2383746B3F91744002CDBC /* SubscriptionStateRepository.swift */ = {isa = PBXFileReference; includeInIndex = 1; lastKnownFileType = sourcecode.swift; name = SubscriptionStateRepository.swift; path = Core/Infrastructure/Persistence/SubscriptionStateRepository.swift; sourceTree = "<group>"; };
		DE7095A0EBDCF3C31D9B56FD /* PageSecondaryState.swift */ = {isa = PBXFileReference; includeInIndex = 1; lastKnownFileType = sourcecode.swift; name = PageSecondaryState.swift; path = Common/Foundation/State/PageSecondaryState.swift; sourceTree = "<group>"; };
		E3D6EB22AFCAC1702B19327D /* STARTER-SKILL-SPEC.md */ = {isa = PBXFileReference; includeInIndex = 1; path = "STARTER-SKILL-SPEC.md"; sourceTree = "<group>"; };
		EAA8962E1DBAF8A0ED7F876C /* RestoreSubscriptionPurchasesUseCase.swift */ = {isa = PBXFileReference; includeInIndex = 1; lastKnownFileType = sourcecode.swift; name = RestoreSubscriptionPurchasesUseCase.swift; path = Core/Application/Subscription/RestoreSubscriptionPurchasesUseCase.swift; sourceTree = "<group>"; };
		EC71CD3F2E931F88F5662739 /* PagePrimaryState.swift */ = {isa = PBXFileReference; includeInIndex = 1; lastKnownFileType = sourcecode.swift; name = PagePrimaryState.swift; path = Common/Foundation/State/PagePrimaryState.swift; sourceTree = "<group>"; };
		EC86D1CA67EB1C0D9C220225 /* View+OverlaySurface.swift */ = {isa = PBXFileReference; includeInIndex = 1; lastKnownFileType = sourcecode.swift; name = "View+OverlaySurface.swift"; path = "Common/UI/Effects/View+OverlaySurface.swift"; sourceTree = "<group>"; };
		EE7BAB918C30290331A1B13A /* LoadSettingsCacheSummaryUseCase.swift */ = {isa = PBXFileReference; includeInIndex = 1; lastKnownFileType = sourcecode.swift; name = LoadSettingsCacheSummaryUseCase.swift; path = Features/Settings/Application/LoadSettingsCacheSummaryUseCase.swift; sourceTree = "<group>"; };
		EED02DDF100DB95859A50F9E /* HomeStore.swift */ = {isa = PBXFileReference; includeInIndex = 1; lastKnownFileType = sourcecode.swift; name = HomeStore.swift; path = Features/Home/Presentation/HomeStore.swift; sourceTree = "<group>"; };
		F0D6F43AD4304EA3D858ED39 /* NAMING-RULES.md */ = {isa = PBXFileReference; includeInIndex = 1; path = "NAMING-RULES.md"; sourceTree = "<group>"; };
		F458EA87FF51D32459BF0C67 /* SubscriptionViewModels.swift */ = {isa = PBXFileReference; includeInIndex = 1; lastKnownFileType = sourcecode.swift; name = SubscriptionViewModels.swift; path = Features/Subscription/Domain/SubscriptionViewModels.swift; sourceTree = "<group>"; };
		F6B8719A3B8FFB0ED8778CC9 /* OverlayHUDCardView.swift */ = {isa = PBXFileReference; includeInIndex = 1; lastKnownFileType = sourcecode.swift; name = OverlayHUDCardView.swift; path = Common/UI/Overlay/OverlayHUDCardView.swift; sourceTree = "<group>"; };
		FA0E4ECC3C8C8829CCB834CC /* AppPreferencesRepository.swift */ = {isa = PBXFileReference; includeInIndex = 1; lastKnownFileType = sourcecode.swift; name = AppPreferencesRepository.swift; path = Core/Infrastructure/Persistence/AppPreferencesRepository.swift; sourceTree = "<group>"; };
		FA82C3975C36A3A8F10BEDEE /* LegalDocumentWebView.swift */ = {isa = PBXFileReference; includeInIndex = 1; lastKnownFileType = sourcecode.swift; name = LegalDocumentWebView.swift; path = Features/LegalDocument/Presentation/LegalDocumentWebView.swift; sourceTree = "<group>"; };
		FEC6BE0071B5B9BCCDA69583 /* README.md */ = {isa = PBXFileReference; includeInIndex = 1; path = README.md; sourceTree = "<group>"; };
/* End PBXFileReference section */

/* Begin PBXFrameworksBuildPhase section */
		18C9815ADB8AB4B594CE029D /* Frameworks */ = {
			isa = PBXFrameworksBuildPhase;
			buildActionMask = 2147483647;
			files = (
				0163702555F5D6EDC60325BA /* Foundation.framework in Frameworks */,
			);
			runOnlyForDeploymentPostprocessing = 0;
		};
/* End PBXFrameworksBuildPhase section */

/* Begin PBXGroup section */
		05AFF29A008847677B5DFDB2 = {
			isa = PBXGroup;
			children = (
				2FD0BC57FD930569A2C9A415 /* Products */,
				BE1D9C95D057A0AE265A4EB3 /* Frameworks */,
				F60E1FAFB8F8DC169EDA5B70 /* StarterApp */,
				982FE65AC9EE0100964BF3D6 /* Rules */,
				9D86F756040D151F27218955 /* Docs */,
				6457DC83AC19AE4AE6E84788 /* Templates */,
				05E9C356ACD3AEF760C0ABE6 /* SkillSpec */,
				6C5EDE2DE959D079B3AF30C9 /* Tools */,
			);
			sourceTree = "<group>";
		};
		05E9C356ACD3AEF760C0ABE6 /* SkillSpec */ = {
			isa = PBXGroup;
			children = (
				E3D6EB22AFCAC1702B19327D /* STARTER-SKILL-SPEC.md */,
			);
			name = SkillSpec;
			path = SkillSpec;
			sourceTree = "<group>";
		};
		2FD0BC57FD930569A2C9A415 /* Products */ = {
			isa = PBXGroup;
			children = (
				6834C09FCC3A3A927853755E /* StarterApp.app */,
			);
			name = Products;
			sourceTree = "<group>";
		};
		6457DC83AC19AE4AE6E84788 /* Templates */ = {
			isa = PBXGroup;
			children = (
				78203967BBBB7B01F0F75E2F /* README.md */,
				019F7D5FB7A8F25FF7D8C72F /* README.md */,
				22C37CC35B04417E7CEA4105 /* README.md */,
			);
			name = Templates;
			path = Templates;
			sourceTree = "<group>";
		};
		6C5EDE2DE959D079B3AF30C9 /* Tools */ = {
			isa = PBXGroup;
			children = (
				AD09468D46F66B5670BD2BDE /* generate_project.rb */,
			);
			name = Tools;
			path = Tools;
			sourceTree = "<group>";
		};
		9301665A4472AB306BFAC7FC /* iOS */ = {
			isa = PBXGroup;
			children = (
				4AFD3799E1CD2C2BA3DB2EB6 /* Foundation.framework */,
			);
			name = iOS;
			sourceTree = "<group>";
		};
		982FE65AC9EE0100964BF3D6 /* Rules */ = {
			isa = PBXGroup;
			children = (
				0BBA59DAA834E1418E2A1050 /* AGENTS.md */,
				85FED80D5822DDD02B2B09CA /* APP-BOOTSTRAP-RULES.md */,
				8ED55DA2DC48762A76DB004F /* ARCHITECTURE-RULES.md */,
				BE90788D5427ED0E8DF7B9DF /* FEATURE-TEMPLATE-RULES.md */,
				A84DEC124876E3E5B2D4EE8D /* LOCALIZATION-RULES.md */,
				F0D6F43AD4304EA3D858ED39 /* NAMING-RULES.md */,
				4DA9DAE759F1583570B5BCBF /* NETWORK-RULES.md */,
				DB8EAC2EE6EB77F85E928314 /* STATE-MODEL-RULES.md */,
			);
			name = Rules;
			path = Rules;
			sourceTree = "<group>";
		};
		9D86F756040D151F27218955 /* Docs */ = {
			isa = PBXGroup;
			children = (
				8BD18418F45742994D8ED3F2 /* ARCHITECTURE.md */,
				FEC6BE0071B5B9BCCDA69583 /* README.md */,
			);
			name = Docs;
			path = Docs;
			sourceTree = "<group>";
		};
		BE1D9C95D057A0AE265A4EB3 /* Frameworks */ = {
			isa = PBXGroup;
			children = (
				9301665A4472AB306BFAC7FC /* iOS */,
			);
			name = Frameworks;
			sourceTree = "<group>";
		};
		F60E1FAFB8F8DC169EDA5B70 /* StarterApp */ = {
			isa = PBXGroup;
			children = (
				70C3DD2CF3F7254D012FC064 /* AppContainer.swift */,
				8BAFAC5EF68EE67282EB6AEE /* AppEnvironment.swift */,
				91DED4C0BD1C2DDCE2D3DAED /* AppRootView.swift */,
				7169630F2F8B2497DA3E8800 /* StarterApp.swift */,
				EC71CD3F2E931F88F5662739 /* PagePrimaryState.swift */,
				DE7095A0EBDCF3C31D9B56FD /* PageSecondaryState.swift */,
				2696B999B4579209DF1E598B /* OverlayPresenterModel.swift */,
				355EFF019EF0ED56999FB6B7 /* HUDSession.swift */,
				B6C3ACA2D34D387C10CD06FE /* OverlayStore.swift */,
				EC86D1CA67EB1C0D9C220225 /* View+OverlaySurface.swift */,
				9DC2600FFCB4985CAAF973B9 /* LayoutToken.swift */,
				F6B8719A3B8FFB0ED8778CC9 /* OverlayHUDCardView.swift */,
				D02D8248ECCA80A7768BA0F5 /* OverlayPresenterView.swift */,
				46DB109CC00654C8B16260B8 /* PageStateContainer.swift */,
				B7EFDF74391FB52A422912AA /* AppConfig.swift */,
				7F4273FE7E0BCD6FDBA528A4 /* LegalConfig.swift */,
				5531D105D11BAE5F674DE076 /* SubscriptionConfig.swift */,
				4647FEC6126900FCAB639436 /* SupportConfig.swift */,
				11BC593183E148E86397DDD8 /* ResolveLegalDocumentUseCase.swift */,
				28597E526229FB28EE838F38 /* LoadAppPreferencesUseCase.swift */,
				D39A1F7D36F31D13D7AADCA3 /* UpdateAppAppearanceUseCase.swift */,
				B12CDDE0275D64F17629F704 /* UpdateAppLanguageUseCase.swift */,
				544E0513659A139031332EAD /* LoadSubscriptionAccessUseCase.swift */,
				A3BA17223310C33A62A014B0 /* RefreshSubscriptionStatusUseCase.swift */,
				EAA8962E1DBAF8A0ED7F876C /* RestoreSubscriptionPurchasesUseCase.swift */,
				52D5FF57CA1381DAF940DA0C /* LegalDocumentModels.swift */,
				BFC8200CF7AA5F16CC8E0563 /* HTTPClientProtocol.swift */,
				4E5CE8E20390ED099209B283 /* AppPreferencesModels.swift */,
				3796E5C2982F4BE6BD9DDCAF /* SubscriptionModels.swift */,
				9B28F6A278DEAE4773B64514 /* SupportActionRepositoryProtocol.swift */,
				932D2E9D2E5B0108F9FECC71 /* HTTPMethod.swift */,
				269141B68A0EFC1643CCDDA4 /* JSONDecoderFactory.swift */,
				79612640A416F9054906CB2F /* NetworkError.swift */,
				B6423A3EF69446A4DC72EED3 /* RequestDescriptor.swift */,
				589231C2E692FFE7725B74D4 /* URLRequestBuilder.swift */,
				B3B8D13AD06FEF6F877EB436 /* URLSessionHTTPClient.swift */,
				FA0E4ECC3C8C8829CCB834CC /* AppPreferencesRepository.swift */,
				DE2383746B3F91744002CDBC /* SubscriptionStateRepository.swift */,
				4E5A7F4CF0204CAA7A663E54 /* SupportActionRepository.swift */,
				36B0C98150EE7E4223278246 /* StoreKitSubscriptionRepository.swift */,
				1DEEDA02CB092EE89F591D20 /* HomeDemoModels.swift */,
				EED02DDF100DB95859A50F9E /* HomeStore.swift */,
				57593F3A180F2D6CB02A46DC /* HomeView.swift */,
				A937AC0F5C5299A5F99ADF46 /* LegalDocumentStore.swift */,
				2CFD41CCA6F994C31E35E0CF /* LegalDocumentView.swift */,
				FA82C3975C36A3A8F10BEDEE /* LegalDocumentWebView.swift */,
				6C603E950DA0F7E8FE082ADE /* ClearSettingsCacheUseCase.swift */,
				EE7BAB918C30290331A1B13A /* LoadSettingsCacheSummaryUseCase.swift */,
				D893D8CB6B4FAE484B1404A1 /* LoadSettingsUseCase.swift */,
				4071982666A5320FDC77BDC7 /* PrepareAppFeedbackRouteUseCase.swift */,
				A43E1E1EB2E79F55E0C82D2B /* PrepareAppReviewURLUseCase.swift */,
				9C42BD96A03852F2B4A997C0 /* PrepareAppShareUseCase.swift */,
				5A343DCB3FAFA70B17EFEEFD /* UpdateSettingsAppearanceUseCase.swift */,
				45BA30ACA7EEA2B4A76B2A15 /* UpdateSettingsLanguageUseCase.swift */,
				CC9F2BD557B871073B6BFA83 /* SettingsCacheRepositoryProtocol.swift */,
				BDFBD73E1CA1CB41828EB3EF /* SettingsModels.swift */,
				8F61A2F977CBF082D5B687AD /* NoopSettingsCacheRepository.swift */,
				667FE2456043BED51080BC1E /* SettingsSheetDestination.swift */,
				C57B2659B53ADE2847FD306F /* SettingsStore.swift */,
				BAE11537CCBF31D4BE84B1BA /* SettingsView.swift */,
				4B72E48144A03130C69C5145 /* LoadSubscriptionPlanItemsUseCase.swift */,
				187FBC2914003F6E072845CF /* LoadSubscriptionViewStateUseCase.swift */,
				0DA02B97CAA275B0CE8718AE /* PurchaseSubscriptionPlanUseCase.swift */,
				F458EA87FF51D32459BF0C67 /* SubscriptionViewModels.swift */,
				6BD464D8EA3A58D81AC0033D /* SubscriptionStore.swift */,
				1F665EC6A9229FBBAA3DF2A5 /* SubscriptionView.swift */,
				829ED3726D43DAB837E8C00A /* en.lproj */,
				62604260EAF2720CD5EF4B14 /* zh-Hans.lproj */,
				485DDBB0E7B33FE0395156B4 /* Info.plist */,
			);
			name = StarterApp;
			path = StarterApp;
			sourceTree = "<group>";
		};
/* End PBXGroup section */

/* Begin PBXNativeTarget section */
		E8DD8D3D827286D50E9FAAD6 /* StarterApp */ = {
			isa = PBXNativeTarget;
			buildConfigurationList = A23409BFDC7688CED6D493D0 /* Build configuration list for PBXNativeTarget "StarterApp" */;
			buildPhases = (
				9E1508C31FB8697BCB8830D0 /* Sources */,
				18C9815ADB8AB4B594CE029D /* Frameworks */,
				E0D37C1A2A2EFDA2DA915677 /* Resources */,
			);
			buildRules = (
			);
			dependencies = (
			);
			name = StarterApp;
			productName = StarterApp;
			productReference = 6834C09FCC3A3A927853755E /* StarterApp.app */;
			productType = "com.apple.product-type.application";
		};
/* End PBXNativeTarget section */

/* Begin PBXProject section */
		7A7CF8781442D74EEA24E5E9 /* Project object */ = {
			isa = PBXProject;
			attributes = {
				LastSwiftUpdateCheck = 1600;
				LastUpgradeCheck = 1600;
			};
			buildConfigurationList = 573742470CCE8931420C1C2A /* Build configuration list for PBXProject "StarterApp" */;
			compatibilityVersion = "Xcode 3.2";
			developmentRegion = en;
			hasScannedForEncodings = 0;
			knownRegions = (
				en,
				"zh-Hans",
			);
			mainGroup = 05AFF29A008847677B5DFDB2;
			minimizedProjectReferenceProxies = 0;
			preferredProjectObjectVersion = 77;
			productRefGroup = 2FD0BC57FD930569A2C9A415 /* Products */;
			projectDirPath = "";
			projectRoot = "";
			targets = (
				E8DD8D3D827286D50E9FAAD6 /* StarterApp */,
			);
		};
/* End PBXProject section */

/* Begin PBXResourcesBuildPhase section */
		E0D37C1A2A2EFDA2DA915677 /* Resources */ = {
			isa = PBXResourcesBuildPhase;
			buildActionMask = 2147483647;
			files = (
				FBA989EED7279155D1E8E4A1 /* en.lproj in Resources */,
				643FE1B94F2107DB0472C420 /* zh-Hans.lproj in Resources */,
			);
			runOnlyForDeploymentPostprocessing = 0;
		};
/* End PBXResourcesBuildPhase section */

/* Begin PBXSourcesBuildPhase section */
		9E1508C31FB8697BCB8830D0 /* Sources */ = {
			isa = PBXSourcesBuildPhase;
			buildActionMask = 2147483647;
			files = (
				C545984E9FD4B458B3182925 /* AppContainer.swift in Sources */,
				06A21A70E4FA6D10658C8BEC /* AppEnvironment.swift in Sources */,
				BC37C4F7CEB0BE53F866FDF9 /* AppRootView.swift in Sources */,
				F3B7B11BB7732F53CBC533B6 /* StarterApp.swift in Sources */,
				992835F4EEC11A5483FF00A3 /* PagePrimaryState.swift in Sources */,
				2DA612BBE6454C58F004D937 /* PageSecondaryState.swift in Sources */,
				3B617EBD3FCEA283DC4A67CA /* OverlayPresenterModel.swift in Sources */,
				37020C8029BC40A27CF56574 /* HUDSession.swift in Sources */,
				B8EF748233A54BE844788E39 /* OverlayStore.swift in Sources */,
				CF7990B56E2EFA5738A190FA /* View+OverlaySurface.swift in Sources */,
				022AE5F1A4A9CD536FF7F53C /* LayoutToken.swift in Sources */,
				7B78C92073A71207E40743E3 /* OverlayHUDCardView.swift in Sources */,
				AD931517CE8FDBE00F15F0EA /* OverlayPresenterView.swift in Sources */,
				19CE3D61C257424FA5DDC277 /* PageStateContainer.swift in Sources */,
				3D35A6BFE0E5A4841417BA5C /* AppConfig.swift in Sources */,
				69BE4F434B046E3970B621FD /* LegalConfig.swift in Sources */,
				7A5B272DEC8BB55EC1A7EB94 /* SubscriptionConfig.swift in Sources */,
				815BEC609E93067A1F237C2E /* SupportConfig.swift in Sources */,
				4FAE7D5119703C6E881CA518 /* ResolveLegalDocumentUseCase.swift in Sources */,
				15DCA5CAF0883EB0C7E252C1 /* LoadAppPreferencesUseCase.swift in Sources */,
				9CFCFF65DED88ADA1CDFBFFA /* UpdateAppAppearanceUseCase.swift in Sources */,
				D6F3ED9D646B982D6B61C841 /* UpdateAppLanguageUseCase.swift in Sources */,
				DF3674FD1BE18201A0D7FA41 /* LoadSubscriptionAccessUseCase.swift in Sources */,
				48137633B7664DBD9EBD9176 /* RefreshSubscriptionStatusUseCase.swift in Sources */,
				64759A2DB29E330B0CC40A7D /* RestoreSubscriptionPurchasesUseCase.swift in Sources */,
				9831D09B5ECBFAF47BCA7B95 /* LegalDocumentModels.swift in Sources */,
				E4ACA12F5B131D5AB360BDAE /* HTTPClientProtocol.swift in Sources */,
				EC0AE516ACEBEBD6ECCF1E88 /* AppPreferencesModels.swift in Sources */,
				01C887532EA05FD16227B6B3 /* SubscriptionModels.swift in Sources */,
				4D284DA86258A801C3CCEEFE /* SupportActionRepositoryProtocol.swift in Sources */,
				28390CB3325CE62313BA1A53 /* HTTPMethod.swift in Sources */,
				FFB5D934F9A1816717CCFDC9 /* JSONDecoderFactory.swift in Sources */,
				3A83DE40EAEA39F90FD29491 /* NetworkError.swift in Sources */,
				18CF3DB5E66D7009498D2022 /* RequestDescriptor.swift in Sources */,
				DB95E2CA81C719031FE15866 /* URLRequestBuilder.swift in Sources */,
				C653580C915ED3B9EDCE7093 /* URLSessionHTTPClient.swift in Sources */,
				003702CD504C8EBCE98081B2 /* AppPreferencesRepository.swift in Sources */,
				83F46D13DAB2DBE49F606055 /* SubscriptionStateRepository.swift in Sources */,
				C41DC31C7FF73F9E80A71CC4 /* SupportActionRepository.swift in Sources */,
				637805DBB4E9196ACC36B4CF /* StoreKitSubscriptionRepository.swift in Sources */,
				22C5CF1E2B5094ACD99002AF /* HomeDemoModels.swift in Sources */,
				5FB2509C20B0762A49ABF092 /* HomeStore.swift in Sources */,
				E2334195CA43E9F1EF69AD55 /* HomeView.swift in Sources */,
				5F4618D0596CA7F710419D53 /* LegalDocumentStore.swift in Sources */,
				9160F49A786927F94A3D9EE5 /* LegalDocumentView.swift in Sources */,
				52F7D1D1889026371119F1F6 /* LegalDocumentWebView.swift in Sources */,
				5DA7B8415497EB5418B7405B /* ClearSettingsCacheUseCase.swift in Sources */,
				95E0BC9AB2E6EEE8536583E4 /* LoadSettingsCacheSummaryUseCase.swift in Sources */,
				2890DD19855F026291366E2E /* LoadSettingsUseCase.swift in Sources */,
				3957263F6CC679D807E786E4 /* PrepareAppFeedbackRouteUseCase.swift in Sources */,
				F7D11993A51F62544A14DECF /* PrepareAppReviewURLUseCase.swift in Sources */,
				568B2636E38378006CD2077A /* PrepareAppShareUseCase.swift in Sources */,
				CEC4AB4E8D05B2E60337A6A5 /* UpdateSettingsAppearanceUseCase.swift in Sources */,
				7AA985B2EEF92F3E56400898 /* UpdateSettingsLanguageUseCase.swift in Sources */,
				A884E8C595CD59DB9477925C /* SettingsCacheRepositoryProtocol.swift in Sources */,
				2F41E4E858B5FAD5D69432A7 /* SettingsModels.swift in Sources */,
				7FBEEA695A9DAF2DD5F082E3 /* NoopSettingsCacheRepository.swift in Sources */,
				4CC619DCB6C8C8CC02B5C328 /* SettingsSheetDestination.swift in Sources */,
				4B9CC7F8B22D50A841E4928E /* SettingsStore.swift in Sources */,
				605A0D4DFD749E1B0AAACFC4 /* SettingsView.swift in Sources */,
				0CE4D11B4C06DFC65CE2BA29 /* LoadSubscriptionPlanItemsUseCase.swift in Sources */,
				F2C2AFC0500F84FA6DB906C9 /* LoadSubscriptionViewStateUseCase.swift in Sources */,
				4F2D8C7A1444B2AA49063808 /* PurchaseSubscriptionPlanUseCase.swift in Sources */,
				26DB3E1A0742B059340BB59E /* SubscriptionViewModels.swift in Sources */,
				CA7C1D87EA170739B967A82F /* SubscriptionStore.swift in Sources */,
				49836E3F2E54EC7A4DF7B0EA /* SubscriptionView.swift in Sources */,
			);
			runOnlyForDeploymentPostprocessing = 0;
		};
/* End PBXSourcesBuildPhase section */

/* Begin XCBuildConfiguration section */
		2106697EBB013C3A4A9F0298 /* Debug */ = {
			isa = XCBuildConfiguration;
			buildSettings = {
				ASSETCATALOG_COMPILER_APPICON_NAME = AppIcon;
				ASSETCATALOG_COMPILER_GENERATE_SWIFT_ASSET_SYMBOL_EXTENSIONS = NO;
				ASSETCATALOG_COMPILER_GLOBAL_ACCENT_COLOR_NAME = AccentColor;
				CLANG_ENABLE_OBJC_WEAK = NO;
				CODE_SIGN_STYLE = Automatic;
				CURRENT_PROJECT_VERSION = 1;
				DEVELOPMENT_TEAM = "";
				GENERATE_INFOPLIST_FILE = NO;
				INFOPLIST_FILE = StarterApp/Info.plist;
				IPHONEOS_DEPLOYMENT_TARGET = 18.0;
				LD_RUNPATH_SEARCH_PATHS = "$(inherited) @executable_path/Frameworks";
				MARKETING_VERSION = 1.0;
				PRODUCT_BUNDLE_IDENTIFIER = co.example.starterapp;
				SDKROOT = iphoneos;
				SUPPORTS_MACCATALYST = NO;
				SWIFT_VERSION = 5.0;
				TARGETED_DEVICE_FAMILY = "1,2";
			};
			name = Debug;
		};
		5D6535AF102BDF5A31D89BE2 /* Release */ = {
			isa = XCBuildConfiguration;
			buildSettings = {
				ALWAYS_SEARCH_USER_PATHS = NO;
				CLANG_ANALYZER_NONNULL = YES;
				CLANG_ANALYZER_NUMBER_OBJECT_CONVERSION = YES_AGGRESSIVE;
				CLANG_CXX_LANGUAGE_STANDARD = "gnu++14";
				CLANG_CXX_LIBRARY = "libc++";
				CLANG_ENABLE_MODULES = YES;
				CLANG_ENABLE_OBJC_ARC = YES;
				CLANG_ENABLE_OBJC_WEAK = YES;
				CLANG_WARN_BLOCK_CAPTURE_AUTORELEASING = YES;
				CLANG_WARN_BOOL_CONVERSION = YES;
				CLANG_WARN_COMMA = YES;
				CLANG_WARN_CONSTANT_CONVERSION = YES;
				CLANG_WARN_DEPRECATED_OBJC_IMPLEMENTATIONS = YES;
				CLANG_WARN_DIRECT_OBJC_ISA_USAGE = YES_ERROR;
				CLANG_WARN_DOCUMENTATION_COMMENTS = YES;
				CLANG_WARN_EMPTY_BODY = YES;
				CLANG_WARN_ENUM_CONVERSION = YES;
				CLANG_WARN_INFINITE_RECURSION = YES;
				CLANG_WARN_INT_CONVERSION = YES;
				CLANG_WARN_NON_LITERAL_NULL_CONVERSION = YES;
				CLANG_WARN_OBJC_IMPLICIT_RETAIN_SELF = YES;
				CLANG_WARN_OBJC_LITERAL_CONVERSION = YES;
				CLANG_WARN_OBJC_ROOT_CLASS = YES_ERROR;
				CLANG_WARN_QUOTED_INCLUDE_IN_FRAMEWORK_HEADER = YES;
				CLANG_WARN_RANGE_LOOP_ANALYSIS = YES;
				CLANG_WARN_STRICT_PROTOTYPES = YES;
				CLANG_WARN_SUSPICIOUS_MOVE = YES;
				CLANG_WARN_UNGUARDED_AVAILABILITY = YES_AGGRESSIVE;
				CLANG_WARN_UNREACHABLE_CODE = YES;
				CLANG_WARN__DUPLICATE_METHOD_MATCH = YES;
				COPY_PHASE_STRIP = NO;
				DEBUG_INFORMATION_FORMAT = "dwarf-with-dsym";
				ENABLE_NS_ASSERTIONS = NO;
				ENABLE_STRICT_OBJC_MSGSEND = YES;
				GCC_C_LANGUAGE_STANDARD = gnu11;
				GCC_NO_COMMON_BLOCKS = YES;
				GCC_WARN_64_TO_32_BIT_CONVERSION = YES;
				GCC_WARN_ABOUT_RETURN_TYPE = YES_ERROR;
				GCC_WARN_UNDECLARED_SELECTOR = YES;
				GCC_WARN_UNINITIALIZED_AUTOS = YES_AGGRESSIVE;
				GCC_WARN_UNUSED_FUNCTION = YES;
				GCC_WARN_UNUSED_VARIABLE = YES;
				IPHONEOS_DEPLOYMENT_TARGET = 18.0;
				MTL_ENABLE_DEBUG_INFO = NO;
				MTL_FAST_MATH = YES;
				PRODUCT_NAME = "$(TARGET_NAME)";
				SWIFT_COMPILATION_MODE = wholemodule;
				SWIFT_OPTIMIZATION_LEVEL = "-O";
				SWIFT_VERSION = 5.0;
			};
			name = Release;
		};
		D17194275E72364FD78DB884 /* Debug */ = {
			isa = XCBuildConfiguration;
			buildSettings = {
				ALWAYS_SEARCH_USER_PATHS = NO;
				CLANG_ANALYZER_NONNULL = YES;
				CLANG_ANALYZER_NUMBER_OBJECT_CONVERSION = YES_AGGRESSIVE;
				CLANG_CXX_LANGUAGE_STANDARD = "gnu++14";
				CLANG_CXX_LIBRARY = "libc++";
				CLANG_ENABLE_MODULES = YES;
				CLANG_ENABLE_OBJC_ARC = YES;
				CLANG_ENABLE_OBJC_WEAK = YES;
				CLANG_WARN_BLOCK_CAPTURE_AUTORELEASING = YES;
				CLANG_WARN_BOOL_CONVERSION = YES;
				CLANG_WARN_COMMA = YES;
				CLANG_WARN_CONSTANT_CONVERSION = YES;
				CLANG_WARN_DEPRECATED_OBJC_IMPLEMENTATIONS = YES;
				CLANG_WARN_DIRECT_OBJC_ISA_USAGE = YES_ERROR;
				CLANG_WARN_DOCUMENTATION_COMMENTS = YES;
				CLANG_WARN_EMPTY_BODY = YES;
				CLANG_WARN_ENUM_CONVERSION = YES;
				CLANG_WARN_INFINITE_RECURSION = YES;
				CLANG_WARN_INT_CONVERSION = YES;
				CLANG_WARN_NON_LITERAL_NULL_CONVERSION = YES;
				CLANG_WARN_OBJC_IMPLICIT_RETAIN_SELF = YES;
				CLANG_WARN_OBJC_LITERAL_CONVERSION = YES;
				CLANG_WARN_OBJC_ROOT_CLASS = YES_ERROR;
				CLANG_WARN_QUOTED_INCLUDE_IN_FRAMEWORK_HEADER = YES;
				CLANG_WARN_RANGE_LOOP_ANALYSIS = YES;
				CLANG_WARN_STRICT_PROTOTYPES = YES;
				CLANG_WARN_SUSPICIOUS_MOVE = YES;
				CLANG_WARN_UNGUARDED_AVAILABILITY = YES_AGGRESSIVE;
				CLANG_WARN_UNREACHABLE_CODE = YES;
				CLANG_WARN__DUPLICATE_METHOD_MATCH = YES;
				COPY_PHASE_STRIP = NO;
				DEBUG_INFORMATION_FORMAT = dwarf;
				ENABLE_STRICT_OBJC_MSGSEND = YES;
				ENABLE_TESTABILITY = YES;
				GCC_C_LANGUAGE_STANDARD = gnu11;
				GCC_DYNAMIC_NO_PIC = NO;
				GCC_NO_COMMON_BLOCKS = YES;
				GCC_OPTIMIZATION_LEVEL = 0;
				GCC_PREPROCESSOR_DEFINITIONS = (
					"DEBUG=1",
					"$(inherited)",
				);
				GCC_WARN_64_TO_32_BIT_CONVERSION = YES;
				GCC_WARN_ABOUT_RETURN_TYPE = YES_ERROR;
				GCC_WARN_UNDECLARED_SELECTOR = YES;
				GCC_WARN_UNINITIALIZED_AUTOS = YES_AGGRESSIVE;
				GCC_WARN_UNUSED_FUNCTION = YES;
				GCC_WARN_UNUSED_VARIABLE = YES;
				IPHONEOS_DEPLOYMENT_TARGET = 18.0;
				MTL_ENABLE_DEBUG_INFO = INCLUDE_SOURCE;
				MTL_FAST_MATH = YES;
				ONLY_ACTIVE_ARCH = YES;
				PRODUCT_NAME = "$(TARGET_NAME)";
				SWIFT_ACTIVE_COMPILATION_CONDITIONS = DEBUG;
				SWIFT_OPTIMIZATION_LEVEL = "-Onone";
				SWIFT_VERSION = 5.0;
			};
			name = Debug;
		};
		EBEE457D6C86EE9C769EA570 /* Release */ = {
			isa = XCBuildConfiguration;
			buildSettings = {
				ASSETCATALOG_COMPILER_APPICON_NAME = AppIcon;
				ASSETCATALOG_COMPILER_GENERATE_SWIFT_ASSET_SYMBOL_EXTENSIONS = NO;
				ASSETCATALOG_COMPILER_GLOBAL_ACCENT_COLOR_NAME = AccentColor;
				CLANG_ENABLE_OBJC_WEAK = NO;
				CODE_SIGN_STYLE = Automatic;
				CURRENT_PROJECT_VERSION = 1;
				DEVELOPMENT_TEAM = "";
				GENERATE_INFOPLIST_FILE = NO;
				INFOPLIST_FILE = StarterApp/Info.plist;
				IPHONEOS_DEPLOYMENT_TARGET = 18.0;
				LD_RUNPATH_SEARCH_PATHS = "$(inherited) @executable_path/Frameworks";
				MARKETING_VERSION = 1.0;
				PRODUCT_BUNDLE_IDENTIFIER = co.example.starterapp;
				SDKROOT = iphoneos;
				SUPPORTS_MACCATALYST = NO;
				SWIFT_VERSION = 5.0;
				TARGETED_DEVICE_FAMILY = "1,2";
				VALIDATE_PRODUCT = YES;
			};
			name = Release;
		};
/* End XCBuildConfiguration section */

/* Begin XCConfigurationList section */
		573742470CCE8931420C1C2A /* Build configuration list for PBXProject "StarterApp" */ = {
			isa = XCConfigurationList;
			buildConfigurations = (
				D17194275E72364FD78DB884 /* Debug */,
				5D6535AF102BDF5A31D89BE2 /* Release */,
			);
			defaultConfigurationIsVisible = 0;
			defaultConfigurationName = Release;
		};
		A23409BFDC7688CED6D493D0 /* Build configuration list for PBXNativeTarget "StarterApp" */ = {
			isa = XCConfigurationList;
			buildConfigurations = (
				EBEE457D6C86EE9C769EA570 /* Release */,
				2106697EBB013C3A4A9F0298 /* Debug */,
			);
			defaultConfigurationIsVisible = 0;
			defaultConfigurationName = Release;
		};
/* End XCConfigurationList section */
	};
	rootObject = 7A7CF8781442D74EEA24E5E9 /* Project object */;
}
