// !$*UTF8*$!
{
	archiveVersion = 1;
	classes = {
	};
	objectVersion = 46;
	objects = {

/* Begin PBXBuildFile section */
		0151EA31679066D9E41A417B /* SettingsView.swift in Sources */ = {isa = PBXBuildFile; fileRef = 5B1149E84C8C98BBD6A8F9B7 /* SettingsView.swift */; };
		02DB2D5F2620359985A3373E /* URLSessionHTTPClient.swift in Sources */ = {isa = PBXBuildFile; fileRef = 179F83B3269550EBE2717FAE /* URLSessionHTTPClient.swift */; };
		080550697417EB8669126171 /* PrepareAppShareUseCase.swift in Sources */ = {isa = PBXBuildFile; fileRef = AC7F970BA0CF0ACFB5370D04 /* PrepareAppShareUseCase.swift */; };
		08FE7207C428D27E7F1DEEEE /* UpdateSettingsLanguageUseCase.swift in Sources */ = {isa = PBXBuildFile; fileRef = 71D8447AAD2FE023B65938E1 /* UpdateSettingsLanguageUseCase.swift */; };
		0FF18727C9C4E3050F979BA0 /* SubscriptionModels.swift in Sources */ = {isa = PBXBuildFile; fileRef = D87DEEE195DB7031692372FE /* SubscriptionModels.swift */; };
		1027E9762DD180A2DAF94BEB /* zh-Hans.lproj in Resources */ = {isa = PBXBuildFile; fileRef = 189096A6BDDBEE425CBEC38C /* zh-Hans.lproj */; };
		1382F6BF668AD2DDE9275071 /* StarterApp.swift in Sources */ = {isa = PBXBuildFile; fileRef = 0CD1C3DF85BCDF320CE36096 /* StarterApp.swift */; };
		16B77070C3460C2C721EF736 /* UpdateAppLanguageUseCase.swift in Sources */ = {isa = PBXBuildFile; fileRef = F0832B83D67BEF9A9E105409 /* UpdateAppLanguageUseCase.swift */; };
		16E7419C22159DA59C507365 /* LoadSettingsUseCase.swift in Sources */ = {isa = PBXBuildFile; fileRef = 16DD37E7B8D291CFE7C4A3BE /* LoadSettingsUseCase.swift */; };
		18FCDEC70A382D3BCAB01BC8 /* LoadAppPreferencesUseCase.swift in Sources */ = {isa = PBXBuildFile; fileRef = E9119A512223ACD632278B5B /* LoadAppPreferencesUseCase.swift */; };
		1CF05040C791E80471226BFB /* SettingsSheetDestination.swift in Sources */ = {isa = PBXBuildFile; fileRef = 7DED53FC4BB30B928DBD6F05 /* SettingsSheetDestination.swift */; };
		1E28A818BED87FD93C0E195E /* RestoreSubscriptionPurchasesUseCase.swift in Sources */ = {isa = PBXBuildFile; fileRef = 0F79C24D083D762A57F1760A /* RestoreSubscriptionPurchasesUseCase.swift */; };
		1F137BDA64CFFA13180F247A /* UpdateSettingsAppearanceUseCase.swift in Sources */ = {isa = PBXBuildFile; fileRef = 753143288AE3D9D053D85AE0 /* UpdateSettingsAppearanceUseCase.swift */; };
		1F79DFA0FB49ACF9826567CB /* LoadSubscriptionViewStateUseCase.swift in Sources */ = {isa = PBXBuildFile; fileRef = 7BF4F274F6B5A7465B1C79D8 /* LoadSubscriptionViewStateUseCase.swift */; };
		202F4AFECBFB0D7D2665CAEA /* LoadSubscriptionAccessUseCase.swift in Sources */ = {isa = PBXBuildFile; fileRef = B286904B0B0951B272E4C79F /* LoadSubscriptionAccessUseCase.swift */; };
		2A6AB6BA4298284C0DC4871B /* UpdateAppAppearanceUseCase.swift in Sources */ = {isa = PBXBuildFile; fileRef = 8F643565950E18C972531C06 /* UpdateAppAppearanceUseCase.swift */; };
		2FDC407FEA27767D4018E32C /* NoopSettingsCacheRepository.swift in Sources */ = {isa = PBXBuildFile; fileRef = BBE3550918F25E5F211090EB /* NoopSettingsCacheRepository.swift */; };
		303D1467D4BBF9630031412E /* LegalDocumentView.swift in Sources */ = {isa = PBXBuildFile; fileRef = 07F3942118F3E31A13EC674E /* LegalDocumentView.swift */; };
		36A9170CA895CCA7F01D757F /* StoreKitSubscriptionRepository.swift in Sources */ = {isa = PBXBuildFile; fileRef = 46F485063700AFFDB2C198A1 /* StoreKitSubscriptionRepository.swift */; };
		3824AA3B674EC2A7216D45EF /* PagePrimaryState.swift in Sources */ = {isa = PBXBuildFile; fileRef = 4203919A3ABD9E856DD1BA7F /* PagePrimaryState.swift */; };
		493CA6E64CDC660E24D8FC86 /* HTTPClientProtocol.swift in Sources */ = {isa = PBXBuildFile; fileRef = 85E0DD886697E81FC175D215 /* HTTPClientProtocol.swift */; };
		55851F852DC7335DAFFBE6C3 /* AppPreferencesModels.swift in Sources */ = {isa = PBXBuildFile; fileRef = 682ED223675830AC3B5D09C3 /* AppPreferencesModels.swift */; };
		57D731565AB819FC472E58B6 /* SubscriptionConfig.swift in Sources */ = {isa = PBXBuildFile; fileRef = 91CA5DC49B2A7A914F754C57 /* SubscriptionConfig.swift */; };
		5B93BCE76FA7F744AD7EC77B /* OverlayPresenterModel.swift in Sources */ = {isa = PBXBuildFile; fileRef = 04DEA28C72703E774C5E8DCF /* OverlayPresenterModel.swift */; };
		5ECB6642E0D8E7B0E542B650 /* HomeView.swift in Sources */ = {isa = PBXBuildFile; fileRef = E1F49DA055C057C11D9854AB /* HomeView.swift */; };
		61E85D31F25AB6472DD5FF5E /* SupportActionRepositoryProtocol.swift in Sources */ = {isa = PBXBuildFile; fileRef = B722E6FEB35A63F6D53288D6 /* SupportActionRepositoryProtocol.swift */; };
		73733834C1CAA47F4E98DB70 /* SupportConfig.swift in Sources */ = {isa = PBXBuildFile; fileRef = 66FA4060DB25439649CA46A1 /* SupportConfig.swift */; };
		73C4559527C73F37B240F2C8 /* JSONDecoderFactory.swift in Sources */ = {isa = PBXBuildFile; fileRef = 5CE326641610353902FC715D /* JSONDecoderFactory.swift */; };
		787D1B26194584F7E9B74319 /* PageStateContainer.swift in Sources */ = {isa = PBXBuildFile; fileRef = 7FEB30B5E6B211BAFFA4C492 /* PageStateContainer.swift */; };
		7AB00610BF6B2AFEBA2586E4 /* AppPreferencesRepository.swift in Sources */ = {isa = PBXBuildFile; fileRef = EEB495501099D58D46700BD3 /* AppPreferencesRepository.swift */; };
		7BE5493F46FC0A1D687F0C0F /* LegalConfig.swift in Sources */ = {isa = PBXBuildFile; fileRef = DB65883E5EF55FC966BBCFA6 /* LegalConfig.swift */; };
		7E43F4C03B9786BB8A7F76D4 /* AppContainer.swift in Sources */ = {isa = PBXBuildFile; fileRef = DCEB37389BD55DAFE5D6EB7A /* AppContainer.swift */; };
		7EBF86CFCF03DF588A910721 /* LayoutToken.swift in Sources */ = {isa = PBXBuildFile; fileRef = A9D7D56C0DE3BD06B8E5E028 /* LayoutToken.swift */; };
		837ADDFB9A175353F0D7615C /* PrepareAppFeedbackRouteUseCase.swift in Sources */ = {isa = PBXBuildFile; fileRef = BE38091A7A4EF0D7FBE08AFA /* PrepareAppFeedbackRouteUseCase.swift */; };
		855BB4C3912465FCFCADB2AF /* RefreshSubscriptionStatusUseCase.swift in Sources */ = {isa = PBXBuildFile; fileRef = 1032032456B06C894F409DC1 /* RefreshSubscriptionStatusUseCase.swift */; };
		859305C4DF3056A6449CB9CD /* PurchaseSubscriptionPlanUseCase.swift in Sources */ = {isa = PBXBuildFile; fileRef = 065CDC268C110337AD7D8D68 /* PurchaseSubscriptionPlanUseCase.swift */; };
		86D44993D9682C865628776E /* HomeDemoModels.swift in Sources */ = {isa = PBXBuildFile; fileRef = 76E18232F1F4ADAF9F7693D2 /* HomeDemoModels.swift */; };
		8A7C687B14591E3E2F785B0A /* SubscriptionStateRepository.swift in Sources */ = {isa = PBXBuildFile; fileRef = 6B3A93EC043EE277B43AFD90 /* SubscriptionStateRepository.swift */; };
		8F10FF47B9739B111A52BD43 /* PageSecondaryState.swift in Sources */ = {isa = PBXBuildFile; fileRef = EC3B50A32A9AAA74E4D9BFD8 /* PageSecondaryState.swift */; };
		91C2C6049340D02573383012 /* OverlayPresenterView.swift in Sources */ = {isa = PBXBuildFile; fileRef = 7DB69CAC9F5424F42A8F36D5 /* OverlayPresenterView.swift */; };
		9687E97D274F8E19A82EDB7F /* HomeStore.swift in Sources */ = {isa = PBXBuildFile; fileRef = 91B8A4DF2805165DAF8C9927 /* HomeStore.swift */; };
		98AC20B5DE67BA1111DF18D0 /* HTTPMethod.swift in Sources */ = {isa = PBXBuildFile; fileRef = 8C118C66D3B248D2E554808F /* HTTPMethod.swift */; };
		A77E1475CB25A7E98F39F37F /* SupportActionRepository.swift in Sources */ = {isa = PBXBuildFile; fileRef = 058738430CE17D33758C5511 /* SupportActionRepository.swift */; };
		A7BE6105685B9D56A821A8C9 /* ClearSettingsCacheUseCase.swift in Sources */ = {isa = PBXBuildFile; fileRef = 0CB0815AE73AB3086AFE6AAD /* ClearSettingsCacheUseCase.swift */; };
		A880FDBB358AB2CCED257873 /* RequestDescriptor.swift in Sources */ = {isa = PBXBuildFile; fileRef = 0A4F5CC7050620579E055A83 /* RequestDescriptor.swift */; };
		A88BB54838C23BBCC5A81F7D /* LegalDocumentWebView.swift in Sources */ = {isa = PBXBuildFile; fileRef = 69FA78205A18FED55FA309F1 /* LegalDocumentWebView.swift */; };
		AA9324B3DAD6C23F3AEEB052 /* View+OverlaySurface.swift in Sources */ = {isa = PBXBuildFile; fileRef = 902CD0F62E1771289FBDD356 /* View+OverlaySurface.swift */; };
		BCB161689D71691D4D808919 /* HUDSession.swift in Sources */ = {isa = PBXBuildFile; fileRef = 5D0A3D74C9AB7C0CC7857127 /* HUDSession.swift */; };
		C29D9AF0C1AD333514D8FD5C /* ResolveLegalDocumentUseCase.swift in Sources */ = {isa = PBXBuildFile; fileRef = 268D1F2EFC995F21A1C2AB18 /* ResolveLegalDocumentUseCase.swift */; };
		C4995460A6EDDADD3437B561 /* AppRootView.swift in Sources */ = {isa = PBXBuildFile; fileRef = FD36EA5E32AB7837634C7FD1 /* AppRootView.swift */; };
		C4EEE569157AA026DF58DDE3 /* en.lproj in Resources */ = {isa = PBXBuildFile; fileRef = B6ACC91B21C38CBCB0A01E28 /* en.lproj */; };
		C5D3B83599BE39E3A019534B /* LegalDocumentStore.swift in Sources */ = {isa = PBXBuildFile; fileRef = BDA68F4553A3330D5BAA676B /* LegalDocumentStore.swift */; };
		C913EF827E18F1A5C537BAA4 /* LegalDocumentModels.swift in Sources */ = {isa = PBXBuildFile; fileRef = 1947A9E8BDD5D82E0E350401 /* LegalDocumentModels.swift */; };
		CC41D5757D0C3AE7E37BD270 /* PrepareAppReviewURLUseCase.swift in Sources */ = {isa = PBXBuildFile; fileRef = BEE74DBE5A1031EE89914898 /* PrepareAppReviewURLUseCase.swift */; };
		CF3FA7C3B8EA9A52DC4666F7 /* URLRequestBuilder.swift in Sources */ = {isa = PBXBuildFile; fileRef = 8AE084DF017031A78C12034E /* URLRequestBuilder.swift */; };
		D0187B2965AF334F84D223DB /* OverlayHUDCardView.swift in Sources */ = {isa = PBXBuildFile; fileRef = 795F9CF77357372807153678 /* OverlayHUDCardView.swift */; };
		D19F78BAF66B30930351B1A1 /* AppConfig.swift in Sources */ = {isa = PBXBuildFile; fileRef = 32DBAB537E973CF6E1B22287 /* AppConfig.swift */; };
		D337B0832D56AAA4B8578926 /* LoadSubscriptionPlanItemsUseCase.swift in Sources */ = {isa = PBXBuildFile; fileRef = E1A13036EBD7EE4643262247 /* LoadSubscriptionPlanItemsUseCase.swift */; };
		D3400A340C0B88E461B8B1B5 /* SubscriptionViewModels.swift in Sources */ = {isa = PBXBuildFile; fileRef = 04FD10FE9DBB62E4465166F0 /* SubscriptionViewModels.swift */; };
		D3C2AA142D66955424DAD88C /* OverlayStore.swift in Sources */ = {isa = PBXBuildFile; fileRef = 71946C2DB9BB2ECDD3E6E9ED /* OverlayStore.swift */; };
		D7DC2AE121666DB7DB66E3FF /* SettingsStore.swift in Sources */ = {isa = PBXBuildFile; fileRef = E5028D97551A6BF92E22652B /* SettingsStore.swift */; };
		E30E264529726A7FEC6BAF7B /* SettingsModels.swift in Sources */ = {isa = PBXBuildFile; fileRef = 1B16EDD561D250F058D10726 /* SettingsModels.swift */; };
		EFE8154383484E89ACD2B5FD /* SubscriptionView.swift in Sources */ = {isa = PBXBuildFile; fileRef = 9B03FBE2C00CA4428B51F743 /* SubscriptionView.swift */; };
		F01CC6ACFF22511E43C60941 /* SettingsCacheRepositoryProtocol.swift in Sources */ = {isa = PBXBuildFile; fileRef = D0F60F474FE87A949DBD22FA /* SettingsCacheRepositoryProtocol.swift */; };
		F27F9DC9B6C00DA689BFF4E3 /* AppEnvironment.swift in Sources */ = {isa = PBXBuildFile; fileRef = FD9D51B7E47D133BE97CE22E /* AppEnvironment.swift */; };
		F35854DF5F05FECB73F48C58 /* LoadSettingsCacheSummaryUseCase.swift in Sources */ = {isa = PBXBuildFile; fileRef = A3A419ED26A7C3EDC47C06A7 /* LoadSettingsCacheSummaryUseCase.swift */; };
		F813FDA70BB0F873EA81499E /* SubscriptionStore.swift in Sources */ = {isa = PBXBuildFile; fileRef = 8421A0C602A74740F5258DC7 /* SubscriptionStore.swift */; };
		FACD4C028929C021671FE8DE /* NetworkError.swift in Sources */ = {isa = PBXBuildFile; fileRef = E938E0A4200EA2653F52FD17 /* NetworkError.swift */; };
/* End PBXBuildFile section */

/* Begin PBXFileReference section */
		04DEA28C72703E774C5E8DCF /* OverlayPresenterModel.swift */ = {isa = PBXFileReference; includeInIndex = 1; lastKnownFileType = sourcecode.swift; path = OverlayPresenterModel.swift; sourceTree = "<group>"; };
		04FD10FE9DBB62E4465166F0 /* SubscriptionViewModels.swift */ = {isa = PBXFileReference; includeInIndex = 1; lastKnownFileType = sourcecode.swift; path = SubscriptionViewModels.swift; sourceTree = "<group>"; };
		058738430CE17D33758C5511 /* SupportActionRepository.swift */ = {isa = PBXFileReference; includeInIndex = 1; lastKnownFileType = sourcecode.swift; path = SupportActionRepository.swift; sourceTree = "<group>"; };
		065CDC268C110337AD7D8D68 /* PurchaseSubscriptionPlanUseCase.swift */ = {isa = PBXFileReference; includeInIndex = 1; lastKnownFileType = sourcecode.swift; path = PurchaseSubscriptionPlanUseCase.swift; sourceTree = "<group>"; };
		07F3942118F3E31A13EC674E /* LegalDocumentView.swift */ = {isa = PBXFileReference; includeInIndex = 1; lastKnownFileType = sourcecode.swift; path = LegalDocumentView.swift; sourceTree = "<group>"; };
		0A4F5CC7050620579E055A83 /* RequestDescriptor.swift */ = {isa = PBXFileReference; includeInIndex = 1; lastKnownFileType = sourcecode.swift; path = RequestDescriptor.swift; sourceTree = "<group>"; };
		0CB0815AE73AB3086AFE6AAD /* ClearSettingsCacheUseCase.swift */ = {isa = PBXFileReference; includeInIndex = 1; lastKnownFileType = sourcecode.swift; path = ClearSettingsCacheUseCase.swift; sourceTree = "<group>"; };
		0CD1C3DF85BCDF320CE36096 /* StarterApp.swift */ = {isa = PBXFileReference; includeInIndex = 1; lastKnownFileType = sourcecode.swift; path = StarterApp.swift; sourceTree = "<group>"; };
		0F79C24D083D762A57F1760A /* RestoreSubscriptionPurchasesUseCase.swift */ = {isa = PBXFileReference; includeInIndex = 1; lastKnownFileType = sourcecode.swift; path = RestoreSubscriptionPurchasesUseCase.swift; sourceTree = "<group>"; };
		1032032456B06C894F409DC1 /* RefreshSubscriptionStatusUseCase.swift */ = {isa = PBXFileReference; includeInIndex = 1; lastKnownFileType = sourcecode.swift; path = RefreshSubscriptionStatusUseCase.swift; sourceTree = "<group>"; };
		16DD37E7B8D291CFE7C4A3BE /* LoadSettingsUseCase.swift */ = {isa = PBXFileReference; includeInIndex = 1; lastKnownFileType = sourcecode.swift; path = LoadSettingsUseCase.swift; sourceTree = "<group>"; };
		179F83B3269550EBE2717FAE /* URLSessionHTTPClient.swift */ = {isa = PBXFileReference; includeInIndex = 1; lastKnownFileType = sourcecode.swift; path = URLSessionHTTPClient.swift; sourceTree = "<group>"; };
		189096A6BDDBEE425CBEC38C /* zh-Hans.lproj */ = {isa = PBXFileReference; includeInIndex = 1; path = "zh-Hans.lproj"; sourceTree = "<group>"; };
		1947A9E8BDD5D82E0E350401 /* LegalDocumentModels.swift */ = {isa = PBXFileReference; includeInIndex = 1; lastKnownFileType = sourcecode.swift; path = LegalDocumentModels.swift; sourceTree = "<group>"; };
		1B16EDD561D250F058D10726 /* SettingsModels.swift */ = {isa = PBXFileReference; includeInIndex = 1; lastKnownFileType = sourcecode.swift; path = SettingsModels.swift; sourceTree = "<group>"; };
		268D1F2EFC995F21A1C2AB18 /* ResolveLegalDocumentUseCase.swift */ = {isa = PBXFileReference; includeInIndex = 1; lastKnownFileType = sourcecode.swift; path = ResolveLegalDocumentUseCase.swift; sourceTree = "<group>"; };
		32DBAB537E973CF6E1B22287 /* AppConfig.swift */ = {isa = PBXFileReference; includeInIndex = 1; lastKnownFileType = sourcecode.swift; path = AppConfig.swift; sourceTree = "<group>"; };
		4203919A3ABD9E856DD1BA7F /* PagePrimaryState.swift */ = {isa = PBXFileReference; includeInIndex = 1; lastKnownFileType = sourcecode.swift; path = PagePrimaryState.swift; sourceTree = "<group>"; };
		46F485063700AFFDB2C198A1 /* StoreKitSubscriptionRepository.swift */ = {isa = PBXFileReference; includeInIndex = 1; lastKnownFileType = sourcecode.swift; path = StoreKitSubscriptionRepository.swift; sourceTree = "<group>"; };
		4C80C88A66B2B061B0756F2D /* Info.plist */ = {isa = PBXFileReference; includeInIndex = 1; lastKnownFileType = text.plist.xml; path = Info.plist; sourceTree = "<group>"; };
		5B1149E84C8C98BBD6A8F9B7 /* SettingsView.swift */ = {isa = PBXFileReference; includeInIndex = 1; lastKnownFileType = sourcecode.swift; path = SettingsView.swift; sourceTree = "<group>"; };
		5CE326641610353902FC715D /* JSONDecoderFactory.swift */ = {isa = PBXFileReference; includeInIndex = 1; lastKnownFileType = sourcecode.swift; path = JSONDecoderFactory.swift; sourceTree = "<group>"; };
		5D0A3D74C9AB7C0CC7857127 /* HUDSession.swift */ = {isa = PBXFileReference; includeInIndex = 1; lastKnownFileType = sourcecode.swift; path = HUDSession.swift; sourceTree = "<group>"; };
		66FA4060DB25439649CA46A1 /* SupportConfig.swift */ = {isa = PBXFileReference; includeInIndex = 1; lastKnownFileType = sourcecode.swift; path = SupportConfig.swift; sourceTree = "<group>"; };
		682ED223675830AC3B5D09C3 /* AppPreferencesModels.swift */ = {isa = PBXFileReference; includeInIndex = 1; lastKnownFileType = sourcecode.swift; path = AppPreferencesModels.swift; sourceTree = "<group>"; };
		69FA78205A18FED55FA309F1 /* LegalDocumentWebView.swift */ = {isa = PBXFileReference; includeInIndex = 1; lastKnownFileType = sourcecode.swift; path = LegalDocumentWebView.swift; sourceTree = "<group>"; };
		6B3A93EC043EE277B43AFD90 /* SubscriptionStateRepository.swift */ = {isa = PBXFileReference; includeInIndex = 1; lastKnownFileType = sourcecode.swift; path = SubscriptionStateRepository.swift; sourceTree = "<group>"; };
		71946C2DB9BB2ECDD3E6E9ED /* OverlayStore.swift */ = {isa = PBXFileReference; includeInIndex = 1; lastKnownFileType = sourcecode.swift; path = OverlayStore.swift; sourceTree = "<group>"; };
		71D8447AAD2FE023B65938E1 /* UpdateSettingsLanguageUseCase.swift */ = {isa = PBXFileReference; includeInIndex = 1; lastKnownFileType = sourcecode.swift; path = UpdateSettingsLanguageUseCase.swift; sourceTree = "<group>"; };
		753143288AE3D9D053D85AE0 /* UpdateSettingsAppearanceUseCase.swift */ = {isa = PBXFileReference; includeInIndex = 1; lastKnownFileType = sourcecode.swift; path = UpdateSettingsAppearanceUseCase.swift; sourceTree = "<group>"; };
		76E18232F1F4ADAF9F7693D2 /* HomeDemoModels.swift */ = {isa = PBXFileReference; includeInIndex = 1; lastKnownFileType = sourcecode.swift; path = HomeDemoModels.swift; sourceTree = "<group>"; };
		795F9CF77357372807153678 /* OverlayHUDCardView.swift */ = {isa = PBXFileReference; includeInIndex = 1; lastKnownFileType = sourcecode.swift; path = OverlayHUDCardView.swift; sourceTree = "<group>"; };
		7BF4F274F6B5A7465B1C79D8 /* LoadSubscriptionViewStateUseCase.swift */ = {isa = PBXFileReference; includeInIndex = 1; lastKnownFileType = sourcecode.swift; path = LoadSubscriptionViewStateUseCase.swift; sourceTree = "<group>"; };
		7DB69CAC9F5424F42A8F36D5 /* OverlayPresenterView.swift */ = {isa = PBXFileReference; includeInIndex = 1; lastKnownFileType = sourcecode.swift; path = OverlayPresenterView.swift; sourceTree = "<group>"; };
		7DED53FC4BB30B928DBD6F05 /* SettingsSheetDestination.swift */ = {isa = PBXFileReference; includeInIndex = 1; lastKnownFileType = sourcecode.swift; path = SettingsSheetDestination.swift; sourceTree = "<group>"; };
		7FEB30B5E6B211BAFFA4C492 /* PageStateContainer.swift */ = {isa = PBXFileReference; includeInIndex = 1; lastKnownFileType = sourcecode.swift; path = PageStateContainer.swift; sourceTree = "<group>"; };
		8421A0C602A74740F5258DC7 /* SubscriptionStore.swift */ = {isa = PBXFileReference; includeInIndex = 1; lastKnownFileType = sourcecode.swift; path = SubscriptionStore.swift; sourceTree = "<group>"; };
		85E0DD886697E81FC175D215 /* HTTPClientProtocol.swift */ = {isa = PBXFileReference; includeInIndex = 1; lastKnownFileType = sourcecode.swift; path = HTTPClientProtocol.swift; sourceTree = "<group>"; };
		8AE084DF017031A78C12034E /* URLRequestBuilder.swift */ = {isa = PBXFileReference; includeInIndex = 1; lastKnownFileType = sourcecode.swift; path = URLRequestBuilder.swift; sourceTree = "<group>"; };
		8C118C66D3B248D2E554808F /* HTTPMethod.swift */ = {isa = PBXFileReference; includeInIndex = 1; lastKnownFileType = sourcecode.swift; path = HTTPMethod.swift; sourceTree = "<group>"; };
		8F643565950E18C972531C06 /* UpdateAppAppearanceUseCase.swift */ = {isa = PBXFileReference; includeInIndex = 1; lastKnownFileType = sourcecode.swift; path = UpdateAppAppearanceUseCase.swift; sourceTree = "<group>"; };
		902CD0F62E1771289FBDD356 /* View+OverlaySurface.swift */ = {isa = PBXFileReference; includeInIndex = 1; lastKnownFileType = sourcecode.swift; path = "View+OverlaySurface.swift"; sourceTree = "<group>"; };
		91B8A4DF2805165DAF8C9927 /* HomeStore.swift */ = {isa = PBXFileReference; includeInIndex = 1; lastKnownFileType = sourcecode.swift; path = HomeStore.swift; sourceTree = "<group>"; };
		91CA5DC49B2A7A914F754C57 /* SubscriptionConfig.swift */ = {isa = PBXFileReference; includeInIndex = 1; lastKnownFileType = sourcecode.swift; path = SubscriptionConfig.swift; sourceTree = "<group>"; };
		9B03FBE2C00CA4428B51F743 /* SubscriptionView.swift */ = {isa = PBXFileReference; includeInIndex = 1; lastKnownFileType = sourcecode.swift; path = SubscriptionView.swift; sourceTree = "<group>"; };
		A3A419ED26A7C3EDC47C06A7 /* LoadSettingsCacheSummaryUseCase.swift */ = {isa = PBXFileReference; includeInIndex = 1; lastKnownFileType = sourcecode.swift; path = LoadSettingsCacheSummaryUseCase.swift; sourceTree = "<group>"; };
		A9D7D56C0DE3BD06B8E5E028 /* LayoutToken.swift */ = {isa = PBXFileReference; includeInIndex = 1; lastKnownFileType = sourcecode.swift; path = LayoutToken.swift; sourceTree = "<group>"; };
		AC7F970BA0CF0ACFB5370D04 /* PrepareAppShareUseCase.swift */ = {isa = PBXFileReference; includeInIndex = 1; lastKnownFileType = sourcecode.swift; path = PrepareAppShareUseCase.swift; sourceTree = "<group>"; };
		B286904B0B0951B272E4C79F /* LoadSubscriptionAccessUseCase.swift */ = {isa = PBXFileReference; includeInIndex = 1; lastKnownFileType = sourcecode.swift; path = LoadSubscriptionAccessUseCase.swift; sourceTree = "<group>"; };
		B6ACC91B21C38CBCB0A01E28 /* en.lproj */ = {isa = PBXFileReference; includeInIndex = 1; path = en.lproj; sourceTree = "<group>"; };
		B722E6FEB35A63F6D53288D6 /* SupportActionRepositoryProtocol.swift */ = {isa = PBXFileReference; includeInIndex = 1; lastKnownFileType = sourcecode.swift; path = SupportActionRepositoryProtocol.swift; sourceTree = "<group>"; };
		BBE3550918F25E5F211090EB /* NoopSettingsCacheRepository.swift */ = {isa = PBXFileReference; includeInIndex = 1; lastKnownFileType = sourcecode.swift; path = NoopSettingsCacheRepository.swift; sourceTree = "<group>"; };
		BDA68F4553A3330D5BAA676B /* LegalDocumentStore.swift */ = {isa = PBXFileReference; includeInIndex = 1; lastKnownFileType = sourcecode.swift; path = LegalDocumentStore.swift; sourceTree = "<group>"; };
		BE38091A7A4EF0D7FBE08AFA /* PrepareAppFeedbackRouteUseCase.swift */ = {isa = PBXFileReference; includeInIndex = 1; lastKnownFileType = sourcecode.swift; path = PrepareAppFeedbackRouteUseCase.swift; sourceTree = "<group>"; };
		BEE74DBE5A1031EE89914898 /* PrepareAppReviewURLUseCase.swift */ = {isa = PBXFileReference; includeInIndex = 1; lastKnownFileType = sourcecode.swift; path = PrepareAppReviewURLUseCase.swift; sourceTree = "<group>"; };
		D0F60F474FE87A949DBD22FA /* SettingsCacheRepositoryProtocol.swift */ = {isa = PBXFileReference; includeInIndex = 1; lastKnownFileType = sourcecode.swift; path = SettingsCacheRepositoryProtocol.swift; sourceTree = "<group>"; };
		D87DEEE195DB7031692372FE /* SubscriptionModels.swift */ = {isa = PBXFileReference; includeInIndex = 1; lastKnownFileType = sourcecode.swift; path = SubscriptionModels.swift; sourceTree = "<group>"; };
		DB65883E5EF55FC966BBCFA6 /* LegalConfig.swift */ = {isa = PBXFileReference; includeInIndex = 1; lastKnownFileType = sourcecode.swift; path = LegalConfig.swift; sourceTree = "<group>"; };
		DCEB37389BD55DAFE5D6EB7A /* AppContainer.swift */ = {isa = PBXFileReference; includeInIndex = 1; lastKnownFileType = sourcecode.swift; path = AppContainer.swift; sourceTree = "<group>"; };
		E1A13036EBD7EE4643262247 /* LoadSubscriptionPlanItemsUseCase.swift */ = {isa = PBXFileReference; includeInIndex = 1; lastKnownFileType = sourcecode.swift; path = LoadSubscriptionPlanItemsUseCase.swift; sourceTree = "<group>"; };
		E1F49DA055C057C11D9854AB /* HomeView.swift */ = {isa = PBXFileReference; includeInIndex = 1; lastKnownFileType = sourcecode.swift; path = HomeView.swift; sourceTree = "<group>"; };
		E5028D97551A6BF92E22652B /* SettingsStore.swift */ = {isa = PBXFileReference; includeInIndex = 1; lastKnownFileType = sourcecode.swift; path = SettingsStore.swift; sourceTree = "<group>"; };
		E9119A512223ACD632278B5B /* LoadAppPreferencesUseCase.swift */ = {isa = PBXFileReference; includeInIndex = 1; lastKnownFileType = sourcecode.swift; path = LoadAppPreferencesUseCase.swift; sourceTree = "<group>"; };
		E938E0A4200EA2653F52FD17 /* NetworkError.swift */ = {isa = PBXFileReference; includeInIndex = 1; lastKnownFileType = sourcecode.swift; path = NetworkError.swift; sourceTree = "<group>"; };
		EC3B50A32A9AAA74E4D9BFD8 /* PageSecondaryState.swift */ = {isa = PBXFileReference; includeInIndex = 1; lastKnownFileType = sourcecode.swift; path = PageSecondaryState.swift; sourceTree = "<group>"; };
		EEB495501099D58D46700BD3 /* AppPreferencesRepository.swift */ = {isa = PBXFileReference; includeInIndex = 1; lastKnownFileType = sourcecode.swift; path = AppPreferencesRepository.swift; sourceTree = "<group>"; };
		F0832B83D67BEF9A9E105409 /* UpdateAppLanguageUseCase.swift */ = {isa = PBXFileReference; includeInIndex = 1; lastKnownFileType = sourcecode.swift; path = UpdateAppLanguageUseCase.swift; sourceTree = "<group>"; };
		FD36EA5E32AB7837634C7FD1 /* AppRootView.swift */ = {isa = PBXFileReference; includeInIndex = 1; lastKnownFileType = sourcecode.swift; path = AppRootView.swift; sourceTree = "<group>"; };
		FD9D51B7E47D133BE97CE22E /* AppEnvironment.swift */ = {isa = PBXFileReference; includeInIndex = 1; lastKnownFileType = sourcecode.swift; path = AppEnvironment.swift; sourceTree = "<group>"; };
/* End PBXFileReference section */

/* Begin PBXFrameworksBuildPhase section */
		4FF65943DBC3435C0037C08C /* Frameworks */ = {
			isa = PBXFrameworksBuildPhase;
			buildActionMask = 2147483647;
			files = (
			);
			runOnlyForDeploymentPostprocessing = 0;
		};
/* End PBXFrameworksBuildPhase section */

/* Begin PBXGroup section */
		08DBAC4D51AFF4C06CBB0BCB /* Support */ = {
			isa = PBXGroup;
			children = (
				058738430CE17D33758C5511 /* SupportActionRepository.swift */,
			);
			name = Support;
			path = Support;
			sourceTree = "<group>";
		};
		0ABC08C9F0B2CADD93DCD7F1 /* Network */ = {
			isa = PBXGroup;
			children = (
				85E0DD886697E81FC175D215 /* HTTPClientProtocol.swift */,
			);
			name = Network;
			path = Network;
			sourceTree = "<group>";
		};
		13C23F952BE930D1A5A95FFE = {
			isa = PBXGroup;
			children = (
				A08FA114299FC2A632AB9A6D /* StarterApp */,
			);
			sourceTree = "<group>";
		};
		1850D2FFCCDBA3712C10564D /* UI */ = {
			isa = PBXGroup;
			children = (
				F5A9034E445230206F10DD2B /* Effects */,
				8451104D3BAC94C68A902925 /* Layout */,
				A2FADDCA86553B13156DE5F7 /* Overlay */,
				B578B16DCDE74444324C9D85 /* State */,
			);
			name = UI;
			path = UI;
			sourceTree = "<group>";
		};
		2FD5A4A2384050135AA0A982 /* Domain */ = {
			isa = PBXGroup;
			children = (
				04FD10FE9DBB62E4465166F0 /* SubscriptionViewModels.swift */,
			);
			name = Domain;
			path = Domain;
			sourceTree = "<group>";
		};
		3CEE84039F24B8869DBFFDDE /* Domain */ = {
			isa = PBXGroup;
			children = (
				D0F60F474FE87A949DBD22FA /* SettingsCacheRepositoryProtocol.swift */,
				1B16EDD561D250F058D10726 /* SettingsModels.swift */,
			);
			name = Domain;
			path = Domain;
			sourceTree = "<group>";
		};
		4461FC4AD101AB12777A89A7 /* Presentation */ = {
			isa = PBXGroup;
			children = (
				91B8A4DF2805165DAF8C9927 /* HomeStore.swift */,
				E1F49DA055C057C11D9854AB /* HomeView.swift */,
			);
			name = Presentation;
			path = Presentation;
			sourceTree = "<group>";
		};
		45CDD7C59C5020C67DD26B98 /* Presentation */ = {
			isa = PBXGroup;
			children = (
				BDA68F4553A3330D5BAA676B /* LegalDocumentStore.swift */,
				07F3942118F3E31A13EC674E /* LegalDocumentView.swift */,
				69FA78205A18FED55FA309F1 /* LegalDocumentWebView.swift */,
			);
			name = Presentation;
			path = Presentation;
			sourceTree = "<group>";
		};
		50BE77F13D11B6D98049A11C /* Subscription */ = {
			isa = PBXGroup;
			children = (
				D87DEEE195DB7031692372FE /* SubscriptionModels.swift */,
			);
			name = Subscription;
			path = Subscription;
			sourceTree = "<group>";
		};
		513A410219E2AB66E1688EC8 /* Foundation */ = {
			isa = PBXGroup;
			children = (
				EF517371674FB3D16372FA8D /* State */,
				64A9D73A4F52E3A2BD0036E6 /* Types */,
			);
			name = Foundation;
			path = Foundation;
			sourceTree = "<group>";
		};
		525F077347D950D2A4F9CBFF /* Settings */ = {
			isa = PBXGroup;
			children = (
				80438C76E1EB2A2012ED3D3B /* Application */,
				3CEE84039F24B8869DBFFDDE /* Domain */,
				D2CD913E7F8A1E3E361644CC /* Infrastructure */,
				ACE2FB6E85C7426DD692FDC4 /* Presentation */,
			);
			name = Settings;
			path = Settings;
			sourceTree = "<group>";
		};
		5A54ED5B1033B509035C2634 /* App */ = {
			isa = PBXGroup;
			children = (
				DCEB37389BD55DAFE5D6EB7A /* AppContainer.swift */,
				FD9D51B7E47D133BE97CE22E /* AppEnvironment.swift */,
				FD36EA5E32AB7837634C7FD1 /* AppRootView.swift */,
				0CD1C3DF85BCDF320CE36096 /* StarterApp.swift */,
			);
			name = App;
			path = App;
			sourceTree = "<group>";
		};
		64A9D73A4F52E3A2BD0036E6 /* Types */ = {
			isa = PBXGroup;
			children = (
				04DEA28C72703E774C5E8DCF /* OverlayPresenterModel.swift */,
			);
			name = Types;
			path = Types;
			sourceTree = "<group>";
		};
		668FF8FFB03D3EE6D870B91C /* Support */ = {
			isa = PBXGroup;
			children = (
				B722E6FEB35A63F6D53288D6 /* SupportActionRepositoryProtocol.swift */,
			);
			name = Support;
			path = Support;
			sourceTree = "<group>";
		};
		67A82BA4B211CE1866011882 /* Preferences */ = {
			isa = PBXGroup;
			children = (
				E9119A512223ACD632278B5B /* LoadAppPreferencesUseCase.swift */,
				8F643565950E18C972531C06 /* UpdateAppAppearanceUseCase.swift */,
				F0832B83D67BEF9A9E105409 /* UpdateAppLanguageUseCase.swift */,
			);
			name = Preferences;
			path = Preferences;
			sourceTree = "<group>";
		};
		6D27845CF4706ACC1FD95897 /* Subscription */ = {
			isa = PBXGroup;
			children = (
				46F485063700AFFDB2C198A1 /* StoreKitSubscriptionRepository.swift */,
			);
			name = Subscription;
			path = Subscription;
			sourceTree = "<group>";
		};
		6F76B7FD10DF7A11B1B2789F /* Presentation */ = {
			isa = PBXGroup;
			children = (
				8421A0C602A74740F5258DC7 /* SubscriptionStore.swift */,
				9B03FBE2C00CA4428B51F743 /* SubscriptionView.swift */,
			);
			name = Presentation;
			path = Presentation;
			sourceTree = "<group>";
		};
		70F969B7FBF3B7146B12B9F7 /* Domain */ = {
			isa = PBXGroup;
			children = (
				87919EFD15B5706E4CA79E2C /* Legal */,
				0ABC08C9F0B2CADD93DCD7F1 /* Network */,
				E3AFF94E7539EC55684E6CC7 /* Preferences */,
				50BE77F13D11B6D98049A11C /* Subscription */,
				668FF8FFB03D3EE6D870B91C /* Support */,
			);
			name = Domain;
			path = Domain;
			sourceTree = "<group>";
		};
		7102F20961630CF8A88FC6FF /* Legal */ = {
			isa = PBXGroup;
			children = (
				268D1F2EFC995F21A1C2AB18 /* ResolveLegalDocumentUseCase.swift */,
			);
			name = Legal;
			path = Legal;
			sourceTree = "<group>";
		};
		7C6911E75FEC079F7F763521 /* Persistence */ = {
			isa = PBXGroup;
			children = (
				EEB495501099D58D46700BD3 /* AppPreferencesRepository.swift */,
				6B3A93EC043EE277B43AFD90 /* SubscriptionStateRepository.swift */,
			);
			name = Persistence;
			path = Persistence;
			sourceTree = "<group>";
		};
		80438C76E1EB2A2012ED3D3B /* Application */ = {
			isa = PBXGroup;
			children = (
				0CB0815AE73AB3086AFE6AAD /* ClearSettingsCacheUseCase.swift */,
				A3A419ED26A7C3EDC47C06A7 /* LoadSettingsCacheSummaryUseCase.swift */,
				16DD37E7B8D291CFE7C4A3BE /* LoadSettingsUseCase.swift */,
				BE38091A7A4EF0D7FBE08AFA /* PrepareAppFeedbackRouteUseCase.swift */,
				BEE74DBE5A1031EE89914898 /* PrepareAppReviewURLUseCase.swift */,
				AC7F970BA0CF0ACFB5370D04 /* PrepareAppShareUseCase.swift */,
				753143288AE3D9D053D85AE0 /* UpdateSettingsAppearanceUseCase.swift */,
				71D8447AAD2FE023B65938E1 /* UpdateSettingsLanguageUseCase.swift */,
			);
			name = Application;
			path = Application;
			sourceTree = "<group>";
		};
		8178474E19030AD120EC1A98 /* Home */ = {
			isa = PBXGroup;
			children = (
				8FCA6816B92E155A1B85CCF9 /* Domain */,
				4461FC4AD101AB12777A89A7 /* Presentation */,
			);
			name = Home;
			path = Home;
			sourceTree = "<group>";
		};
		83255FFED367A2DF928AD450 /* Integrations */ = {
			isa = PBXGroup;
			children = (
				6D27845CF4706ACC1FD95897 /* Subscription */,
			);
			name = Integrations;
			path = Integrations;
			sourceTree = "<group>";
		};
		8451104D3BAC94C68A902925 /* Layout */ = {
			isa = PBXGroup;
			children = (
				A9D7D56C0DE3BD06B8E5E028 /* LayoutToken.swift */,
			);
			name = Layout;
			path = Layout;
			sourceTree = "<group>";
		};
		87919EFD15B5706E4CA79E2C /* Legal */ = {
			isa = PBXGroup;
			children = (
				1947A9E8BDD5D82E0E350401 /* LegalDocumentModels.swift */,
			);
			name = Legal;
			path = Legal;
			sourceTree = "<group>";
		};
		8FCA6816B92E155A1B85CCF9 /* Domain */ = {
			isa = PBXGroup;
			children = (
				76E18232F1F4ADAF9F7693D2 /* HomeDemoModels.swift */,
			);
			name = Domain;
			path = Domain;
			sourceTree = "<group>";
		};
		9151DAAE46DA05857E741A03 /* Subscription */ = {
			isa = PBXGroup;
			children = (
				B286904B0B0951B272E4C79F /* LoadSubscriptionAccessUseCase.swift */,
				1032032456B06C894F409DC1 /* RefreshSubscriptionStatusUseCase.swift */,
				0F79C24D083D762A57F1760A /* RestoreSubscriptionPurchasesUseCase.swift */,
			);
			name = Subscription;
			path = Subscription;
			sourceTree = "<group>";
		};
		954E146E37411FAB6A1891F3 /* Features */ = {
			isa = PBXGroup;
			children = (
				8178474E19030AD120EC1A98 /* Home */,
				CCF529B2ABCB11D3592E4690 /* LegalDocument */,
				525F077347D950D2A4F9CBFF /* Settings */,
				CF99CBBB246B0F946DCCF730 /* Subscription */,
			);
			name = Features;
			path = Features;
			sourceTree = "<group>";
		};
		96BDE59F24DEBB771548F9DC /* Common */ = {
			isa = PBXGroup;
			children = (
				513A410219E2AB66E1688EC8 /* Foundation */,
				DE690BB13379045DC81406BE /* Platform */,
				1850D2FFCCDBA3712C10564D /* UI */,
			);
			name = Common;
			path = Common;
			sourceTree = "<group>";
		};
		A08FA114299FC2A632AB9A6D /* StarterApp */ = {
			isa = PBXGroup;
			children = (
				5A54ED5B1033B509035C2634 /* App */,
				96BDE59F24DEBB771548F9DC /* Common */,
				E81247B079F7A4F3A4D9AA3F /* Config */,
				F3DD322F010DA07C541FAEB9 /* Core */,
				954E146E37411FAB6A1891F3 /* Features */,
				D8A1F6E05AE98E211BBAAE41 /* Resources */,
				4C80C88A66B2B061B0756F2D /* Info.plist */,
			);
			name = StarterApp;
			path = StarterApp;
			sourceTree = "<group>";
		};
		A2FADDCA86553B13156DE5F7 /* Overlay */ = {
			isa = PBXGroup;
			children = (
				795F9CF77357372807153678 /* OverlayHUDCardView.swift */,
				7DB69CAC9F5424F42A8F36D5 /* OverlayPresenterView.swift */,
			);
			name = Overlay;
			path = Overlay;
			sourceTree = "<group>";
		};
		ACE2FB6E85C7426DD692FDC4 /* Presentation */ = {
			isa = PBXGroup;
			children = (
				7DED53FC4BB30B928DBD6F05 /* SettingsSheetDestination.swift */,
				E5028D97551A6BF92E22652B /* SettingsStore.swift */,
				5B1149E84C8C98BBD6A8F9B7 /* SettingsView.swift */,
			);
			name = Presentation;
			path = Presentation;
			sourceTree = "<group>";
		};
		AD61C8A9063075BC6022CA97 /* Network */ = {
			isa = PBXGroup;
			children = (
				8C118C66D3B248D2E554808F /* HTTPMethod.swift */,
				5CE326641610353902FC715D /* JSONDecoderFactory.swift */,
				E938E0A4200EA2653F52FD17 /* NetworkError.swift */,
				0A4F5CC7050620579E055A83 /* RequestDescriptor.swift */,
				8AE084DF017031A78C12034E /* URLRequestBuilder.swift */,
				179F83B3269550EBE2717FAE /* URLSessionHTTPClient.swift */,
			);
			name = Network;
			path = Network;
			sourceTree = "<group>";
		};
		B578B16DCDE74444324C9D85 /* State */ = {
			isa = PBXGroup;
			children = (
				7FEB30B5E6B211BAFFA4C492 /* PageStateContainer.swift */,
			);
			name = State;
			path = State;
			sourceTree = "<group>";
		};
		C4962BC1DE690FAE607E511D /* Application */ = {
			isa = PBXGroup;
			children = (
				7102F20961630CF8A88FC6FF /* Legal */,
				67A82BA4B211CE1866011882 /* Preferences */,
				9151DAAE46DA05857E741A03 /* Subscription */,
			);
			name = Application;
			path = Application;
			sourceTree = "<group>";
		};
		CCF529B2ABCB11D3592E4690 /* LegalDocument */ = {
			isa = PBXGroup;
			children = (
				45CDD7C59C5020C67DD26B98 /* Presentation */,
			);
			name = LegalDocument;
			path = LegalDocument;
			sourceTree = "<group>";
		};
		CF99CBBB246B0F946DCCF730 /* Subscription */ = {
			isa = PBXGroup;
			children = (
				EC7DDBA875D6C1832CF4E2C3 /* Application */,
				2FD5A4A2384050135AA0A982 /* Domain */,
				6F76B7FD10DF7A11B1B2789F /* Presentation */,
			);
			name = Subscription;
			path = Subscription;
			sourceTree = "<group>";
		};
		D29504BB8163FFBF360E87CB /* Overlay */ = {
			isa = PBXGroup;
			children = (
				5D0A3D74C9AB7C0CC7857127 /* HUDSession.swift */,
				71946C2DB9BB2ECDD3E6E9ED /* OverlayStore.swift */,
			);
			name = Overlay;
			path = Overlay;
			sourceTree = "<group>";
		};
		D2CD913E7F8A1E3E361644CC /* Infrastructure */ = {
			isa = PBXGroup;
			children = (
				BBE3550918F25E5F211090EB /* NoopSettingsCacheRepository.swift */,
			);
			name = Infrastructure;
			path = Infrastructure;
			sourceTree = "<group>";
		};
		D4A4799A46D50D0D6E33F26D /* Localization */ = {
			isa = PBXGroup;
			children = (
				B6ACC91B21C38CBCB0A01E28 /* en.lproj */,
				189096A6BDDBEE425CBEC38C /* zh-Hans.lproj */,
			);
			name = Localization;
			path = Localization;
			sourceTree = "<group>";
		};
		D8A1F6E05AE98E211BBAAE41 /* Resources */ = {
			isa = PBXGroup;
			children = (
				D4A4799A46D50D0D6E33F26D /* Localization */,
			);
			name = Resources;
			path = Resources;
			sourceTree = "<group>";
		};
		DE690BB13379045DC81406BE /* Platform */ = {
			isa = PBXGroup;
			children = (
				D29504BB8163FFBF360E87CB /* Overlay */,
			);
			name = Platform;
			path = Platform;
			sourceTree = "<group>";
		};
		E3AFF94E7539EC55684E6CC7 /* Preferences */ = {
			isa = PBXGroup;
			children = (
				682ED223675830AC3B5D09C3 /* AppPreferencesModels.swift */,
			);
			name = Preferences;
			path = Preferences;
			sourceTree = "<group>";
		};
		E81247B079F7A4F3A4D9AA3F /* Config */ = {
			isa = PBXGroup;
			children = (
				32DBAB537E973CF6E1B22287 /* AppConfig.swift */,
				DB65883E5EF55FC966BBCFA6 /* LegalConfig.swift */,
				91CA5DC49B2A7A914F754C57 /* SubscriptionConfig.swift */,
				66FA4060DB25439649CA46A1 /* SupportConfig.swift */,
			);
			name = Config;
			path = Config;
			sourceTree = "<group>";
		};
		EC7DDBA875D6C1832CF4E2C3 /* Application */ = {
			isa = PBXGroup;
			children = (
				E1A13036EBD7EE4643262247 /* LoadSubscriptionPlanItemsUseCase.swift */,
				7BF4F274F6B5A7465B1C79D8 /* LoadSubscriptionViewStateUseCase.swift */,
				065CDC268C110337AD7D8D68 /* PurchaseSubscriptionPlanUseCase.swift */,
			);
			name = Application;
			path = Application;
			sourceTree = "<group>";
		};
		EF517371674FB3D16372FA8D /* State */ = {
			isa = PBXGroup;
			children = (
				4203919A3ABD9E856DD1BA7F /* PagePrimaryState.swift */,
				EC3B50A32A9AAA74E4D9BFD8 /* PageSecondaryState.swift */,
			);
			name = State;
			path = State;
			sourceTree = "<group>";
		};
		F3DD322F010DA07C541FAEB9 /* Core */ = {
			isa = PBXGroup;
			children = (
				C4962BC1DE690FAE607E511D /* Application */,
				70F969B7FBF3B7146B12B9F7 /* Domain */,
				FAEE1EA7A5F25D396ABD7763 /* Infrastructure */,
				83255FFED367A2DF928AD450 /* Integrations */,
			);
			name = Core;
			path = Core;
			sourceTree = "<group>";
		};
		F5A9034E445230206F10DD2B /* Effects */ = {
			isa = PBXGroup;
			children = (
				902CD0F62E1771289FBDD356 /* View+OverlaySurface.swift */,
			);
			name = Effects;
			path = Effects;
			sourceTree = "<group>";
		};
		FAEE1EA7A5F25D396ABD7763 /* Infrastructure */ = {
			isa = PBXGroup;
			children = (
				AD61C8A9063075BC6022CA97 /* Network */,
				7C6911E75FEC079F7F763521 /* Persistence */,
				08DBAC4D51AFF4C06CBB0BCB /* Support */,
			);
			name = Infrastructure;
			path = Infrastructure;
			sourceTree = "<group>";
		};
/* End PBXGroup section */

/* Begin PBXNativeTarget section */
		F09D3A8C2A6488EA02E43205 /* StarterApp */ = {
			isa = PBXNativeTarget;
			buildConfigurationList = FE4CE1351C9A9F5709CDEC6E /* Build configuration list for PBXNativeTarget "StarterApp" */;
			buildPhases = (
				2CDEF9D228DAA66F3710893B /* Sources */,
				4FF65943DBC3435C0037C08C /* Frameworks */,
				E8B38889621FECBDCE023DDF /* Resources */,
			);
			buildRules = (
			);
			dependencies = (
			);
			name = StarterApp;
			productName = StarterApp;
			productType = "com.apple.product-type.application";
		};
/* End PBXNativeTarget section */

/* Begin PBXProject section */
		E7AFBF2E64D57CC680FCF60B /* Project object */ = {
			isa = PBXProject;
			attributes = {
				LastSwiftUpdateCheck = 1600;
				LastUpgradeCheck = 1600;
			};
			buildConfigurationList = 68E23FE207466F75637BF0C8 /* Build configuration list for PBXProject "StarterApp" */;
			compatibilityVersion = "Xcode 3.2";
			developmentRegion = en;
			hasScannedForEncodings = 0;
			knownRegions = (
				en,
				"zh-Hans",
			);
			mainGroup = 13C23F952BE930D1A5A95FFE;
			minimizedProjectReferenceProxies = 0;
			preferredProjectObjectVersion = 77;
			projectDirPath = "";
			projectRoot = "";
			targets = (
				F09D3A8C2A6488EA02E43205 /* StarterApp */,
			);
		};
/* End PBXProject section */

/* Begin PBXResourcesBuildPhase section */
		E8B38889621FECBDCE023DDF /* Resources */ = {
			isa = PBXResourcesBuildPhase;
			buildActionMask = 2147483647;
			files = (
				C4EEE569157AA026DF58DDE3 /* en.lproj in Resources */,
				1027E9762DD180A2DAF94BEB /* zh-Hans.lproj in Resources */,
			);
			runOnlyForDeploymentPostprocessing = 0;
		};
/* End PBXResourcesBuildPhase section */

/* Begin PBXSourcesBuildPhase section */
		2CDEF9D228DAA66F3710893B /* Sources */ = {
			isa = PBXSourcesBuildPhase;
			buildActionMask = 2147483647;
			files = (
				7E43F4C03B9786BB8A7F76D4 /* AppContainer.swift in Sources */,
				F27F9DC9B6C00DA689BFF4E3 /* AppEnvironment.swift in Sources */,
				C4995460A6EDDADD3437B561 /* AppRootView.swift in Sources */,
				1382F6BF668AD2DDE9275071 /* StarterApp.swift in Sources */,
				3824AA3B674EC2A7216D45EF /* PagePrimaryState.swift in Sources */,
				8F10FF47B9739B111A52BD43 /* PageSecondaryState.swift in Sources */,
				5B93BCE76FA7F744AD7EC77B /* OverlayPresenterModel.swift in Sources */,
				BCB161689D71691D4D808919 /* HUDSession.swift in Sources */,
				D3C2AA142D66955424DAD88C /* OverlayStore.swift in Sources */,
				AA9324B3DAD6C23F3AEEB052 /* View+OverlaySurface.swift in Sources */,
				7EBF86CFCF03DF588A910721 /* LayoutToken.swift in Sources */,
				D0187B2965AF334F84D223DB /* OverlayHUDCardView.swift in Sources */,
				91C2C6049340D02573383012 /* OverlayPresenterView.swift in Sources */,
				787D1B26194584F7E9B74319 /* PageStateContainer.swift in Sources */,
				D19F78BAF66B30930351B1A1 /* AppConfig.swift in Sources */,
				7BE5493F46FC0A1D687F0C0F /* LegalConfig.swift in Sources */,
				57D731565AB819FC472E58B6 /* SubscriptionConfig.swift in Sources */,
				73733834C1CAA47F4E98DB70 /* SupportConfig.swift in Sources */,
				C29D9AF0C1AD333514D8FD5C /* ResolveLegalDocumentUseCase.swift in Sources */,
				18FCDEC70A382D3BCAB01BC8 /* LoadAppPreferencesUseCase.swift in Sources */,
				2A6AB6BA4298284C0DC4871B /* UpdateAppAppearanceUseCase.swift in Sources */,
				16B77070C3460C2C721EF736 /* UpdateAppLanguageUseCase.swift in Sources */,
				202F4AFECBFB0D7D2665CAEA /* LoadSubscriptionAccessUseCase.swift in Sources */,
				855BB4C3912465FCFCADB2AF /* RefreshSubscriptionStatusUseCase.swift in Sources */,
				1E28A818BED87FD93C0E195E /* RestoreSubscriptionPurchasesUseCase.swift in Sources */,
				C913EF827E18F1A5C537BAA4 /* LegalDocumentModels.swift in Sources */,
				493CA6E64CDC660E24D8FC86 /* HTTPClientProtocol.swift in Sources */,
				55851F852DC7335DAFFBE6C3 /* AppPreferencesModels.swift in Sources */,
				0FF18727C9C4E3050F979BA0 /* SubscriptionModels.swift in Sources */,
				61E85D31F25AB6472DD5FF5E /* SupportActionRepositoryProtocol.swift in Sources */,
				98AC20B5DE67BA1111DF18D0 /* HTTPMethod.swift in Sources */,
				73C4559527C73F37B240F2C8 /* JSONDecoderFactory.swift in Sources */,
				FACD4C028929C021671FE8DE /* NetworkError.swift in Sources */,
				A880FDBB358AB2CCED257873 /* RequestDescriptor.swift in Sources */,
				CF3FA7C3B8EA9A52DC4666F7 /* URLRequestBuilder.swift in Sources */,
				02DB2D5F2620359985A3373E /* URLSessionHTTPClient.swift in Sources */,
				7AB00610BF6B2AFEBA2586E4 /* AppPreferencesRepository.swift in Sources */,
				8A7C687B14591E3E2F785B0A /* SubscriptionStateRepository.swift in Sources */,
				A77E1475CB25A7E98F39F37F /* SupportActionRepository.swift in Sources */,
				36A9170CA895CCA7F01D757F /* StoreKitSubscriptionRepository.swift in Sources */,
				86D44993D9682C865628776E /* HomeDemoModels.swift in Sources */,
				9687E97D274F8E19A82EDB7F /* HomeStore.swift in Sources */,
				5ECB6642E0D8E7B0E542B650 /* HomeView.swift in Sources */,
				C5D3B83599BE39E3A019534B /* LegalDocumentStore.swift in Sources */,
				303D1467D4BBF9630031412E /* LegalDocumentView.swift in Sources */,
				A88BB54838C23BBCC5A81F7D /* LegalDocumentWebView.swift in Sources */,
				A7BE6105685B9D56A821A8C9 /* ClearSettingsCacheUseCase.swift in Sources */,
				F35854DF5F05FECB73F48C58 /* LoadSettingsCacheSummaryUseCase.swift in Sources */,
				16E7419C22159DA59C507365 /* LoadSettingsUseCase.swift in Sources */,
				837ADDFB9A175353F0D7615C /* PrepareAppFeedbackRouteUseCase.swift in Sources */,
				CC41D5757D0C3AE7E37BD270 /* PrepareAppReviewURLUseCase.swift in Sources */,
				080550697417EB8669126171 /* PrepareAppShareUseCase.swift in Sources */,
				1F137BDA64CFFA13180F247A /* UpdateSettingsAppearanceUseCase.swift in Sources */,
				08FE7207C428D27E7F1DEEEE /* UpdateSettingsLanguageUseCase.swift in Sources */,
				F01CC6ACFF22511E43C60941 /* SettingsCacheRepositoryProtocol.swift in Sources */,
				E30E264529726A7FEC6BAF7B /* SettingsModels.swift in Sources */,
				2FDC407FEA27767D4018E32C /* NoopSettingsCacheRepository.swift in Sources */,
				1CF05040C791E80471226BFB /* SettingsSheetDestination.swift in Sources */,
				D7DC2AE121666DB7DB66E3FF /* SettingsStore.swift in Sources */,
				0151EA31679066D9E41A417B /* SettingsView.swift in Sources */,
				D337B0832D56AAA4B8578926 /* LoadSubscriptionPlanItemsUseCase.swift in Sources */,
				1F79DFA0FB49ACF9826567CB /* LoadSubscriptionViewStateUseCase.swift in Sources */,
				859305C4DF3056A6449CB9CD /* PurchaseSubscriptionPlanUseCase.swift in Sources */,
				D3400A340C0B88E461B8B1B5 /* SubscriptionViewModels.swift in Sources */,
				F813FDA70BB0F873EA81499E /* SubscriptionStore.swift in Sources */,
				EFE8154383484E89ACD2B5FD /* SubscriptionView.swift in Sources */,
			);
			runOnlyForDeploymentPostprocessing = 0;
		};
/* End PBXSourcesBuildPhase section */

/* Begin XCBuildConfiguration section */
		2A4813A06D6CC1A28CED1739 /* Release */ = {
			isa = XCBuildConfiguration;
			buildSettings = {
				ALWAYS_SEARCH_USER_PATHS = NO;
				CLANG_ANALYZER_NONNULL = YES;
				CLANG_ANALYZER_NUMBER_OBJECT_CONVERSION = YES_AGGRESSIVE;
				CLANG_CXX_LANGUAGE_STANDARD = "gnu++14";
				CLANG_CXX_LIBRARY = "libc++";
				CLANG_ENABLE_MODULES = YES;
				CLANG_ENABLE_OBJC_ARC = YES;
				CLANG_ENABLE_OBJC_WEAK = YES;
				CLANG_WARN_BLOCK_CAPTURE_AUTORELEASING = YES;
				CLANG_WARN_BOOL_CONVERSION = YES;
				CLANG_WARN_COMMA = YES;
				CLANG_WARN_CONSTANT_CONVERSION = YES;
				CLANG_WARN_DEPRECATED_OBJC_IMPLEMENTATIONS = YES;
				CLANG_WARN_DIRECT_OBJC_ISA_USAGE = YES_ERROR;
				CLANG_WARN_DOCUMENTATION_COMMENTS = YES;
				CLANG_WARN_EMPTY_BODY = YES;
				CLANG_WARN_ENUM_CONVERSION = YES;
				CLANG_WARN_INFINITE_RECURSION = YES;
				CLANG_WARN_INT_CONVERSION = YES;
				CLANG_WARN_NON_LITERAL_NULL_CONVERSION = YES;
				CLANG_WARN_OBJC_IMPLICIT_RETAIN_SELF = YES;
				CLANG_WARN_OBJC_LITERAL_CONVERSION = YES;
				CLANG_WARN_OBJC_ROOT_CLASS = YES_ERROR;
				CLANG_WARN_QUOTED_INCLUDE_IN_FRAMEWORK_HEADER = YES;
				CLANG_WARN_RANGE_LOOP_ANALYSIS = YES;
				CLANG_WARN_STRICT_PROTOTYPES = YES;
				CLANG_WARN_SUSPICIOUS_MOVE = YES;
				CLANG_WARN_UNGUARDED_AVAILABILITY = YES_AGGRESSIVE;
				CLANG_WARN_UNREACHABLE_CODE = YES;
				CLANG_WARN__DUPLICATE_METHOD_MATCH = YES;
				COPY_PHASE_STRIP = NO;
				DEBUG_INFORMATION_FORMAT = "dwarf-with-dsym";
				ENABLE_NS_ASSERTIONS = NO;
				ENABLE_STRICT_OBJC_MSGSEND = YES;
				GCC_C_LANGUAGE_STANDARD = gnu11;
				GCC_NO_COMMON_BLOCKS = YES;
				GCC_WARN_64_TO_32_BIT_CONVERSION = YES;
				GCC_WARN_ABOUT_RETURN_TYPE = YES_ERROR;
				GCC_WARN_UNDECLARED_SELECTOR = YES;
				GCC_WARN_UNINITIALIZED_AUTOS = YES_AGGRESSIVE;
				GCC_WARN_UNUSED_FUNCTION = YES;
				GCC_WARN_UNUSED_VARIABLE = YES;
				IPHONEOS_DEPLOYMENT_TARGET = 18.0;
				MTL_ENABLE_DEBUG_INFO = NO;
				MTL_FAST_MATH = YES;
				PRODUCT_NAME = "$(TARGET_NAME)";
				SWIFT_COMPILATION_MODE = wholemodule;
				SWIFT_OPTIMIZATION_LEVEL = "-O";
				SWIFT_VERSION = 5.0;
			};
			name = Release;
		};
		4BEB44A5D20339FB6E468950 /* Release */ = {
			isa = XCBuildConfiguration;
			buildSettings = {
				ASSETCATALOG_COMPILER_APPICON_NAME = AppIcon;
				ASSETCATALOG_COMPILER_GENERATE_SWIFT_ASSET_SYMBOL_EXTENSIONS = NO;
				ASSETCATALOG_COMPILER_GLOBAL_ACCENT_COLOR_NAME = AccentColor;
				CLANG_ENABLE_OBJC_WEAK = NO;
				CODE_SIGN_STYLE = Automatic;
				CURRENT_PROJECT_VERSION = 1;
				DEVELOPMENT_TEAM = "";
				GENERATE_INFOPLIST_FILE = NO;
				INFOPLIST_FILE = StarterApp/Info.plist;
				IPHONEOS_DEPLOYMENT_TARGET = 18.0;
				LD_RUNPATH_SEARCH_PATHS = "$(inherited) @executable_path/Frameworks";
				MARKETING_VERSION = 1.0;
				PRODUCT_BUNDLE_IDENTIFIER = co.example.starterapp;
				SDKROOT = iphoneos;
				SUPPORTS_MACCATALYST = NO;
				SWIFT_VERSION = 5.0;
				TARGETED_DEVICE_FAMILY = "1,2";
				VALIDATE_PRODUCT = YES;
			};
			name = Release;
		};
		7C17585ED40FCA477DD3D9F4 /* Debug */ = {
			isa = XCBuildConfiguration;
			buildSettings = {
				ALWAYS_SEARCH_USER_PATHS = NO;
				CLANG_ANALYZER_NONNULL = YES;
				CLANG_ANALYZER_NUMBER_OBJECT_CONVERSION = YES_AGGRESSIVE;
				CLANG_CXX_LANGUAGE_STANDARD = "gnu++14";
				CLANG_CXX_LIBRARY = "libc++";
				CLANG_ENABLE_MODULES = YES;
				CLANG_ENABLE_OBJC_ARC = YES;
				CLANG_ENABLE_OBJC_WEAK = YES;
				CLANG_WARN_BLOCK_CAPTURE_AUTORELEASING = YES;
				CLANG_WARN_BOOL_CONVERSION = YES;
				CLANG_WARN_COMMA = YES;
				CLANG_WARN_CONSTANT_CONVERSION = YES;
				CLANG_WARN_DEPRECATED_OBJC_IMPLEMENTATIONS = YES;
				CLANG_WARN_DIRECT_OBJC_ISA_USAGE = YES_ERROR;
				CLANG_WARN_DOCUMENTATION_COMMENTS = YES;
				CLANG_WARN_EMPTY_BODY = YES;
				CLANG_WARN_ENUM_CONVERSION = YES;
				CLANG_WARN_INFINITE_RECURSION = YES;
				CLANG_WARN_INT_CONVERSION = YES;
				CLANG_WARN_NON_LITERAL_NULL_CONVERSION = YES;
				CLANG_WARN_OBJC_IMPLICIT_RETAIN_SELF = YES;
				CLANG_WARN_OBJC_LITERAL_CONVERSION = YES;
				CLANG_WARN_OBJC_ROOT_CLASS = YES_ERROR;
				CLANG_WARN_QUOTED_INCLUDE_IN_FRAMEWORK_HEADER = YES;
				CLANG_WARN_RANGE_LOOP_ANALYSIS = YES;
				CLANG_WARN_STRICT_PROTOTYPES = YES;
				CLANG_WARN_SUSPICIOUS_MOVE = YES;
				CLANG_WARN_UNGUARDED_AVAILABILITY = YES_AGGRESSIVE;
				CLANG_WARN_UNREACHABLE_CODE = YES;
				CLANG_WARN__DUPLICATE_METHOD_MATCH = YES;
				COPY_PHASE_STRIP = NO;
				DEBUG_INFORMATION_FORMAT = dwarf;
				ENABLE_STRICT_OBJC_MSGSEND = YES;
				ENABLE_TESTABILITY = YES;
				GCC_C_LANGUAGE_STANDARD = gnu11;
				GCC_DYNAMIC_NO_PIC = NO;
				GCC_NO_COMMON_BLOCKS = YES;
				GCC_OPTIMIZATION_LEVEL = 0;
				GCC_PREPROCESSOR_DEFINITIONS = (
					"DEBUG=1",
					"$(inherited)",
				);
				GCC_WARN_64_TO_32_BIT_CONVERSION = YES;
				GCC_WARN_ABOUT_RETURN_TYPE = YES_ERROR;
				GCC_WARN_UNDECLARED_SELECTOR = YES;
				GCC_WARN_UNINITIALIZED_AUTOS = YES_AGGRESSIVE;
				GCC_WARN_UNUSED_FUNCTION = YES;
				GCC_WARN_UNUSED_VARIABLE = YES;
				IPHONEOS_DEPLOYMENT_TARGET = 18.0;
				MTL_ENABLE_DEBUG_INFO = INCLUDE_SOURCE;
				MTL_FAST_MATH = YES;
				ONLY_ACTIVE_ARCH = YES;
				PRODUCT_NAME = "$(TARGET_NAME)";
				SWIFT_ACTIVE_COMPILATION_CONDITIONS = DEBUG;
				SWIFT_OPTIMIZATION_LEVEL = "-Onone";
				SWIFT_VERSION = 5.0;
			};
			name = Debug;
		};
		BDB8E7DE534A471B2B695F69 /* Debug */ = {
			isa = XCBuildConfiguration;
			buildSettings = {
				ASSETCATALOG_COMPILER_APPICON_NAME = AppIcon;
				ASSETCATALOG_COMPILER_GENERATE_SWIFT_ASSET_SYMBOL_EXTENSIONS = NO;
				ASSETCATALOG_COMPILER_GLOBAL_ACCENT_COLOR_NAME = AccentColor;
				CLANG_ENABLE_OBJC_WEAK = NO;
				CODE_SIGN_STYLE = Automatic;
				CURRENT_PROJECT_VERSION = 1;
				DEVELOPMENT_TEAM = "";
				GENERATE_INFOPLIST_FILE = NO;
				INFOPLIST_FILE = StarterApp/Info.plist;
				IPHONEOS_DEPLOYMENT_TARGET = 18.0;
				LD_RUNPATH_SEARCH_PATHS = "$(inherited) @executable_path/Frameworks";
				MARKETING_VERSION = 1.0;
				PRODUCT_BUNDLE_IDENTIFIER = co.example.starterapp;
				SDKROOT = iphoneos;
				SUPPORTS_MACCATALYST = NO;
				SWIFT_VERSION = 5.0;
				TARGETED_DEVICE_FAMILY = "1,2";
			};
			name = Debug;
		};
/* End XCBuildConfiguration section */

/* Begin XCConfigurationList section */
		68E23FE207466F75637BF0C8 /* Build configuration list for PBXProject "StarterApp" */ = {
			isa = XCConfigurationList;
			buildConfigurations = (
				7C17585ED40FCA477DD3D9F4 /* Debug */,
				2A4813A06D6CC1A28CED1739 /* Release */,
			);
			defaultConfigurationIsVisible = 0;
			defaultConfigurationName = Release;
		};
		FE4CE1351C9A9F5709CDEC6E /* Build configuration list for PBXNativeTarget "StarterApp" */ = {
			isa = XCConfigurationList;
			buildConfigurations = (
				4BEB44A5D20339FB6E468950 /* Release */,
				BDB8E7DE534A471B2B695F69 /* Debug */,
			);
			defaultConfigurationIsVisible = 0;
			defaultConfigurationName = Release;
		};
/* End XCConfigurationList section */
	};
	rootObject = E7AFBF2E64D57CC680FCF60B /* Project object */;
}
