// !$*UTF8*$!
{
	archiveVersion = 1;
	classes = {
	};
	objectVersion = 46;
	objects = {

/* Begin PBXBuildFile section */
		038F18CAADE06B1CB55E32FC23BD4347 /* SettingsCacheRepositoryProtocol.swift in Sources */ = {isa = PBXBuildFile; fileRef = 9FEC2221FB87E592CA99F23790A50C77 /* SettingsCacheRepositoryProtocol.swift */; };
		163AB6B5E1331F3F0A15E27A3B2E3C83 /* LegalDocumentStore.swift in Sources */ = {isa = PBXBuildFile; fileRef = 6294CDF21468FD01B2A7F6F61DC25316 /* LegalDocumentStore.swift */; };
		16D841754511B760CC8A6DEC6312FF34 /* OverlayPresenterModel.swift in Sources */ = {isa = PBXBuildFile; fileRef = 971328A259ED815C5C77AD89E0B2B399 /* OverlayPresenterModel.swift */; };
		1B52697E62736C48568B95B36CA8173A /* ClearSettingsCacheUseCase.swift in Sources */ = {isa = PBXBuildFile; fileRef = 2CFD2A1FE8085A2D7760AB59ADD6A43F /* ClearSettingsCacheUseCase.swift */; };
		210EE5983E639797BDD7314F652FB9C1 /* OverlayPresenterView.swift in Sources */ = {isa = PBXBuildFile; fileRef = FC82A62C056B47A227A23803A1ACC2B7 /* OverlayPresenterView.swift */; };
		21B1503B21DB8AB541B0DE26C0F352CD /* SettingsModels.swift in Sources */ = {isa = PBXBuildFile; fileRef = 97D407012D1489B0470744E29358F4F9 /* SettingsModels.swift */; };
		22DEDDAFF6073365D55240CA4823D25E /* SupportConfig.swift in Sources */ = {isa = PBXBuildFile; fileRef = D1ACF9276F333FC25D990FBD10A84F3F /* SupportConfig.swift */; };
		25D4C9EC5BB43A2137F0E038B2FBDBA2 /* StoreKitSubscriptionRepository.swift in Sources */ = {isa = PBXBuildFile; fileRef = 241165F6009D2A71BB483BDC0245F708 /* StoreKitSubscriptionRepository.swift */; };
		32AF8A1AB1E1ABDB1A6F1AEB4E989D14 /* PrepareAppReviewURLUseCase.swift in Sources */ = {isa = PBXBuildFile; fileRef = 43450E6A91DF67CE849BEF16D264AB74 /* PrepareAppReviewURLUseCase.swift */; };
		35464364F9E5B9DB7323428A6F9A2ABE /* ResolveLegalDocumentUseCase.swift in Sources */ = {isa = PBXBuildFile; fileRef = FB8871C1C4BD1F062F768794B5E2C04F /* ResolveLegalDocumentUseCase.swift */; };
		3623D4DEEC7BA96DCA4043D4B154D415 /* SettingsView.swift in Sources */ = {isa = PBXBuildFile; fileRef = DB0A89BBD85707B8F9CFF1548BD17A42 /* SettingsView.swift */; };
		3B79E1061662EFE852373F130EBCD99E /* UpdateAppLanguageUseCase.swift in Sources */ = {isa = PBXBuildFile; fileRef = E01920131C2D0513C20DF67E0D0D1AFE /* UpdateAppLanguageUseCase.swift */; };
		3E1B66AF58D8212049DB30ED1EB0B02C /* SupportActionRepositoryProtocol.swift in Sources */ = {isa = PBXBuildFile; fileRef = BA148A6B13E3F6E8921EC0122DA59BD7 /* SupportActionRepositoryProtocol.swift */; };
		455522EDD6ED462B4F57F8D8D42385A9 /* PagePrimaryState.swift in Sources */ = {isa = PBXBuildFile; fileRef = A812A4AF4D468F0851916BD23070AA2A /* PagePrimaryState.swift */; };
		47387E7A72D56A7893A7FC3619112535 /* OverlayStore.swift in Sources */ = {isa = PBXBuildFile; fileRef = ACA2B72F504477C04A98160E192B1357 /* OverlayStore.swift */; };
		48B1F08A959CDC63DC96F5068749D99D /* SubscriptionViewModels.swift in Sources */ = {isa = PBXBuildFile; fileRef = 36E20BB35D2F441D4893C694ABE16AEF /* SubscriptionViewModels.swift */; };
		49456595A67E277D0C8E35AC55851980 /* RequestDescriptor.swift in Sources */ = {isa = PBXBuildFile; fileRef = 5C4E279CE679D87B46B3F78110CA1C32 /* RequestDescriptor.swift */; };
		4E12461A64277A34C396EE94ADCE3F4D /* LayoutToken.swift in Sources */ = {isa = PBXBuildFile; fileRef = 13D6FC45CE24004B911ECA3209FF5A0F /* LayoutToken.swift */; };
		4E1C6C2D23C662EF79F0512369CD7A6D /* LegalDocumentModels.swift in Sources */ = {isa = PBXBuildFile; fileRef = F61EF398A6C5F817F50238479D0D773C /* LegalDocumentModels.swift */; };
		51BD853659D63AFB747E5139F1301CF1 /* AppEnvironment.swift in Sources */ = {isa = PBXBuildFile; fileRef = CBF7F2E7476077FC958D993D5E4F3B98 /* AppEnvironment.swift */; };
		53631B62B1F277BC05C45C01396925F7 /* SubscriptionStateRepository.swift in Sources */ = {isa = PBXBuildFile; fileRef = 599134273CD1D63003452D8E6F0C15EF /* SubscriptionStateRepository.swift */; };
		555B8ACAAA8FA96E34A3FB939D57F4A8 /* HTTPMethod.swift in Sources */ = {isa = PBXBuildFile; fileRef = 99FB9C56F3B48DA54E1867FEBDF2711C /* HTTPMethod.swift */; };
		578A6E63197DAAF1EA7DA839E078071F /* JSONDecoderFactory.swift in Sources */ = {isa = PBXBuildFile; fileRef = FFFACC1E4DFEAEF286F04B41C1D55910 /* JSONDecoderFactory.swift */; };
		5AFE84F8CACEBF56B3A3F80E94E06205 /* HTTPClientProtocol.swift in Sources */ = {isa = PBXBuildFile; fileRef = A4422F29C7EF0F0113ADB6E501EF5A5C /* HTTPClientProtocol.swift */; };
		5CB06C8DC9C280FD1D48948177C3AAD7 /* HomeView.swift in Sources */ = {isa = PBXBuildFile; fileRef = E1A39D1D41F3BD8976A7115BB49EE920 /* HomeView.swift */; };
		5FCCB9BFBFEEDF7952FB4B2F6498E10E /* PrepareAppFeedbackRouteUseCase.swift in Sources */ = {isa = PBXBuildFile; fileRef = BA2783AF0AF52C9F4CDB571DB1A594E5 /* PrepareAppFeedbackRouteUseCase.swift */; };
		62D3A2AAACDD27BFD49EE2B2FD7086BA /* HomeStore.swift in Sources */ = {isa = PBXBuildFile; fileRef = 042A6DDB8D345880F6B5FE53FDC9D8EA /* HomeStore.swift */; };
		667AF621D40B7A2A9012C2CC15FF3633 /* AppIntents.framework in Frameworks */ = {isa = PBXBuildFile; fileRef = 17516C33770F331F071F87C1C0B2EB29 /* AppIntents.framework */; };
		684E43CC1E06F889BF43485AB02C8F97 /* LoadSettingsUseCase.swift in Sources */ = {isa = PBXBuildFile; fileRef = 904F3A9E954E5190B77C5F37A9F883FE /* LoadSettingsUseCase.swift */; };
		6CF82B92032F288B602F2C5C66E76753 /* SettingsSheetDestination.swift in Sources */ = {isa = PBXBuildFile; fileRef = 5843E5EF756CA5C13B6290C0391297F5 /* SettingsSheetDestination.swift */; };
		6E87EE7AFAD676D2123194A3AE3778CE /* SubscriptionModels.swift in Sources */ = {isa = PBXBuildFile; fileRef = 51CD551CF54DD030C93DD0C2AEBDE30C /* SubscriptionModels.swift */; };
		76199FDFB16BC7D865D777F8AEF57C53 /* RestoreSubscriptionPurchasesUseCase.swift in Sources */ = {isa = PBXBuildFile; fileRef = F57961028A527FBA7A51D931934744F5 /* RestoreSubscriptionPurchasesUseCase.swift */; };
		7C437AD32BCF10ABA04CE0061CC6EC63 /* URLRequestBuilder.swift in Sources */ = {isa = PBXBuildFile; fileRef = A4E3849BF18FA41EFD3C78A3B81D3DB7 /* URLRequestBuilder.swift */; };
		819DADBE7455D232D53FE3DFA46ED996 /* LegalDocumentView.swift in Sources */ = {isa = PBXBuildFile; fileRef = A2C8E07367B8D09BBDE4C018A2EEA560 /* LegalDocumentView.swift */; };
		857FE4EAEE4C0A8C48A4E7D36B025639 /* LegalConfig.swift in Sources */ = {isa = PBXBuildFile; fileRef = 53E7F28986B92859334DD080ABFD5A18 /* LegalConfig.swift */; };
		869CAB2BC5737194CCA3C15746F9981E /* SupportActionRepository.swift in Sources */ = {isa = PBXBuildFile; fileRef = 589CABA3E8DFEA83F084365E86FBE57D /* SupportActionRepository.swift */; };
		87ADBE4D1F1CE3641664B4B8D07A4210 /* URLSessionHTTPClient.swift in Sources */ = {isa = PBXBuildFile; fileRef = AAF1AA5612A924CA48C3F8EED328A5B7 /* URLSessionHTTPClient.swift */; };
		899E3EBF5B2017BA1F3C07FCBD74F475 /* LoadAppPreferencesUseCase.swift in Sources */ = {isa = PBXBuildFile; fileRef = A6B77CCC1E0B00A1E6B0AFB5FE5B4BCA /* LoadAppPreferencesUseCase.swift */; };
		8A54513F6CC1FA89EA04B91706800B50 /* RefreshSubscriptionStatusUseCase.swift in Sources */ = {isa = PBXBuildFile; fileRef = B380AD4255CA6149BEFA5F8036804AF1 /* RefreshSubscriptionStatusUseCase.swift */; };
		8C782296728DC350CF4F89CDD540AE48 /* HomeDemoModels.swift in Sources */ = {isa = PBXBuildFile; fileRef = 5D3EE49DF4FEB36941DE79BCAE49794C /* HomeDemoModels.swift */; };
		94716DF02D28AEE74CD57268F30984EC /* SubscriptionStore.swift in Sources */ = {isa = PBXBuildFile; fileRef = 63041AA89AB845377F0FD0EF87BAC156 /* SubscriptionStore.swift */; };
		962AA941064FABADEFA2636F2D11DB86 /* SubscriptionView.swift in Sources */ = {isa = PBXBuildFile; fileRef = 49E153E4C7D2A5C2CCEE214053C54C71 /* SubscriptionView.swift */; };
		9E0E91C275AECA411818B210F43F49B4 /* HUDSession.swift in Sources */ = {isa = PBXBuildFile; fileRef = C91EF8CD4B63701379CC52D66A264E33 /* HUDSession.swift */; };
		A05088707962C26A0DCE1DE14C5DB1E9 /* PrepareAppShareUseCase.swift in Sources */ = {isa = PBXBuildFile; fileRef = 5AB638434A0AA4335ED87FE4718E2CEF /* PrepareAppShareUseCase.swift */; };
		A090D6E5BB5D2D4DDBB18862B6184C11 /* NoopSettingsCacheRepository.swift in Sources */ = {isa = PBXBuildFile; fileRef = D60D75C7C707D2ACD77BD54AB12186D5 /* NoopSettingsCacheRepository.swift */; };
		A6EB0C384A2B975A2D8EF2C457FBC507 /* LoadSubscriptionPlanItemsUseCase.swift in Sources */ = {isa = PBXBuildFile; fileRef = 4AD9CDA59DA8961A6C896425126950EE /* LoadSubscriptionPlanItemsUseCase.swift */; };
		ABCB3D3E78AFF7CFDAE0D954D8BCE504 /* StarterApp.swift in Sources */ = {isa = PBXBuildFile; fileRef = D05C86C1985A834253C46847CD451849 /* StarterApp.swift */; };
		AF5424CAAAEC91B97567886BB1C3234B /* zh-Hans.lproj in Resources */ = {isa = PBXBuildFile; fileRef = 1C950884A81D5D01A42822D0B42596E4 /* zh-Hans.lproj */; };
		B096F07B3073D45A63800CC10892D82C /* AppConfig.swift in Sources */ = {isa = PBXBuildFile; fileRef = 16CF89205A39C84952B9FE6A8B2FA710 /* AppConfig.swift */; };
		B10D7A7362E4E49AC72797EF23FFFD3D /* AppRootView.swift in Sources */ = {isa = PBXBuildFile; fileRef = B1CA663957B79193CBBC5D2301558BD4 /* AppRootView.swift */; };
		B713BDE064D9133F19D23B4C91C037AC /* NetworkError.swift in Sources */ = {isa = PBXBuildFile; fileRef = FDF8F661A40368D502C8D225176872BD /* NetworkError.swift */; };
		B7EAE31ECDB2EEE31F2D6D511109CBD2 /* SettingsStore.swift in Sources */ = {isa = PBXBuildFile; fileRef = D142BAB0377DDF7E97850DD31F490D1B /* SettingsStore.swift */; };
		B8972C0D286DB33ECCBF9CFEAE2113A0 /* SubscriptionConfig.swift in Sources */ = {isa = PBXBuildFile; fileRef = DDA56F1DB55221C2BFE540A44502E4E3 /* SubscriptionConfig.swift */; };
		BB9479125F223038CCB279AE736E7717 /* OverlayHUDCardView.swift in Sources */ = {isa = PBXBuildFile; fileRef = 8ECE8B849AC5EDB0695E712377CFDC4C /* OverlayHUDCardView.swift */; };
		C2DD2D2FBBE4F246E377FC27924007F5 /* PurchaseSubscriptionPlanUseCase.swift in Sources */ = {isa = PBXBuildFile; fileRef = C9E669C032EBBB4209CCCEB8E7FB182A /* PurchaseSubscriptionPlanUseCase.swift */; };
		C4023BB4A7D7FA93142F7237F3C7E1B1 /* LoadSubscriptionAccessUseCase.swift in Sources */ = {isa = PBXBuildFile; fileRef = FB0DC7DF49446577FF2647712E608710 /* LoadSubscriptionAccessUseCase.swift */; };
		C6D9FAFAAF285E15D60B16CD7FE6A54F /* PrivacyInfo.xcprivacy in Resources */ = {isa = PBXBuildFile; fileRef = A1D41056129EA4B817FE267CF059E45D /* PrivacyInfo.xcprivacy */; };
		C78A73581B278ED3A260614256B94721 /* UpdateSettingsLanguageUseCase.swift in Sources */ = {isa = PBXBuildFile; fileRef = DD41B44C0EA7FA4DF2F0BA01429B6317 /* UpdateSettingsLanguageUseCase.swift */; };
		CB587E6CCA53939B37A51B02DD18A571 /* UpdateAppAppearanceUseCase.swift in Sources */ = {isa = PBXBuildFile; fileRef = 96F1018B8150067C83236CCB741E51D1 /* UpdateAppAppearanceUseCase.swift */; };
		CB9FE61C45B69E7E5C17BE48F3220738 /* PageStateContainer.swift in Sources */ = {isa = PBXBuildFile; fileRef = FA2B2FE1356D74EBF726DB99B2C0B2B1 /* PageStateContainer.swift */; };
		CD69C22F0418EF721F1080DA49D8FE80 /* LegalDocumentWebView.swift in Sources */ = {isa = PBXBuildFile; fileRef = 5B8CBF77FD36445F1204FED032F72787 /* LegalDocumentWebView.swift */; };
		CDF135EEA5876BB6E438E1D4A620BC66 /* UpdateSettingsAppearanceUseCase.swift in Sources */ = {isa = PBXBuildFile; fileRef = 0EB889CC1BB712D8164ECB4DE639200E /* UpdateSettingsAppearanceUseCase.swift */; };
		D89BB85B8151168669934E0E7C67D87E /* en.lproj in Resources */ = {isa = PBXBuildFile; fileRef = 424703B3D98BD159EB8F15A7C71C7FA5 /* en.lproj */; };
		DC929A2DE06AED18A815AEEEFDC8662B /* AppContainer.swift in Sources */ = {isa = PBXBuildFile; fileRef = 3603ADB2A508054AB382F4CBB43C7401 /* AppContainer.swift */; };
		DD203C1E104D182609696ACF60DD5D5F /* PageSecondaryState.swift in Sources */ = {isa = PBXBuildFile; fileRef = 61E2F807CD9AA5F6E7E32DCFB3F368BC /* PageSecondaryState.swift */; };
		E552D48D218C6FA72E0DA4F7214F7E25 /* AppPreferencesModels.swift in Sources */ = {isa = PBXBuildFile; fileRef = A4E5F441D07D301E4529F4631DBBC36D /* AppPreferencesModels.swift */; };
		EBC205DAF904E56AB26D906AF6024D3A /* AppPreferencesRepository.swift in Sources */ = {isa = PBXBuildFile; fileRef = CF85B1489CA589B552109045685435A4 /* AppPreferencesRepository.swift */; };
		F00A0AE7C70ED0B0B9F639CA07B483B1 /* LoadSettingsCacheSummaryUseCase.swift in Sources */ = {isa = PBXBuildFile; fileRef = 7F68FEDC7D439BEC863EB0CDA3FB1F78 /* LoadSettingsCacheSummaryUseCase.swift */; };
		F18A869ECF6459AEA1C995BD35F9914D /* LoadSubscriptionViewStateUseCase.swift in Sources */ = {isa = PBXBuildFile; fileRef = EE41A57D3CE046D0CADC114E928CAEFF /* LoadSubscriptionViewStateUseCase.swift */; };
		F6DEFC3C00241E6FFF92F90279113344 /* View+OverlaySurface.swift in Sources */ = {isa = PBXBuildFile; fileRef = 4D66636279915DC24FB4F58F6E4CEE79 /* View+OverlaySurface.swift */; };
/* End PBXBuildFile section */

/* Begin PBXFileReference section */
		042A6DDB8D345880F6B5FE53FDC9D8EA /* HomeStore.swift */ = {isa = PBXFileReference; includeInIndex = 1; lastKnownFileType = sourcecode.swift; path = HomeStore.swift; sourceTree = "<group>"; };
		0EB889CC1BB712D8164ECB4DE639200E /* UpdateSettingsAppearanceUseCase.swift */ = {isa = PBXFileReference; includeInIndex = 1; lastKnownFileType = sourcecode.swift; path = UpdateSettingsAppearanceUseCase.swift; sourceTree = "<group>"; };
		13D6FC45CE24004B911ECA3209FF5A0F /* LayoutToken.swift */ = {isa = PBXFileReference; includeInIndex = 1; lastKnownFileType = sourcecode.swift; path = LayoutToken.swift; sourceTree = "<group>"; };
		1582C5CEE5D6AF23086A3C042DD26C54 /* Info.plist */ = {isa = PBXFileReference; includeInIndex = 1; lastKnownFileType = text.plist.xml; path = Info.plist; sourceTree = "<group>"; };
		16CF89205A39C84952B9FE6A8B2FA710 /* AppConfig.swift */ = {isa = PBXFileReference; includeInIndex = 1; lastKnownFileType = sourcecode.swift; path = AppConfig.swift; sourceTree = "<group>"; };
		17516C33770F331F071F87C1C0B2EB29 /* AppIntents.framework */ = {isa = PBXFileReference; lastKnownFileType = wrapper.framework; name = AppIntents.framework; path = System/Library/Frameworks/AppIntents.framework; sourceTree = SDKROOT; };
		1C950884A81D5D01A42822D0B42596E4 /* zh-Hans.lproj */ = {isa = PBXFileReference; includeInIndex = 1; lastKnownFileType = folder; path = "zh-Hans.lproj"; sourceTree = "<group>"; };
		241165F6009D2A71BB483BDC0245F708 /* StoreKitSubscriptionRepository.swift */ = {isa = PBXFileReference; includeInIndex = 1; lastKnownFileType = sourcecode.swift; path = StoreKitSubscriptionRepository.swift; sourceTree = "<group>"; };
		2CFD2A1FE8085A2D7760AB59ADD6A43F /* ClearSettingsCacheUseCase.swift */ = {isa = PBXFileReference; includeInIndex = 1; lastKnownFileType = sourcecode.swift; path = ClearSettingsCacheUseCase.swift; sourceTree = "<group>"; };
		3603ADB2A508054AB382F4CBB43C7401 /* AppContainer.swift */ = {isa = PBXFileReference; includeInIndex = 1; lastKnownFileType = sourcecode.swift; path = AppContainer.swift; sourceTree = "<group>"; };
		36E20BB35D2F441D4893C694ABE16AEF /* SubscriptionViewModels.swift */ = {isa = PBXFileReference; includeInIndex = 1; lastKnownFileType = sourcecode.swift; path = SubscriptionViewModels.swift; sourceTree = "<group>"; };
		424703B3D98BD159EB8F15A7C71C7FA5 /* en.lproj */ = {isa = PBXFileReference; includeInIndex = 1; lastKnownFileType = folder; path = en.lproj; sourceTree = "<group>"; };
		43450E6A91DF67CE849BEF16D264AB74 /* PrepareAppReviewURLUseCase.swift */ = {isa = PBXFileReference; includeInIndex = 1; lastKnownFileType = sourcecode.swift; path = PrepareAppReviewURLUseCase.swift; sourceTree = "<group>"; };
		49E153E4C7D2A5C2CCEE214053C54C71 /* SubscriptionView.swift */ = {isa = PBXFileReference; includeInIndex = 1; lastKnownFileType = sourcecode.swift; path = SubscriptionView.swift; sourceTree = "<group>"; };
		4AD9CDA59DA8961A6C896425126950EE /* LoadSubscriptionPlanItemsUseCase.swift */ = {isa = PBXFileReference; includeInIndex = 1; lastKnownFileType = sourcecode.swift; path = LoadSubscriptionPlanItemsUseCase.swift; sourceTree = "<group>"; };
		4D66636279915DC24FB4F58F6E4CEE79 /* View+OverlaySurface.swift */ = {isa = PBXFileReference; includeInIndex = 1; lastKnownFileType = sourcecode.swift; path = "View+OverlaySurface.swift"; sourceTree = "<group>"; };
		51CD551CF54DD030C93DD0C2AEBDE30C /* SubscriptionModels.swift */ = {isa = PBXFileReference; includeInIndex = 1; lastKnownFileType = sourcecode.swift; path = SubscriptionModels.swift; sourceTree = "<group>"; };
		53E7F28986B92859334DD080ABFD5A18 /* LegalConfig.swift */ = {isa = PBXFileReference; includeInIndex = 1; lastKnownFileType = sourcecode.swift; path = LegalConfig.swift; sourceTree = "<group>"; };
		5843E5EF756CA5C13B6290C0391297F5 /* SettingsSheetDestination.swift */ = {isa = PBXFileReference; includeInIndex = 1; lastKnownFileType = sourcecode.swift; path = SettingsSheetDestination.swift; sourceTree = "<group>"; };
		589CABA3E8DFEA83F084365E86FBE57D /* SupportActionRepository.swift */ = {isa = PBXFileReference; includeInIndex = 1; lastKnownFileType = sourcecode.swift; path = SupportActionRepository.swift; sourceTree = "<group>"; };
		599134273CD1D63003452D8E6F0C15EF /* SubscriptionStateRepository.swift */ = {isa = PBXFileReference; includeInIndex = 1; lastKnownFileType = sourcecode.swift; path = SubscriptionStateRepository.swift; sourceTree = "<group>"; };
		5AB638434A0AA4335ED87FE4718E2CEF /* PrepareAppShareUseCase.swift */ = {isa = PBXFileReference; includeInIndex = 1; lastKnownFileType = sourcecode.swift; path = PrepareAppShareUseCase.swift; sourceTree = "<group>"; };
		5B8CBF77FD36445F1204FED032F72787 /* LegalDocumentWebView.swift */ = {isa = PBXFileReference; includeInIndex = 1; lastKnownFileType = sourcecode.swift; path = LegalDocumentWebView.swift; sourceTree = "<group>"; };
		5C4E279CE679D87B46B3F78110CA1C32 /* RequestDescriptor.swift */ = {isa = PBXFileReference; includeInIndex = 1; lastKnownFileType = sourcecode.swift; path = RequestDescriptor.swift; sourceTree = "<group>"; };
		5D3EE49DF4FEB36941DE79BCAE49794C /* HomeDemoModels.swift */ = {isa = PBXFileReference; includeInIndex = 1; lastKnownFileType = sourcecode.swift; path = HomeDemoModels.swift; sourceTree = "<group>"; };
		61E2F807CD9AA5F6E7E32DCFB3F368BC /* PageSecondaryState.swift */ = {isa = PBXFileReference; includeInIndex = 1; lastKnownFileType = sourcecode.swift; path = PageSecondaryState.swift; sourceTree = "<group>"; };
		6294CDF21468FD01B2A7F6F61DC25316 /* LegalDocumentStore.swift */ = {isa = PBXFileReference; includeInIndex = 1; lastKnownFileType = sourcecode.swift; path = LegalDocumentStore.swift; sourceTree = "<group>"; };
		63041AA89AB845377F0FD0EF87BAC156 /* SubscriptionStore.swift */ = {isa = PBXFileReference; includeInIndex = 1; lastKnownFileType = sourcecode.swift; path = SubscriptionStore.swift; sourceTree = "<group>"; };
		7F68FEDC7D439BEC863EB0CDA3FB1F78 /* LoadSettingsCacheSummaryUseCase.swift */ = {isa = PBXFileReference; includeInIndex = 1; lastKnownFileType = sourcecode.swift; path = LoadSettingsCacheSummaryUseCase.swift; sourceTree = "<group>"; };
		8ECE8B849AC5EDB0695E712377CFDC4C /* OverlayHUDCardView.swift */ = {isa = PBXFileReference; includeInIndex = 1; lastKnownFileType = sourcecode.swift; path = OverlayHUDCardView.swift; sourceTree = "<group>"; };
		904F3A9E954E5190B77C5F37A9F883FE /* LoadSettingsUseCase.swift */ = {isa = PBXFileReference; includeInIndex = 1; lastKnownFileType = sourcecode.swift; path = LoadSettingsUseCase.swift; sourceTree = "<group>"; };
		96F1018B8150067C83236CCB741E51D1 /* UpdateAppAppearanceUseCase.swift */ = {isa = PBXFileReference; includeInIndex = 1; lastKnownFileType = sourcecode.swift; path = UpdateAppAppearanceUseCase.swift; sourceTree = "<group>"; };
		971328A259ED815C5C77AD89E0B2B399 /* OverlayPresenterModel.swift */ = {isa = PBXFileReference; includeInIndex = 1; lastKnownFileType = sourcecode.swift; path = OverlayPresenterModel.swift; sourceTree = "<group>"; };
		97D407012D1489B0470744E29358F4F9 /* SettingsModels.swift */ = {isa = PBXFileReference; includeInIndex = 1; lastKnownFileType = sourcecode.swift; path = SettingsModels.swift; sourceTree = "<group>"; };
		99FB9C56F3B48DA54E1867FEBDF2711C /* HTTPMethod.swift */ = {isa = PBXFileReference; includeInIndex = 1; lastKnownFileType = sourcecode.swift; path = HTTPMethod.swift; sourceTree = "<group>"; };
		9FEC2221FB87E592CA99F23790A50C77 /* SettingsCacheRepositoryProtocol.swift */ = {isa = PBXFileReference; includeInIndex = 1; lastKnownFileType = sourcecode.swift; path = SettingsCacheRepositoryProtocol.swift; sourceTree = "<group>"; };
		A1D41056129EA4B817FE267CF059E45D /* PrivacyInfo.xcprivacy */ = {isa = PBXFileReference; includeInIndex = 1; lastKnownFileType = text.xml; path = PrivacyInfo.xcprivacy; sourceTree = "<group>"; };
		A2C8E07367B8D09BBDE4C018A2EEA560 /* LegalDocumentView.swift */ = {isa = PBXFileReference; includeInIndex = 1; lastKnownFileType = sourcecode.swift; path = LegalDocumentView.swift; sourceTree = "<group>"; };
		A4422F29C7EF0F0113ADB6E501EF5A5C /* HTTPClientProtocol.swift */ = {isa = PBXFileReference; includeInIndex = 1; lastKnownFileType = sourcecode.swift; path = HTTPClientProtocol.swift; sourceTree = "<group>"; };
		A4E3849BF18FA41EFD3C78A3B81D3DB7 /* URLRequestBuilder.swift */ = {isa = PBXFileReference; includeInIndex = 1; lastKnownFileType = sourcecode.swift; path = URLRequestBuilder.swift; sourceTree = "<group>"; };
		A4E5F441D07D301E4529F4631DBBC36D /* AppPreferencesModels.swift */ = {isa = PBXFileReference; includeInIndex = 1; lastKnownFileType = sourcecode.swift; path = AppPreferencesModels.swift; sourceTree = "<group>"; };
		A6B77CCC1E0B00A1E6B0AFB5FE5B4BCA /* LoadAppPreferencesUseCase.swift */ = {isa = PBXFileReference; includeInIndex = 1; lastKnownFileType = sourcecode.swift; path = LoadAppPreferencesUseCase.swift; sourceTree = "<group>"; };
		A812A4AF4D468F0851916BD23070AA2A /* PagePrimaryState.swift */ = {isa = PBXFileReference; includeInIndex = 1; lastKnownFileType = sourcecode.swift; path = PagePrimaryState.swift; sourceTree = "<group>"; };
		AAF1AA5612A924CA48C3F8EED328A5B7 /* URLSessionHTTPClient.swift */ = {isa = PBXFileReference; includeInIndex = 1; lastKnownFileType = sourcecode.swift; path = URLSessionHTTPClient.swift; sourceTree = "<group>"; };
		ACA2B72F504477C04A98160E192B1357 /* OverlayStore.swift */ = {isa = PBXFileReference; includeInIndex = 1; lastKnownFileType = sourcecode.swift; path = OverlayStore.swift; sourceTree = "<group>"; };
		B1CA663957B79193CBBC5D2301558BD4 /* AppRootView.swift */ = {isa = PBXFileReference; includeInIndex = 1; lastKnownFileType = sourcecode.swift; path = AppRootView.swift; sourceTree = "<group>"; };
		B380AD4255CA6149BEFA5F8036804AF1 /* RefreshSubscriptionStatusUseCase.swift */ = {isa = PBXFileReference; includeInIndex = 1; lastKnownFileType = sourcecode.swift; path = RefreshSubscriptionStatusUseCase.swift; sourceTree = "<group>"; };
		BA148A6B13E3F6E8921EC0122DA59BD7 /* SupportActionRepositoryProtocol.swift */ = {isa = PBXFileReference; includeInIndex = 1; lastKnownFileType = sourcecode.swift; path = SupportActionRepositoryProtocol.swift; sourceTree = "<group>"; };
		BA2783AF0AF52C9F4CDB571DB1A594E5 /* PrepareAppFeedbackRouteUseCase.swift */ = {isa = PBXFileReference; includeInIndex = 1; lastKnownFileType = sourcecode.swift; path = PrepareAppFeedbackRouteUseCase.swift; sourceTree = "<group>"; };
		C91EF8CD4B63701379CC52D66A264E33 /* HUDSession.swift */ = {isa = PBXFileReference; includeInIndex = 1; lastKnownFileType = sourcecode.swift; path = HUDSession.swift; sourceTree = "<group>"; };
		C9E669C032EBBB4209CCCEB8E7FB182A /* PurchaseSubscriptionPlanUseCase.swift */ = {isa = PBXFileReference; includeInIndex = 1; lastKnownFileType = sourcecode.swift; path = PurchaseSubscriptionPlanUseCase.swift; sourceTree = "<group>"; };
		CBF7F2E7476077FC958D993D5E4F3B98 /* AppEnvironment.swift */ = {isa = PBXFileReference; includeInIndex = 1; lastKnownFileType = sourcecode.swift; path = AppEnvironment.swift; sourceTree = "<group>"; };
		CF85B1489CA589B552109045685435A4 /* AppPreferencesRepository.swift */ = {isa = PBXFileReference; includeInIndex = 1; lastKnownFileType = sourcecode.swift; path = AppPreferencesRepository.swift; sourceTree = "<group>"; };
		D05C86C1985A834253C46847CD451849 /* StarterApp.swift */ = {isa = PBXFileReference; includeInIndex = 1; lastKnownFileType = sourcecode.swift; path = StarterApp.swift; sourceTree = "<group>"; };
		D142BAB0377DDF7E97850DD31F490D1B /* SettingsStore.swift */ = {isa = PBXFileReference; includeInIndex = 1; lastKnownFileType = sourcecode.swift; path = SettingsStore.swift; sourceTree = "<group>"; };
		D1ACF9276F333FC25D990FBD10A84F3F /* SupportConfig.swift */ = {isa = PBXFileReference; includeInIndex = 1; lastKnownFileType = sourcecode.swift; path = SupportConfig.swift; sourceTree = "<group>"; };
		D60D75C7C707D2ACD77BD54AB12186D5 /* NoopSettingsCacheRepository.swift */ = {isa = PBXFileReference; includeInIndex = 1; lastKnownFileType = sourcecode.swift; path = NoopSettingsCacheRepository.swift; sourceTree = "<group>"; };
		DB0A89BBD85707B8F9CFF1548BD17A42 /* SettingsView.swift */ = {isa = PBXFileReference; includeInIndex = 1; lastKnownFileType = sourcecode.swift; path = SettingsView.swift; sourceTree = "<group>"; };
		DD41B44C0EA7FA4DF2F0BA01429B6317 /* UpdateSettingsLanguageUseCase.swift */ = {isa = PBXFileReference; includeInIndex = 1; lastKnownFileType = sourcecode.swift; path = UpdateSettingsLanguageUseCase.swift; sourceTree = "<group>"; };
		DDA56F1DB55221C2BFE540A44502E4E3 /* SubscriptionConfig.swift */ = {isa = PBXFileReference; includeInIndex = 1; lastKnownFileType = sourcecode.swift; path = SubscriptionConfig.swift; sourceTree = "<group>"; };
		E01920131C2D0513C20DF67E0D0D1AFE /* UpdateAppLanguageUseCase.swift */ = {isa = PBXFileReference; includeInIndex = 1; lastKnownFileType = sourcecode.swift; path = UpdateAppLanguageUseCase.swift; sourceTree = "<group>"; };
		E1A39D1D41F3BD8976A7115BB49EE920 /* HomeView.swift */ = {isa = PBXFileReference; includeInIndex = 1; lastKnownFileType = sourcecode.swift; path = HomeView.swift; sourceTree = "<group>"; };
		EE41A57D3CE046D0CADC114E928CAEFF /* LoadSubscriptionViewStateUseCase.swift */ = {isa = PBXFileReference; includeInIndex = 1; lastKnownFileType = sourcecode.swift; path = LoadSubscriptionViewStateUseCase.swift; sourceTree = "<group>"; };
		F57961028A527FBA7A51D931934744F5 /* RestoreSubscriptionPurchasesUseCase.swift */ = {isa = PBXFileReference; includeInIndex = 1; lastKnownFileType = sourcecode.swift; path = RestoreSubscriptionPurchasesUseCase.swift; sourceTree = "<group>"; };
		F61EF398A6C5F817F50238479D0D773C /* LegalDocumentModels.swift */ = {isa = PBXFileReference; includeInIndex = 1; lastKnownFileType = sourcecode.swift; path = LegalDocumentModels.swift; sourceTree = "<group>"; };
		FA2B2FE1356D74EBF726DB99B2C0B2B1 /* PageStateContainer.swift */ = {isa = PBXFileReference; includeInIndex = 1; lastKnownFileType = sourcecode.swift; path = PageStateContainer.swift; sourceTree = "<group>"; };
		FB0DC7DF49446577FF2647712E608710 /* LoadSubscriptionAccessUseCase.swift */ = {isa = PBXFileReference; includeInIndex = 1; lastKnownFileType = sourcecode.swift; path = LoadSubscriptionAccessUseCase.swift; sourceTree = "<group>"; };
		FB8871C1C4BD1F062F768794B5E2C04F /* ResolveLegalDocumentUseCase.swift */ = {isa = PBXFileReference; includeInIndex = 1; lastKnownFileType = sourcecode.swift; path = ResolveLegalDocumentUseCase.swift; sourceTree = "<group>"; };
		FC82A62C056B47A227A23803A1ACC2B7 /* OverlayPresenterView.swift */ = {isa = PBXFileReference; includeInIndex = 1; lastKnownFileType = sourcecode.swift; path = OverlayPresenterView.swift; sourceTree = "<group>"; };
		FDF8F661A40368D502C8D225176872BD /* NetworkError.swift */ = {isa = PBXFileReference; includeInIndex = 1; lastKnownFileType = sourcecode.swift; path = NetworkError.swift; sourceTree = "<group>"; };
		FFFACC1E4DFEAEF286F04B41C1D55910 /* JSONDecoderFactory.swift */ = {isa = PBXFileReference; includeInIndex = 1; lastKnownFileType = sourcecode.swift; path = JSONDecoderFactory.swift; sourceTree = "<group>"; };
/* End PBXFileReference section */

/* Begin PBXFrameworksBuildPhase section */
		4779444EEE9C23382C6A167C11C7F323 /* Frameworks */ = {
			isa = PBXFrameworksBuildPhase;
			buildActionMask = 2147483647;
			files = (
				667AF621D40B7A2A9012C2CC15FF3633 /* AppIntents.framework in Frameworks */,
			);
			runOnlyForDeploymentPostprocessing = 0;
		};
/* End PBXFrameworksBuildPhase section */

/* Begin PBXGroup section */
		01A98A710D039EF50B30392885EDF744 /* Application */ = {
			isa = PBXGroup;
			children = (
				2CFD2A1FE8085A2D7760AB59ADD6A43F /* ClearSettingsCacheUseCase.swift */,
				7F68FEDC7D439BEC863EB0CDA3FB1F78 /* LoadSettingsCacheSummaryUseCase.swift */,
				904F3A9E954E5190B77C5F37A9F883FE /* LoadSettingsUseCase.swift */,
				BA2783AF0AF52C9F4CDB571DB1A594E5 /* PrepareAppFeedbackRouteUseCase.swift */,
				43450E6A91DF67CE849BEF16D264AB74 /* PrepareAppReviewURLUseCase.swift */,
				5AB638434A0AA4335ED87FE4718E2CEF /* PrepareAppShareUseCase.swift */,
				0EB889CC1BB712D8164ECB4DE639200E /* UpdateSettingsAppearanceUseCase.swift */,
				DD41B44C0EA7FA4DF2F0BA01429B6317 /* UpdateSettingsLanguageUseCase.swift */,
			);
			path = Application;
			sourceTree = "<group>";
		};
		13A981975141F056E2973A3958FE70C1 /* Legal */ = {
			isa = PBXGroup;
			children = (
				FB8871C1C4BD1F062F768794B5E2C04F /* ResolveLegalDocumentUseCase.swift */,
			);
			path = Legal;
			sourceTree = "<group>";
		};
		191CC4579A38A6A62A4AF793A21AFFCE /* Home */ = {
			isa = PBXGroup;
			children = (
				F5AB802027BDE269E1AB2D9D8AC82703 /* Domain */,
				CB600E36AAE24536C10248E897ECABC8 /* Presentation */,
			);
			path = Home;
			sourceTree = "<group>";
		};
		1A59FA47C7792E23303DA49FE3C0D3D3 /* Subscription */ = {
			isa = PBXGroup;
			children = (
				72C5127C07EC5AD0E4EB492C3E23F3CD /* Application */,
				D78384668D9AE6248F3075002855BFA4 /* Domain */,
				58EB9FD7D3106357892041F33A46233E /* Presentation */,
			);
			path = Subscription;
			sourceTree = "<group>";
		};
		20ED670F4A2054AF9F9007AEC2BFE76C /* Network */ = {
			isa = PBXGroup;
			children = (
				99FB9C56F3B48DA54E1867FEBDF2711C /* HTTPMethod.swift */,
				FFFACC1E4DFEAEF286F04B41C1D55910 /* JSONDecoderFactory.swift */,
				FDF8F661A40368D502C8D225176872BD /* NetworkError.swift */,
				5C4E279CE679D87B46B3F78110CA1C32 /* RequestDescriptor.swift */,
				A4E3849BF18FA41EFD3C78A3B81D3DB7 /* URLRequestBuilder.swift */,
				AAF1AA5612A924CA48C3F8EED328A5B7 /* URLSessionHTTPClient.swift */,
			);
			path = Network;
			sourceTree = "<group>";
		};
		217ACD94C910D661BD9250E39DBFC5B7 /* Common */ = {
			isa = PBXGroup;
			children = (
				78B8D522C208D36694A9E7162072FC11 /* Foundation */,
				69482D509E8831E61F07B7126C66CEB4 /* Platform */,
				AE69623696C38E2EC20375B37273F06A /* UI */,
			);
			path = Common;
			sourceTree = "<group>";
		};
		22B56C6B02D7EED248C3DAA3467228BD /* Infrastructure */ = {
			isa = PBXGroup;
			children = (
				20ED670F4A2054AF9F9007AEC2BFE76C /* Network */,
				6E53C6B0D82B2C8358A1C1A26C02DE05 /* Persistence */,
				F86C8E8A6884189DD0CEB04E484959DF /* Support */,
			);
			path = Infrastructure;
			sourceTree = "<group>";
		};
		255C9618D19D823241D7FD52DF34940F /* Infrastructure */ = {
			isa = PBXGroup;
			children = (
				D60D75C7C707D2ACD77BD54AB12186D5 /* NoopSettingsCacheRepository.swift */,
			);
			path = Infrastructure;
			sourceTree = "<group>";
		};
		3DBF8906D67735B4036D86222F32EB79 /* Subscription */ = {
			isa = PBXGroup;
			children = (
				FB0DC7DF49446577FF2647712E608710 /* LoadSubscriptionAccessUseCase.swift */,
				B380AD4255CA6149BEFA5F8036804AF1 /* RefreshSubscriptionStatusUseCase.swift */,
				F57961028A527FBA7A51D931934744F5 /* RestoreSubscriptionPurchasesUseCase.swift */,
			);
			path = Subscription;
			sourceTree = "<group>";
		};
		4A5BBDBCE972113F8C2E67C61E91BACD /* Layout */ = {
			isa = PBXGroup;
			children = (
				13D6FC45CE24004B911ECA3209FF5A0F /* LayoutToken.swift */,
			);
			path = Layout;
			sourceTree = "<group>";
		};
		511A7FA01A8DBE9E63432CF0CC35573F /* Overlay */ = {
			isa = PBXGroup;
			children = (
				C91EF8CD4B63701379CC52D66A264E33 /* HUDSession.swift */,
				ACA2B72F504477C04A98160E192B1357 /* OverlayStore.swift */,
			);
			path = Overlay;
			sourceTree = "<group>";
		};
		52D1D7A2082D5BCEEC94DBB0C1BD1695 /* Config */ = {
			isa = PBXGroup;
			children = (
				16CF89205A39C84952B9FE6A8B2FA710 /* AppConfig.swift */,
				53E7F28986B92859334DD080ABFD5A18 /* LegalConfig.swift */,
				DDA56F1DB55221C2BFE540A44502E4E3 /* SubscriptionConfig.swift */,
				D1ACF9276F333FC25D990FBD10A84F3F /* SupportConfig.swift */,
			);
			path = Config;
			sourceTree = "<group>";
		};
		53F7B633B06F42EE148FE5E825972C03 /* Frameworks */ = {
			isa = PBXGroup;
			children = (
				17516C33770F331F071F87C1C0B2EB29 /* AppIntents.framework */,
			);
			name = Frameworks;
			sourceTree = "<group>";
		};
		55B3381610AF998E2E375D9CF26FFC43 /* Overlay */ = {
			isa = PBXGroup;
			children = (
				8ECE8B849AC5EDB0695E712377CFDC4C /* OverlayHUDCardView.swift */,
				FC82A62C056B47A227A23803A1ACC2B7 /* OverlayPresenterView.swift */,
			);
			path = Overlay;
			sourceTree = "<group>";
		};
		58EB9FD7D3106357892041F33A46233E /* Presentation */ = {
			isa = PBXGroup;
			children = (
				63041AA89AB845377F0FD0EF87BAC156 /* SubscriptionStore.swift */,
				49E153E4C7D2A5C2CCEE214053C54C71 /* SubscriptionView.swift */,
			);
			path = Presentation;
			sourceTree = "<group>";
		};
		61B11946245745ECBCBB961127AD404D /* State */ = {
			isa = PBXGroup;
			children = (
				A812A4AF4D468F0851916BD23070AA2A /* PagePrimaryState.swift */,
				61E2F807CD9AA5F6E7E32DCFB3F368BC /* PageSecondaryState.swift */,
			);
			path = State;
			sourceTree = "<group>";
		};
		638165F21EA69A1278054E517903C134 /* StarterApp */ = {
			isa = PBXGroup;
			children = (
				9F40C3B22391785B0C3760A270F7313F /* App */,
				217ACD94C910D661BD9250E39DBFC5B7 /* Common */,
				52D1D7A2082D5BCEEC94DBB0C1BD1695 /* Config */,
				7E77CAD5F0A88EA989A4C57BFD25CFE1 /* Core */,
				DCCEDBDDF7ADB39F2A39E8A050AD59DD /* Features */,
				E86B473A07A5B20FAA1D3763C82F230A /* Resources */,
				A1D41056129EA4B817FE267CF059E45D /* PrivacyInfo.xcprivacy */,
				1582C5CEE5D6AF23086A3C042DD26C54 /* Info.plist */,
			);
			path = StarterApp;
			sourceTree = "<group>";
		};
		69482D509E8831E61F07B7126C66CEB4 /* Platform */ = {
			isa = PBXGroup;
			children = (
				511A7FA01A8DBE9E63432CF0CC35573F /* Overlay */,
			);
			path = Platform;
			sourceTree = "<group>";
		};
		6E53C6B0D82B2C8358A1C1A26C02DE05 /* Persistence */ = {
			isa = PBXGroup;
			children = (
				CF85B1489CA589B552109045685435A4 /* AppPreferencesRepository.swift */,
				599134273CD1D63003452D8E6F0C15EF /* SubscriptionStateRepository.swift */,
			);
			path = Persistence;
			sourceTree = "<group>";
		};
		6F21F2004528C02575B77013CD7E9A2D /* Effects */ = {
			isa = PBXGroup;
			children = (
				4D66636279915DC24FB4F58F6E4CEE79 /* View+OverlaySurface.swift */,
			);
			path = Effects;
			sourceTree = "<group>";
		};
		72C5127C07EC5AD0E4EB492C3E23F3CD /* Application */ = {
			isa = PBXGroup;
			children = (
				4AD9CDA59DA8961A6C896425126950EE /* LoadSubscriptionPlanItemsUseCase.swift */,
				EE41A57D3CE046D0CADC114E928CAEFF /* LoadSubscriptionViewStateUseCase.swift */,
				C9E669C032EBBB4209CCCEB8E7FB182A /* PurchaseSubscriptionPlanUseCase.swift */,
			);
			path = Application;
			sourceTree = "<group>";
		};
		78006908E944D79F142171DEC3340D60 /* Domain */ = {
			isa = PBXGroup;
			children = (
				9FEC2221FB87E592CA99F23790A50C77 /* SettingsCacheRepositoryProtocol.swift */,
				97D407012D1489B0470744E29358F4F9 /* SettingsModels.swift */,
			);
			path = Domain;
			sourceTree = "<group>";
		};
		78B8D522C208D36694A9E7162072FC11 /* Foundation */ = {
			isa = PBXGroup;
			children = (
				61B11946245745ECBCBB961127AD404D /* State */,
				F4744C69440BF234D3031BAC6CD4042A /* Types */,
			);
			path = Foundation;
			sourceTree = "<group>";
		};
		7DB22E24B9DA943455FA66C5F0E2CB2D /* Application */ = {
			isa = PBXGroup;
			children = (
				13A981975141F056E2973A3958FE70C1 /* Legal */,
				F05C54F6DD2BFB6D7B233FE82670D072 /* Preferences */,
				3DBF8906D67735B4036D86222F32EB79 /* Subscription */,
			);
			path = Application;
			sourceTree = "<group>";
		};
		7E77CAD5F0A88EA989A4C57BFD25CFE1 /* Core */ = {
			isa = PBXGroup;
			children = (
				7DB22E24B9DA943455FA66C5F0E2CB2D /* Application */,
				D4D3F2474A9C33049E9BF8976E652198 /* Domain */,
				22B56C6B02D7EED248C3DAA3467228BD /* Infrastructure */,
				C99099FF6F489D9A246216B7F5CB611F /* Integrations */,
			);
			path = Core;
			sourceTree = "<group>";
		};
		954403BA3BD40E4D872F522FA5ECDA4D /* Subscription */ = {
			isa = PBXGroup;
			children = (
				241165F6009D2A71BB483BDC0245F708 /* StoreKitSubscriptionRepository.swift */,
			);
			path = Subscription;
			sourceTree = "<group>";
		};
		9D3DA48DB2151240D5C71692058C5D3F /* Preferences */ = {
			isa = PBXGroup;
			children = (
				A4E5F441D07D301E4529F4631DBBC36D /* AppPreferencesModels.swift */,
			);
			path = Preferences;
			sourceTree = "<group>";
		};
		9F40C3B22391785B0C3760A270F7313F /* App */ = {
			isa = PBXGroup;
			children = (
				3603ADB2A508054AB382F4CBB43C7401 /* AppContainer.swift */,
				CBF7F2E7476077FC958D993D5E4F3B98 /* AppEnvironment.swift */,
				B1CA663957B79193CBBC5D2301558BD4 /* AppRootView.swift */,
				D05C86C1985A834253C46847CD451849 /* StarterApp.swift */,
			);
			path = App;
			sourceTree = "<group>";
		};
		A0069F820DB0D8E06B7B06A55111E20B = {
			isa = PBXGroup;
			children = (
				53F7B633B06F42EE148FE5E825972C03 /* Frameworks */,
				638165F21EA69A1278054E517903C134 /* StarterApp */,
			);
			sourceTree = "<group>";
		};
		A333EA6DC03A63371D0D84D5543FC8D9 /* Presentation */ = {
			isa = PBXGroup;
			children = (
				5843E5EF756CA5C13B6290C0391297F5 /* SettingsSheetDestination.swift */,
				D142BAB0377DDF7E97850DD31F490D1B /* SettingsStore.swift */,
				DB0A89BBD85707B8F9CFF1548BD17A42 /* SettingsView.swift */,
			);
			path = Presentation;
			sourceTree = "<group>";
		};
		AE69623696C38E2EC20375B37273F06A /* UI */ = {
			isa = PBXGroup;
			children = (
				6F21F2004528C02575B77013CD7E9A2D /* Effects */,
				4A5BBDBCE972113F8C2E67C61E91BACD /* Layout */,
				55B3381610AF998E2E375D9CF26FFC43 /* Overlay */,
				CC665F17A278D054DDE12BD4827C0355 /* State */,
			);
			path = UI;
			sourceTree = "<group>";
		};
		C2FFC44FFA43C95FA8154DDCDA598E37 /* Settings */ = {
			isa = PBXGroup;
			children = (
				01A98A710D039EF50B30392885EDF744 /* Application */,
				78006908E944D79F142171DEC3340D60 /* Domain */,
				255C9618D19D823241D7FD52DF34940F /* Infrastructure */,
				A333EA6DC03A63371D0D84D5543FC8D9 /* Presentation */,
			);
			path = Settings;
			sourceTree = "<group>";
		};
		C99099FF6F489D9A246216B7F5CB611F /* Integrations */ = {
			isa = PBXGroup;
			children = (
				954403BA3BD40E4D872F522FA5ECDA4D /* Subscription */,
			);
			path = Integrations;
			sourceTree = "<group>";
		};
		CB600E36AAE24536C10248E897ECABC8 /* Presentation */ = {
			isa = PBXGroup;
			children = (
				042A6DDB8D345880F6B5FE53FDC9D8EA /* HomeStore.swift */,
				E1A39D1D41F3BD8976A7115BB49EE920 /* HomeView.swift */,
			);
			path = Presentation;
			sourceTree = "<group>";
		};
		CC665F17A278D054DDE12BD4827C0355 /* State */ = {
			isa = PBXGroup;
			children = (
				FA2B2FE1356D74EBF726DB99B2C0B2B1 /* PageStateContainer.swift */,
			);
			path = State;
			sourceTree = "<group>";
		};
		D30E4FC30A4B85BE77A9A16DC870DA2A /* Subscription */ = {
			isa = PBXGroup;
			children = (
				51CD551CF54DD030C93DD0C2AEBDE30C /* SubscriptionModels.swift */,
			);
			path = Subscription;
			sourceTree = "<group>";
		};
		D4D3F2474A9C33049E9BF8976E652198 /* Domain */ = {
			isa = PBXGroup;
			children = (
				EC07BB34E3AD3D160EBB13F52B3EC3B4 /* Legal */,
				E6B919DEC0E57D3CCF487C58375EFCB0 /* Network */,
				9D3DA48DB2151240D5C71692058C5D3F /* Preferences */,
				D30E4FC30A4B85BE77A9A16DC870DA2A /* Subscription */,
				FE0C8A28E43BE077A526EA28AFF090B5 /* Support */,
			);
			path = Domain;
			sourceTree = "<group>";
		};
		D78384668D9AE6248F3075002855BFA4 /* Domain */ = {
			isa = PBXGroup;
			children = (
				36E20BB35D2F441D4893C694ABE16AEF /* SubscriptionViewModels.swift */,
			);
			path = Domain;
			sourceTree = "<group>";
		};
		DAB48E88F4F6DAC490A0C6288398F883 /* LegalDocument */ = {
			isa = PBXGroup;
			children = (
				E5D0A2E2E4CA30549926DCE9732354F0 /* Presentation */,
			);
			path = LegalDocument;
			sourceTree = "<group>";
		};
		DCCEDBDDF7ADB39F2A39E8A050AD59DD /* Features */ = {
			isa = PBXGroup;
			children = (
				191CC4579A38A6A62A4AF793A21AFFCE /* Home */,
				DAB48E88F4F6DAC490A0C6288398F883 /* LegalDocument */,
				C2FFC44FFA43C95FA8154DDCDA598E37 /* Settings */,
				1A59FA47C7792E23303DA49FE3C0D3D3 /* Subscription */,
			);
			path = Features;
			sourceTree = "<group>";
		};
		E5D0A2E2E4CA30549926DCE9732354F0 /* Presentation */ = {
			isa = PBXGroup;
			children = (
				6294CDF21468FD01B2A7F6F61DC25316 /* LegalDocumentStore.swift */,
				A2C8E07367B8D09BBDE4C018A2EEA560 /* LegalDocumentView.swift */,
				5B8CBF77FD36445F1204FED032F72787 /* LegalDocumentWebView.swift */,
			);
			path = Presentation;
			sourceTree = "<group>";
		};
		E6B919DEC0E57D3CCF487C58375EFCB0 /* Network */ = {
			isa = PBXGroup;
			children = (
				A4422F29C7EF0F0113ADB6E501EF5A5C /* HTTPClientProtocol.swift */,
			);
			path = Network;
			sourceTree = "<group>";
		};
		E86B473A07A5B20FAA1D3763C82F230A /* Resources */ = {
			isa = PBXGroup;
			children = (
				F30D8E37C12649A3EE22E4A1D3BCA59E /* Localization */,
			);
			path = Resources;
			sourceTree = "<group>";
		};
		EC07BB34E3AD3D160EBB13F52B3EC3B4 /* Legal */ = {
			isa = PBXGroup;
			children = (
				F61EF398A6C5F817F50238479D0D773C /* LegalDocumentModels.swift */,
			);
			path = Legal;
			sourceTree = "<group>";
		};
		F05C54F6DD2BFB6D7B233FE82670D072 /* Preferences */ = {
			isa = PBXGroup;
			children = (
				A6B77CCC1E0B00A1E6B0AFB5FE5B4BCA /* LoadAppPreferencesUseCase.swift */,
				96F1018B8150067C83236CCB741E51D1 /* UpdateAppAppearanceUseCase.swift */,
				E01920131C2D0513C20DF67E0D0D1AFE /* UpdateAppLanguageUseCase.swift */,
			);
			path = Preferences;
			sourceTree = "<group>";
		};
		F30D8E37C12649A3EE22E4A1D3BCA59E /* Localization */ = {
			isa = PBXGroup;
			children = (
				424703B3D98BD159EB8F15A7C71C7FA5 /* en.lproj */,
				1C950884A81D5D01A42822D0B42596E4 /* zh-Hans.lproj */,
			);
			path = Localization;
			sourceTree = "<group>";
		};
		F4744C69440BF234D3031BAC6CD4042A /* Types */ = {
			isa = PBXGroup;
			children = (
				971328A259ED815C5C77AD89E0B2B399 /* OverlayPresenterModel.swift */,
			);
			path = Types;
			sourceTree = "<group>";
		};
		F5AB802027BDE269E1AB2D9D8AC82703 /* Domain */ = {
			isa = PBXGroup;
			children = (
				5D3EE49DF4FEB36941DE79BCAE49794C /* HomeDemoModels.swift */,
			);
			path = Domain;
			sourceTree = "<group>";
		};
		F86C8E8A6884189DD0CEB04E484959DF /* Support */ = {
			isa = PBXGroup;
			children = (
				589CABA3E8DFEA83F084365E86FBE57D /* SupportActionRepository.swift */,
			);
			path = Support;
			sourceTree = "<group>";
		};
		FE0C8A28E43BE077A526EA28AFF090B5 /* Support */ = {
			isa = PBXGroup;
			children = (
				BA148A6B13E3F6E8921EC0122DA59BD7 /* SupportActionRepositoryProtocol.swift */,
			);
			path = Support;
			sourceTree = "<group>";
		};
/* End PBXGroup section */

/* Begin PBXNativeTarget section */
		906A7ED0E4A05A4C5C0B467D6911DF26 /* StarterApp */ = {
			isa = PBXNativeTarget;
			buildConfigurationList = 15F844F57801B6F3EF19C647ACAC9037 /* Build configuration list for PBXNativeTarget "StarterApp" */;
			buildPhases = (
				6D94B594ED5FCBD60F8E0835E1F69601 /* Sources */,
				4779444EEE9C23382C6A167C11C7F323 /* Frameworks */,
				85D88904F85CE44CE5AD435146A8B755 /* Resources */,
			);
			buildRules = (
			);
			dependencies = (
			);
			name = StarterApp;
			productName = StarterApp;
			productType = "com.apple.product-type.application";
		};
/* End PBXNativeTarget section */

/* Begin PBXProject section */
		1650B1EAFD54DEE0978EF6D191911964 /* Project object */ = {
			isa = PBXProject;
			attributes = {
				LastSwiftUpdateCheck = 1600;
				LastUpgradeCheck = 1600;
				TargetAttributes = {
					906A7ED0E4A05A4C5C0B467D6911DF26 = {
						ProvisioningStyle = Automatic;
					};
				};
			};
			buildConfigurationList = 9527CAF3BB289F95E1D79E67DBD1D5A9 /* Build configuration list for PBXProject "StarterApp" */;
			compatibilityVersion = "Xcode 3.2";
			developmentRegion = en;
			hasScannedForEncodings = 0;
			knownRegions = (
				en,
				"zh-Hans",
			);
			mainGroup = A0069F820DB0D8E06B7B06A55111E20B;
			projectDirPath = "";
			projectRoot = "";
			targets = (
				906A7ED0E4A05A4C5C0B467D6911DF26 /* StarterApp */,
			);
		};
/* End PBXProject section */

/* Begin PBXResourcesBuildPhase section */
		85D88904F85CE44CE5AD435146A8B755 /* Resources */ = {
			isa = PBXResourcesBuildPhase;
			buildActionMask = 2147483647;
			files = (
				D89BB85B8151168669934E0E7C67D87E /* en.lproj in Resources */,
				AF5424CAAAEC91B97567886BB1C3234B /* zh-Hans.lproj in Resources */,
				C6D9FAFAAF285E15D60B16CD7FE6A54F /* PrivacyInfo.xcprivacy in Resources */,
			);
			runOnlyForDeploymentPostprocessing = 0;
		};
/* End PBXResourcesBuildPhase section */

/* Begin PBXSourcesBuildPhase section */
		6D94B594ED5FCBD60F8E0835E1F69601 /* Sources */ = {
			isa = PBXSourcesBuildPhase;
			buildActionMask = 2147483647;
			files = (
				DC929A2DE06AED18A815AEEEFDC8662B /* AppContainer.swift in Sources */,
				51BD853659D63AFB747E5139F1301CF1 /* AppEnvironment.swift in Sources */,
				B10D7A7362E4E49AC72797EF23FFFD3D /* AppRootView.swift in Sources */,
				ABCB3D3E78AFF7CFDAE0D954D8BCE504 /* StarterApp.swift in Sources */,
				455522EDD6ED462B4F57F8D8D42385A9 /* PagePrimaryState.swift in Sources */,
				DD203C1E104D182609696ACF60DD5D5F /* PageSecondaryState.swift in Sources */,
				16D841754511B760CC8A6DEC6312FF34 /* OverlayPresenterModel.swift in Sources */,
				9E0E91C275AECA411818B210F43F49B4 /* HUDSession.swift in Sources */,
				47387E7A72D56A7893A7FC3619112535 /* OverlayStore.swift in Sources */,
				F6DEFC3C00241E6FFF92F90279113344 /* View+OverlaySurface.swift in Sources */,
				4E12461A64277A34C396EE94ADCE3F4D /* LayoutToken.swift in Sources */,
				BB9479125F223038CCB279AE736E7717 /* OverlayHUDCardView.swift in Sources */,
				210EE5983E639797BDD7314F652FB9C1 /* OverlayPresenterView.swift in Sources */,
				CB9FE61C45B69E7E5C17BE48F3220738 /* PageStateContainer.swift in Sources */,
				B096F07B3073D45A63800CC10892D82C /* AppConfig.swift in Sources */,
				857FE4EAEE4C0A8C48A4E7D36B025639 /* LegalConfig.swift in Sources */,
				B8972C0D286DB33ECCBF9CFEAE2113A0 /* SubscriptionConfig.swift in Sources */,
				22DEDDAFF6073365D55240CA4823D25E /* SupportConfig.swift in Sources */,
				35464364F9E5B9DB7323428A6F9A2ABE /* ResolveLegalDocumentUseCase.swift in Sources */,
				899E3EBF5B2017BA1F3C07FCBD74F475 /* LoadAppPreferencesUseCase.swift in Sources */,
				CB587E6CCA53939B37A51B02DD18A571 /* UpdateAppAppearanceUseCase.swift in Sources */,
				3B79E1061662EFE852373F130EBCD99E /* UpdateAppLanguageUseCase.swift in Sources */,
				C4023BB4A7D7FA93142F7237F3C7E1B1 /* LoadSubscriptionAccessUseCase.swift in Sources */,
				8A54513F6CC1FA89EA04B91706800B50 /* RefreshSubscriptionStatusUseCase.swift in Sources */,
				76199FDFB16BC7D865D777F8AEF57C53 /* RestoreSubscriptionPurchasesUseCase.swift in Sources */,
				4E1C6C2D23C662EF79F0512369CD7A6D /* LegalDocumentModels.swift in Sources */,
				5AFE84F8CACEBF56B3A3F80E94E06205 /* HTTPClientProtocol.swift in Sources */,
				E552D48D218C6FA72E0DA4F7214F7E25 /* AppPreferencesModels.swift in Sources */,
				6E87EE7AFAD676D2123194A3AE3778CE /* SubscriptionModels.swift in Sources */,
				3E1B66AF58D8212049DB30ED1EB0B02C /* SupportActionRepositoryProtocol.swift in Sources */,
				555B8ACAAA8FA96E34A3FB939D57F4A8 /* HTTPMethod.swift in Sources */,
				578A6E63197DAAF1EA7DA839E078071F /* JSONDecoderFactory.swift in Sources */,
				B713BDE064D9133F19D23B4C91C037AC /* NetworkError.swift in Sources */,
				49456595A67E277D0C8E35AC55851980 /* RequestDescriptor.swift in Sources */,
				7C437AD32BCF10ABA04CE0061CC6EC63 /* URLRequestBuilder.swift in Sources */,
				87ADBE4D1F1CE3641664B4B8D07A4210 /* URLSessionHTTPClient.swift in Sources */,
				EBC205DAF904E56AB26D906AF6024D3A /* AppPreferencesRepository.swift in Sources */,
				53631B62B1F277BC05C45C01396925F7 /* SubscriptionStateRepository.swift in Sources */,
				869CAB2BC5737194CCA3C15746F9981E /* SupportActionRepository.swift in Sources */,
				25D4C9EC5BB43A2137F0E038B2FBDBA2 /* StoreKitSubscriptionRepository.swift in Sources */,
				8C782296728DC350CF4F89CDD540AE48 /* HomeDemoModels.swift in Sources */,
				62D3A2AAACDD27BFD49EE2B2FD7086BA /* HomeStore.swift in Sources */,
				5CB06C8DC9C280FD1D48948177C3AAD7 /* HomeView.swift in Sources */,
				163AB6B5E1331F3F0A15E27A3B2E3C83 /* LegalDocumentStore.swift in Sources */,
				819DADBE7455D232D53FE3DFA46ED996 /* LegalDocumentView.swift in Sources */,
				CD69C22F0418EF721F1080DA49D8FE80 /* LegalDocumentWebView.swift in Sources */,
				1B52697E62736C48568B95B36CA8173A /* ClearSettingsCacheUseCase.swift in Sources */,
				F00A0AE7C70ED0B0B9F639CA07B483B1 /* LoadSettingsCacheSummaryUseCase.swift in Sources */,
				684E43CC1E06F889BF43485AB02C8F97 /* LoadSettingsUseCase.swift in Sources */,
				5FCCB9BFBFEEDF7952FB4B2F6498E10E /* PrepareAppFeedbackRouteUseCase.swift in Sources */,
				32AF8A1AB1E1ABDB1A6F1AEB4E989D14 /* PrepareAppReviewURLUseCase.swift in Sources */,
				A05088707962C26A0DCE1DE14C5DB1E9 /* PrepareAppShareUseCase.swift in Sources */,
				CDF135EEA5876BB6E438E1D4A620BC66 /* UpdateSettingsAppearanceUseCase.swift in Sources */,
				C78A73581B278ED3A260614256B94721 /* UpdateSettingsLanguageUseCase.swift in Sources */,
				038F18CAADE06B1CB55E32FC23BD4347 /* SettingsCacheRepositoryProtocol.swift in Sources */,
				21B1503B21DB8AB541B0DE26C0F352CD /* SettingsModels.swift in Sources */,
				A090D6E5BB5D2D4DDBB18862B6184C11 /* NoopSettingsCacheRepository.swift in Sources */,
				6CF82B92032F288B602F2C5C66E76753 /* SettingsSheetDestination.swift in Sources */,
				B7EAE31ECDB2EEE31F2D6D511109CBD2 /* SettingsStore.swift in Sources */,
				3623D4DEEC7BA96DCA4043D4B154D415 /* SettingsView.swift in Sources */,
				A6EB0C384A2B975A2D8EF2C457FBC507 /* LoadSubscriptionPlanItemsUseCase.swift in Sources */,
				F18A869ECF6459AEA1C995BD35F9914D /* LoadSubscriptionViewStateUseCase.swift in Sources */,
				C2DD2D2FBBE4F246E377FC27924007F5 /* PurchaseSubscriptionPlanUseCase.swift in Sources */,
				48B1F08A959CDC63DC96F5068749D99D /* SubscriptionViewModels.swift in Sources */,
				94716DF02D28AEE74CD57268F30984EC /* SubscriptionStore.swift in Sources */,
				962AA941064FABADEFA2636F2D11DB86 /* SubscriptionView.swift in Sources */,
			);
			runOnlyForDeploymentPostprocessing = 0;
		};
/* End PBXSourcesBuildPhase section */

/* Begin XCBuildConfiguration section */
		536B5A17ED6D78008DE7206AAB255801 /* Debug */ = {
			isa = XCBuildConfiguration;
			buildSettings = {
				ALWAYS_SEARCH_USER_PATHS = NO;
				CLANG_ANALYZER_NONNULL = YES;
				CLANG_ANALYZER_NUMBER_OBJECT_CONVERSION = YES_AGGRESSIVE;
				CLANG_CXX_LANGUAGE_STANDARD = "gnu++14";
				CLANG_CXX_LIBRARY = "libc++";
				CLANG_ENABLE_MODULES = YES;
				CLANG_ENABLE_OBJC_ARC = YES;
				CLANG_ENABLE_OBJC_WEAK = YES;
				CLANG_WARN_BLOCK_CAPTURE_AUTORELEASING = YES;
				CLANG_WARN_BOOL_CONVERSION = YES;
				CLANG_WARN_COMMA = YES;
				CLANG_WARN_CONSTANT_CONVERSION = YES;
				CLANG_WARN_DEPRECATED_OBJC_IMPLEMENTATIONS = YES;
				CLANG_WARN_DIRECT_OBJC_ISA_USAGE = YES_ERROR;
				CLANG_WARN_DOCUMENTATION_COMMENTS = YES;
				CLANG_WARN_EMPTY_BODY = YES;
				CLANG_WARN_ENUM_CONVERSION = YES;
				CLANG_WARN_INFINITE_RECURSION = YES;
				CLANG_WARN_INT_CONVERSION = YES;
				CLANG_WARN_NON_LITERAL_NULL_CONVERSION = YES;
				CLANG_WARN_OBJC_IMPLICIT_RETAIN_SELF = YES;
				CLANG_WARN_OBJC_LITERAL_CONVERSION = YES;
				CLANG_WARN_OBJC_ROOT_CLASS = YES_ERROR;
				CLANG_WARN_QUOTED_INCLUDE_IN_FRAMEWORK_HEADER = YES;
				CLANG_WARN_RANGE_LOOP_ANALYSIS = YES;
				CLANG_WARN_STRICT_PROTOTYPES = YES;
				CLANG_WARN_SUSPICIOUS_MOVE = YES;
				CLANG_WARN_UNGUARDED_AVAILABILITY = YES_AGGRESSIVE;
				CLANG_WARN_UNREACHABLE_CODE = YES;
				CLANG_WARN__DUPLICATE_METHOD_MATCH = YES;
				COPY_PHASE_STRIP = NO;
				DEBUG_INFORMATION_FORMAT = dwarf;
				ENABLE_STRICT_OBJC_MSGSEND = YES;
				ENABLE_TESTABILITY = YES;
				GCC_C_LANGUAGE_STANDARD = gnu11;
				GCC_DYNAMIC_NO_PIC = NO;
				GCC_NO_COMMON_BLOCKS = YES;
				GCC_OPTIMIZATION_LEVEL = 0;
				GCC_PREPROCESSOR_DEFINITIONS = (
					"DEBUG=1",
					"$(inherited)",
				);
				GCC_WARN_64_TO_32_BIT_CONVERSION = YES;
				GCC_WARN_ABOUT_RETURN_TYPE = YES_ERROR;
				GCC_WARN_UNDECLARED_SELECTOR = YES;
				GCC_WARN_UNINITIALIZED_AUTOS = YES_AGGRESSIVE;
				GCC_WARN_UNUSED_FUNCTION = YES;
				GCC_WARN_UNUSED_VARIABLE = YES;
				IPHONEOS_DEPLOYMENT_TARGET = 17.0;
				MTL_ENABLE_DEBUG_INFO = INCLUDE_SOURCE;
				MTL_FAST_MATH = YES;
				ONLY_ACTIVE_ARCH = YES;
				PRODUCT_NAME = "$(TARGET_NAME)";
				SWIFT_ACTIVE_COMPILATION_CONDITIONS = DEBUG;
				SWIFT_OPTIMIZATION_LEVEL = "-Onone";
				SWIFT_VERSION = 5.0;
			};
			name = Debug;
		};
		653A4BECC9C427B420B8021C2F042A56 /* Release */ = {
			isa = XCBuildConfiguration;
			buildSettings = {
				ALWAYS_SEARCH_USER_PATHS = NO;
				CLANG_ANALYZER_NONNULL = YES;
				CLANG_ANALYZER_NUMBER_OBJECT_CONVERSION = YES_AGGRESSIVE;
				CLANG_CXX_LANGUAGE_STANDARD = "gnu++14";
				CLANG_CXX_LIBRARY = "libc++";
				CLANG_ENABLE_MODULES = YES;
				CLANG_ENABLE_OBJC_ARC = YES;
				CLANG_ENABLE_OBJC_WEAK = YES;
				CLANG_WARN_BLOCK_CAPTURE_AUTORELEASING = YES;
				CLANG_WARN_BOOL_CONVERSION = YES;
				CLANG_WARN_COMMA = YES;
				CLANG_WARN_CONSTANT_CONVERSION = YES;
				CLANG_WARN_DEPRECATED_OBJC_IMPLEMENTATIONS = YES;
				CLANG_WARN_DIRECT_OBJC_ISA_USAGE = YES_ERROR;
				CLANG_WARN_DOCUMENTATION_COMMENTS = YES;
				CLANG_WARN_EMPTY_BODY = YES;
				CLANG_WARN_ENUM_CONVERSION = YES;
				CLANG_WARN_INFINITE_RECURSION = YES;
				CLANG_WARN_INT_CONVERSION = YES;
				CLANG_WARN_NON_LITERAL_NULL_CONVERSION = YES;
				CLANG_WARN_OBJC_IMPLICIT_RETAIN_SELF = YES;
				CLANG_WARN_OBJC_LITERAL_CONVERSION = YES;
				CLANG_WARN_OBJC_ROOT_CLASS = YES_ERROR;
				CLANG_WARN_QUOTED_INCLUDE_IN_FRAMEWORK_HEADER = YES;
				CLANG_WARN_RANGE_LOOP_ANALYSIS = YES;
				CLANG_WARN_STRICT_PROTOTYPES = YES;
				CLANG_WARN_SUSPICIOUS_MOVE = YES;
				CLANG_WARN_UNGUARDED_AVAILABILITY = YES_AGGRESSIVE;
				CLANG_WARN_UNREACHABLE_CODE = YES;
				CLANG_WARN__DUPLICATE_METHOD_MATCH = YES;
				COPY_PHASE_STRIP = NO;
				DEBUG_INFORMATION_FORMAT = "dwarf-with-dsym";
				ENABLE_NS_ASSERTIONS = NO;
				ENABLE_STRICT_OBJC_MSGSEND = YES;
				GCC_C_LANGUAGE_STANDARD = gnu11;
				GCC_NO_COMMON_BLOCKS = YES;
				GCC_WARN_64_TO_32_BIT_CONVERSION = YES;
				GCC_WARN_ABOUT_RETURN_TYPE = YES_ERROR;
				GCC_WARN_UNDECLARED_SELECTOR = YES;
				GCC_WARN_UNINITIALIZED_AUTOS = YES_AGGRESSIVE;
				GCC_WARN_UNUSED_FUNCTION = YES;
				GCC_WARN_UNUSED_VARIABLE = YES;
				IPHONEOS_DEPLOYMENT_TARGET = 17.0;
				MTL_ENABLE_DEBUG_INFO = NO;
				MTL_FAST_MATH = YES;
				PRODUCT_NAME = "$(TARGET_NAME)";
				SWIFT_OPTIMIZATION_LEVEL = "-Owholemodule";
				SWIFT_VERSION = 5.0;
			};
			name = Release;
		};
		A72F8C155F88962EED2918B4B075E87E /* Debug */ = {
			isa = XCBuildConfiguration;
			buildSettings = {
				ASSETCATALOG_COMPILER_APPICON_NAME = AppIcon;
				ASSETCATALOG_COMPILER_GENERATE_SWIFT_ASSET_SYMBOL_EXTENSIONS = NO;
				ASSETCATALOG_COMPILER_GLOBAL_ACCENT_COLOR_NAME = AccentColor;
				CLANG_ENABLE_OBJC_WEAK = NO;
				CODE_SIGN_STYLE = Automatic;
				CURRENT_PROJECT_VERSION = 1;
				DEVELOPMENT_TEAM = "";
				GENERATE_INFOPLIST_FILE = NO;
				INFOPLIST_FILE = StarterApp/Info.plist;
				IPHONEOS_DEPLOYMENT_TARGET = 17.0;
				LD_RUNPATH_SEARCH_PATHS = "$(inherited) @executable_path/Frameworks";
				MARKETING_VERSION = 1.0;
				PRODUCT_BUNDLE_IDENTIFIER = co.example.starterapp;
				SDKROOT = iphoneos;
				SUPPORTED_PLATFORMS = "iphoneos iphonesimulator";
				SUPPORTS_MACCATALYST = NO;
				SUPPORTS_MAC_DESIGNED_FOR_IPHONE_IPAD = NO;
				SUPPORTS_XR_DESIGNED_FOR_IPHONE_IPAD = NO;
				SWIFT_VERSION = 5.0;
				TARGETED_DEVICE_FAMILY = 1;
			};
			name = Debug;
		};
		EB2A6B9CE9B08FDBCA17365B04CDA41B /* Release */ = {
			isa = XCBuildConfiguration;
			buildSettings = {
				ASSETCATALOG_COMPILER_APPICON_NAME = AppIcon;
				ASSETCATALOG_COMPILER_GENERATE_SWIFT_ASSET_SYMBOL_EXTENSIONS = NO;
				ASSETCATALOG_COMPILER_GLOBAL_ACCENT_COLOR_NAME = AccentColor;
				CLANG_ENABLE_OBJC_WEAK = NO;
				CODE_SIGN_STYLE = Automatic;
				CURRENT_PROJECT_VERSION = 1;
				DEVELOPMENT_TEAM = "";
				GENERATE_INFOPLIST_FILE = NO;
				INFOPLIST_FILE = StarterApp/Info.plist;
				IPHONEOS_DEPLOYMENT_TARGET = 17.0;
				LD_RUNPATH_SEARCH_PATHS = "$(inherited) @executable_path/Frameworks";
				MARKETING_VERSION = 1.0;
				PRODUCT_BUNDLE_IDENTIFIER = co.example.starterapp;
				SDKROOT = iphoneos;
				SUPPORTED_PLATFORMS = "iphoneos iphonesimulator";
				SUPPORTS_MACCATALYST = NO;
				SUPPORTS_MAC_DESIGNED_FOR_IPHONE_IPAD = NO;
				SUPPORTS_XR_DESIGNED_FOR_IPHONE_IPAD = NO;
				SWIFT_VERSION = 5.0;
				TARGETED_DEVICE_FAMILY = 1;
				VALIDATE_PRODUCT = YES;
			};
			name = Release;
		};
/* End XCBuildConfiguration section */

/* Begin XCConfigurationList section */
		15F844F57801B6F3EF19C647ACAC9037 /* Build configuration list for PBXNativeTarget "StarterApp" */ = {
			isa = XCConfigurationList;
			buildConfigurations = (
				EB2A6B9CE9B08FDBCA17365B04CDA41B /* Release */,
				A72F8C155F88962EED2918B4B075E87E /* Debug */,
			);
			defaultConfigurationIsVisible = 0;
			defaultConfigurationName = Release;
		};
		9527CAF3BB289F95E1D79E67DBD1D5A9 /* Build configuration list for PBXProject "StarterApp" */ = {
			isa = XCConfigurationList;
			buildConfigurations = (
				536B5A17ED6D78008DE7206AAB255801 /* Debug */,
				653A4BECC9C427B420B8021C2F042A56 /* Release */,
			);
			defaultConfigurationIsVisible = 0;
			defaultConfigurationName = Release;
		};
/* End XCConfigurationList section */
	};
	rootObject = 1650B1EAFD54DEE0978EF6D191911964 /* Project object */;
}
